
Microsoft Visual Studio Solution File, Format Version 12.00
# Visual Studio 15
VisualStudioVersion = 15.0.26730.12
MinimumVisualStudioVersion = 10.0.40219.1
Project("{2150E333-8FDC-42A3-9474-1A3956D46DE8}") = "src", "src", "{82331421-AC44-49DA-861E-090DC7ADEFAE}"
EndProject
Project("{2150E333-8FDC-42A3-9474-1A3956D46DE8}") = "BuildingBlocks", "BuildingBlocks", "{FF3F49AB-F60C-40CB-A5F3-6581B4940739}"
EndProject
Project("{2150E333-8FDC-42A3-9474-1A3956D46DE8}") = "EventBus", "EventBus", "{C9DFF8A9-29E6-4417-A871-FFCA28B7A3E0}"
EndProject
Project("{2150E333-8FDC-42A3-9474-1A3956D46DE8}") = "HealthChecks", "HealthChecks", "{01E469FC-DC31-40CB-880A-243FCFB8275B}"
EndProject
Project("{2150E333-8FDC-42A3-9474-1A3956D46DE8}") = "Resilience", "Resilience", "{7360D7C9-8C70-4DBB-92CD-CD9B19D9B210}"
EndProject
Project("{9A19103F-16F7-4668-BE54-9A1E7A4F7556}") = "Identity.Api", "src\Identity.Api\Identity.Api.csproj", "{A497F7E6-5132-4763-8B20-795DCA606079}"
EndProject
Project("{9A19103F-16F7-4668-BE54-9A1E7A4F7556}") = "DriveDrop.Api", "src\DriveDrop.Api\DriveDrop.Api.csproj", "{9169B9CD-8EA6-4F6A-A40E-74FF5076EC83}"
EndProject
Project("{9A19103F-16F7-4668-BE54-9A1E7A4F7556}") = "DriveDrop.Web", "src\DriveDrop.Web\DriveDrop.Web\DriveDrop.Web.csproj", "{67AD7E98-CDC6-4E27-B1F3-9B6FD1387F6C}"
EndProject
Project("{9A19103F-16F7-4668-BE54-9A1E7A4F7556}") = "WebStatus", "src\WebStatus\WebStatus.csproj", "{831E8169-38B7-48C0-A020-8F8A756A3FBE}"
EndProject
Project("{9A19103F-16F7-4668-BE54-9A1E7A4F7556}") = "EventBus", "src\BuildingBlocks\EventBus\EventBus\EventBus.csproj", "{F8EC60F7-275D-4D92-9370-8092E53052D5}"
EndProject
Project("{9A19103F-16F7-4668-BE54-9A1E7A4F7556}") = "EventBusRabbitMQ", "src\BuildingBlocks\EventBus\EventBusRabbitMQ\EventBusRabbitMQ.csproj", "{55EF1380-FB6F-4871-B9B5-C5909647472D}"
EndProject
Project("{9A19103F-16F7-4668-BE54-9A1E7A4F7556}") = "IntegrationEventLogEF", "src\BuildingBlocks\EventBus\IntegrationEventLogEF\IntegrationEventLogEF.csproj", "{920A7FAB-5AD3-467C-AC67-22F29B2456BF}"
EndProject
Project("{9A19103F-16F7-4668-BE54-9A1E7A4F7556}") = "Microsoft.Extensions.HealthChecks.SqlServer", "src\BuildingBlocks\HealthChecks\src\Microsoft.Extensions.HealthChecks.SqlServer\Microsoft.Extensions.HealthChecks.SqlServer.csproj", "{6326D86E-1A8F-4215-B59B-FFE3FEF86A87}"
EndProject
Project("{9A19103F-16F7-4668-BE54-9A1E7A4F7556}") = "Microsoft.AspNetCore.HealthChecks", "src\BuildingBlocks\HealthChecks\src\Microsoft.AspNetCore.HealthChecks\Microsoft.AspNetCore.HealthChecks.csproj", "{A2E577BD-45D1-4715-BBCA-E4D2DE1AC483}"
EndProject
Project("{9A19103F-16F7-4668-BE54-9A1E7A4F7556}") = "Microsoft.Extensions.HealthChecks", "src\BuildingBlocks\HealthChecks\src\Microsoft.Extensions.HealthChecks\Microsoft.Extensions.HealthChecks.csproj", "{722A1D0E-C8F0-44B8-A62D-080E523E8A68}"
EndProject
Project("{9A19103F-16F7-4668-BE54-9A1E7A4F7556}") = "Resilience.Http", "src\BuildingBlocks\Resilience\Resilience.Http\Resilience.Http.csproj", "{CF4E7E07-9D0F-45AE-ABE8-47F7C3AA1C2D}"
EndProject
Project("{9A19103F-16F7-4668-BE54-9A1E7A4F7556}") = "DataProtection", "src\BuildingBlocks\DataProtection\DataProtection\DataProtection.csproj", "{CB589A1B-810D-4DEA-B501-C7E6992CB389}"
EndProject
Project("{9A19103F-16F7-4668-BE54-9A1E7A4F7556}") = "ApplicationCore", "src\ApplicationCore\ApplicationCore\ApplicationCore.csproj", "{27F3D3C5-8223-45F6-BC0B-65E7F378AFAD}"
EndProject
Project("{9A19103F-16F7-4668-BE54-9A1E7A4F7556}") = "Infrastructure", "src\Infrastructure\Infrastructure\Infrastructure.csproj", "{28D2C179-D156-425E-8749-7471CD8CB542}"
EndProject
Project("{9A19103F-16F7-4668-BE54-9A1E7A4F7556}") = "PayPal.Api", "src\PayPal.Api\PayPal.Api.csproj", "{1BEA98A4-441A-44A6-898B-DADD82E7F20B}"
EndProject
Project("{9A19103F-16F7-4668-BE54-9A1E7A4F7556}") = "ProjectTest", "src\ProjectTest\ProjectTest.csproj", "{4B33D1CA-103C-465D-9946-F64242D945FA}"
EndProject
Project("{2150E333-8FDC-42A3-9474-1A3956D46DE8}") = "Mobile Apps", "Mobile Apps", "{3E9F7263-54BA-4438-98B1-1B57D2EB8D97}"
EndProject
Project("{2150E333-8FDC-42A3-9474-1A3956D46DE8}") = "Shared Code", "Shared Code", "{72AEFA76-994C-4670-918D-0A0EC2425623}"
EndProject
Project("{2150E333-8FDC-42A3-9474-1A3956D46DE8}") = "Targets", "Targets", "{86FCF40D-90CB-4E6C-AE72-70C90ECAF4B5}"
EndProject
Project("{FAE04EC0-301F-11D3-BF4B-00C04F79EFBC}") = "DriverDrop.Core", "src\DriverDrop.Core\DriverDrop.Core\DriverDrop.Core.csproj", "{5C2BE833-54A7-4C59-B22C-25E49A4EF196}"
EndProject
Project("{FAE04EC0-301F-11D3-BF4B-00C04F79EFBC}") = "DriverDrop.Core.iOS", "src\DriverDrop.Core\DriverDrop.Core.iOS\DriverDrop.Core.iOS.csproj", "{B8D44EF3-211F-4992-8AB8-64970ACC52ED}"
EndProject
Project("{FAE04EC0-301F-11D3-BF4B-00C04F79EFBC}") = "DriverDrop.Core.UWP", "src\DriverDrop.Core\DriverDrop.Core.UWP\DriverDrop.Core.UWP.csproj", "{7A8CA7BD-C6D7-44B4-B1E6-8455EC9A3585}"
EndProject
Project("{FAE04EC0-301F-11D3-BF4B-00C04F79EFBC}") = "DriverDrop.Core.Android", "src\DriverDrop.Core\DriverDrop.Core.Android\DriverDrop.Core.Android.csproj", "{750DF795-A158-49C9-964C-9B1097958BFD}"
EndProject
Global
	GlobalSection(SolutionConfigurationPlatforms) = preSolution
		Ad-Hoc|Any CPU = Ad-Hoc|Any CPU
		Ad-Hoc|ARM = Ad-Hoc|ARM
		Ad-Hoc|iPhone = Ad-Hoc|iPhone
		Ad-Hoc|iPhoneSimulator = Ad-Hoc|iPhoneSimulator
		Ad-Hoc|x64 = Ad-Hoc|x64
		Ad-Hoc|x86 = Ad-Hoc|x86
		AppStore|Any CPU = AppStore|Any CPU
		AppStore|ARM = AppStore|ARM
		AppStore|iPhone = AppStore|iPhone
		AppStore|iPhoneSimulator = AppStore|iPhoneSimulator
		AppStore|x64 = AppStore|x64
		AppStore|x86 = AppStore|x86
		Debug|Any CPU = Debug|Any CPU
		Debug|ARM = Debug|ARM
		Debug|iPhone = Debug|iPhone
		Debug|iPhoneSimulator = Debug|iPhoneSimulator
		Debug|x64 = Debug|x64
		Debug|x86 = Debug|x86
		Release|Any CPU = Release|Any CPU
		Release|ARM = Release|ARM
		Release|iPhone = Release|iPhone
		Release|iPhoneSimulator = Release|iPhoneSimulator
		Release|x64 = Release|x64
		Release|x86 = Release|x86
	EndGlobalSection
	GlobalSection(ProjectConfigurationPlatforms) = postSolution
		{A497F7E6-5132-4763-8B20-795DCA606079}.Ad-Hoc|Any CPU.ActiveCfg = Release|Any CPU
		{A497F7E6-5132-4763-8B20-795DCA606079}.Ad-Hoc|Any CPU.Build.0 = Release|Any CPU
		{A497F7E6-5132-4763-8B20-795DCA606079}.Ad-Hoc|ARM.ActiveCfg = Release|Any CPU
		{A497F7E6-5132-4763-8B20-795DCA606079}.Ad-Hoc|ARM.Build.0 = Release|Any CPU
		{A497F7E6-5132-4763-8B20-795DCA606079}.Ad-Hoc|iPhone.ActiveCfg = Release|Any CPU
		{A497F7E6-5132-4763-8B20-795DCA606079}.Ad-Hoc|iPhone.Build.0 = Release|Any CPU
		{A497F7E6-5132-4763-8B20-795DCA606079}.Ad-Hoc|iPhoneSimulator.ActiveCfg = Release|Any CPU
		{A497F7E6-5132-4763-8B20-795DCA606079}.Ad-Hoc|iPhoneSimulator.Build.0 = Release|Any CPU
		{A497F7E6-5132-4763-8B20-795DCA606079}.Ad-Hoc|x64.ActiveCfg = Release|Any CPU
		{A497F7E6-5132-4763-8B20-795DCA606079}.Ad-Hoc|x64.Build.0 = Release|Any CPU
		{A497F7E6-5132-4763-8B20-795DCA606079}.Ad-Hoc|x86.ActiveCfg = Release|Any CPU
		{A497F7E6-5132-4763-8B20-795DCA606079}.Ad-Hoc|x86.Build.0 = Release|Any CPU
		{A497F7E6-5132-4763-8B20-795DCA606079}.AppStore|Any CPU.ActiveCfg = Release|Any CPU
		{A497F7E6-5132-4763-8B20-795DCA606079}.AppStore|Any CPU.Build.0 = Release|Any CPU
		{A497F7E6-5132-4763-8B20-795DCA606079}.AppStore|ARM.ActiveCfg = Release|Any CPU
		{A497F7E6-5132-4763-8B20-795DCA606079}.AppStore|ARM.Build.0 = Release|Any CPU
		{A497F7E6-5132-4763-8B20-795DCA606079}.AppStore|iPhone.ActiveCfg = Release|Any CPU
		{A497F7E6-5132-4763-8B20-795DCA606079}.AppStore|iPhone.Build.0 = Release|Any CPU
		{A497F7E6-5132-4763-8B20-795DCA606079}.AppStore|iPhoneSimulator.ActiveCfg = Release|Any CPU
		{A497F7E6-5132-4763-8B20-795DCA606079}.AppStore|iPhoneSimulator.Build.0 = Release|Any CPU
		{A497F7E6-5132-4763-8B20-795DCA606079}.AppStore|x64.ActiveCfg = Release|Any CPU
		{A497F7E6-5132-4763-8B20-795DCA606079}.AppStore|x64.Build.0 = Release|Any CPU
		{A497F7E6-5132-4763-8B20-795DCA606079}.AppStore|x86.ActiveCfg = Release|Any CPU
		{A497F7E6-5132-4763-8B20-795DCA606079}.AppStore|x86.Build.0 = Release|Any CPU
		{A497F7E6-5132-4763-8B20-795DCA606079}.Debug|Any CPU.ActiveCfg = Debug|Any CPU
		{A497F7E6-5132-4763-8B20-795DCA606079}.Debug|Any CPU.Build.0 = Debug|Any CPU
		{A497F7E6-5132-4763-8B20-795DCA606079}.Debug|ARM.ActiveCfg = Debug|Any CPU
		{A497F7E6-5132-4763-8B20-795DCA606079}.Debug|ARM.Build.0 = Debug|Any CPU
		{A497F7E6-5132-4763-8B20-795DCA606079}.Debug|iPhone.ActiveCfg = Debug|Any CPU
		{A497F7E6-5132-4763-8B20-795DCA606079}.Debug|iPhone.Build.0 = Debug|Any CPU
		{A497F7E6-5132-4763-8B20-795DCA606079}.Debug|iPhoneSimulator.ActiveCfg = Debug|Any CPU
		{A497F7E6-5132-4763-8B20-795DCA606079}.Debug|iPhoneSimulator.Build.0 = Debug|Any CPU
		{A497F7E6-5132-4763-8B20-795DCA606079}.Debug|x64.ActiveCfg = Debug|Any CPU
		{A497F7E6-5132-4763-8B20-795DCA606079}.Debug|x64.Build.0 = Debug|Any CPU
		{A497F7E6-5132-4763-8B20-795DCA606079}.Debug|x86.ActiveCfg = Debug|Any CPU
		{A497F7E6-5132-4763-8B20-795DCA606079}.Debug|x86.Build.0 = Debug|Any CPU
		{A497F7E6-5132-4763-8B20-795DCA606079}.Release|Any CPU.ActiveCfg = Release|Any CPU
		{A497F7E6-5132-4763-8B20-795DCA606079}.Release|Any CPU.Build.0 = Release|Any CPU
		{A497F7E6-5132-4763-8B20-795DCA606079}.Release|ARM.ActiveCfg = Release|Any CPU
		{A497F7E6-5132-4763-8B20-795DCA606079}.Release|ARM.Build.0 = Release|Any CPU
		{A497F7E6-5132-4763-8B20-795DCA606079}.Release|iPhone.ActiveCfg = Release|Any CPU
		{A497F7E6-5132-4763-8B20-795DCA606079}.Release|iPhone.Build.0 = Release|Any CPU
		{A497F7E6-5132-4763-8B20-795DCA606079}.Release|iPhoneSimulator.ActiveCfg = Release|Any CPU
		{A497F7E6-5132-4763-8B20-795DCA606079}.Release|iPhoneSimulator.Build.0 = Release|Any CPU
		{A497F7E6-5132-4763-8B20-795DCA606079}.Release|x64.ActiveCfg = Release|Any CPU
		{A497F7E6-5132-4763-8B20-795DCA606079}.Release|x64.Build.0 = Release|Any CPU
		{A497F7E6-5132-4763-8B20-795DCA606079}.Release|x86.ActiveCfg = Release|Any CPU
		{A497F7E6-5132-4763-8B20-795DCA606079}.Release|x86.Build.0 = Release|Any CPU
		{9169B9CD-8EA6-4F6A-A40E-74FF5076EC83}.Ad-Hoc|Any CPU.ActiveCfg = Release|Any CPU
		{9169B9CD-8EA6-4F6A-A40E-74FF5076EC83}.Ad-Hoc|Any CPU.Build.0 = Release|Any CPU
		{9169B9CD-8EA6-4F6A-A40E-74FF5076EC83}.Ad-Hoc|ARM.ActiveCfg = Release|Any CPU
		{9169B9CD-8EA6-4F6A-A40E-74FF5076EC83}.Ad-Hoc|ARM.Build.0 = Release|Any CPU
		{9169B9CD-8EA6-4F6A-A40E-74FF5076EC83}.Ad-Hoc|iPhone.ActiveCfg = Release|Any CPU
		{9169B9CD-8EA6-4F6A-A40E-74FF5076EC83}.Ad-Hoc|iPhone.Build.0 = Release|Any CPU
		{9169B9CD-8EA6-4F6A-A40E-74FF5076EC83}.Ad-Hoc|iPhoneSimulator.ActiveCfg = Release|Any CPU
		{9169B9CD-8EA6-4F6A-A40E-74FF5076EC83}.Ad-Hoc|iPhoneSimulator.Build.0 = Release|Any CPU
		{9169B9CD-8EA6-4F6A-A40E-74FF5076EC83}.Ad-Hoc|x64.ActiveCfg = Release|Any CPU
		{9169B9CD-8EA6-4F6A-A40E-74FF5076EC83}.Ad-Hoc|x64.Build.0 = Release|Any CPU
		{9169B9CD-8EA6-4F6A-A40E-74FF5076EC83}.Ad-Hoc|x86.ActiveCfg = Release|Any CPU
		{9169B9CD-8EA6-4F6A-A40E-74FF5076EC83}.Ad-Hoc|x86.Build.0 = Release|Any CPU
		{9169B9CD-8EA6-4F6A-A40E-74FF5076EC83}.AppStore|Any CPU.ActiveCfg = Release|Any CPU
		{9169B9CD-8EA6-4F6A-A40E-74FF5076EC83}.AppStore|Any CPU.Build.0 = Release|Any CPU
		{9169B9CD-8EA6-4F6A-A40E-74FF5076EC83}.AppStore|ARM.ActiveCfg = Release|Any CPU
		{9169B9CD-8EA6-4F6A-A40E-74FF5076EC83}.AppStore|ARM.Build.0 = Release|Any CPU
		{9169B9CD-8EA6-4F6A-A40E-74FF5076EC83}.AppStore|iPhone.ActiveCfg = Release|Any CPU
		{9169B9CD-8EA6-4F6A-A40E-74FF5076EC83}.AppStore|iPhone.Build.0 = Release|Any CPU
		{9169B9CD-8EA6-4F6A-A40E-74FF5076EC83}.AppStore|iPhoneSimulator.ActiveCfg = Release|Any CPU
		{9169B9CD-8EA6-4F6A-A40E-74FF5076EC83}.AppStore|iPhoneSimulator.Build.0 = Release|Any CPU
		{9169B9CD-8EA6-4F6A-A40E-74FF5076EC83}.AppStore|x64.ActiveCfg = Release|Any CPU
		{9169B9CD-8EA6-4F6A-A40E-74FF5076EC83}.AppStore|x64.Build.0 = Release|Any CPU
		{9169B9CD-8EA6-4F6A-A40E-74FF5076EC83}.AppStore|x86.ActiveCfg = Release|Any CPU
		{9169B9CD-8EA6-4F6A-A40E-74FF5076EC83}.AppStore|x86.Build.0 = Release|Any CPU
		{9169B9CD-8EA6-4F6A-A40E-74FF5076EC83}.Debug|Any CPU.ActiveCfg = Debug|Any CPU
		{9169B9CD-8EA6-4F6A-A40E-74FF5076EC83}.Debug|Any CPU.Build.0 = Debug|Any CPU
		{9169B9CD-8EA6-4F6A-A40E-74FF5076EC83}.Debug|ARM.ActiveCfg = Debug|Any CPU
		{9169B9CD-8EA6-4F6A-A40E-74FF5076EC83}.Debug|ARM.Build.0 = Debug|Any CPU
		{9169B9CD-8EA6-4F6A-A40E-74FF5076EC83}.Debug|iPhone.ActiveCfg = Debug|Any CPU
		{9169B9CD-8EA6-4F6A-A40E-74FF5076EC83}.Debug|iPhone.Build.0 = Debug|Any CPU
		{9169B9CD-8EA6-4F6A-A40E-74FF5076EC83}.Debug|iPhoneSimulator.ActiveCfg = Debug|Any CPU
		{9169B9CD-8EA6-4F6A-A40E-74FF5076EC83}.Debug|iPhoneSimulator.Build.0 = Debug|Any CPU
		{9169B9CD-8EA6-4F6A-A40E-74FF5076EC83}.Debug|x64.ActiveCfg = Debug|Any CPU
		{9169B9CD-8EA6-4F6A-A40E-74FF5076EC83}.Debug|x64.Build.0 = Debug|Any CPU
		{9169B9CD-8EA6-4F6A-A40E-74FF5076EC83}.Debug|x86.ActiveCfg = Debug|Any CPU
		{9169B9CD-8EA6-4F6A-A40E-74FF5076EC83}.Debug|x86.Build.0 = Debug|Any CPU
		{9169B9CD-8EA6-4F6A-A40E-74FF5076EC83}.Release|Any CPU.ActiveCfg = Release|Any CPU
		{9169B9CD-8EA6-4F6A-A40E-74FF5076EC83}.Release|Any CPU.Build.0 = Release|Any CPU
		{9169B9CD-8EA6-4F6A-A40E-74FF5076EC83}.Release|ARM.ActiveCfg = Release|Any CPU
		{9169B9CD-8EA6-4F6A-A40E-74FF5076EC83}.Release|ARM.Build.0 = Release|Any CPU
		{9169B9CD-8EA6-4F6A-A40E-74FF5076EC83}.Release|iPhone.ActiveCfg = Release|Any CPU
		{9169B9CD-8EA6-4F6A-A40E-74FF5076EC83}.Release|iPhone.Build.0 = Release|Any CPU
		{9169B9CD-8EA6-4F6A-A40E-74FF5076EC83}.Release|iPhoneSimulator.ActiveCfg = Release|Any CPU
		{9169B9CD-8EA6-4F6A-A40E-74FF5076EC83}.Release|iPhoneSimulator.Build.0 = Release|Any CPU
		{9169B9CD-8EA6-4F6A-A40E-74FF5076EC83}.Release|x64.ActiveCfg = Release|Any CPU
		{9169B9CD-8EA6-4F6A-A40E-74FF5076EC83}.Release|x64.Build.0 = Release|Any CPU
		{9169B9CD-8EA6-4F6A-A40E-74FF5076EC83}.Release|x86.ActiveCfg = Release|Any CPU
		{9169B9CD-8EA6-4F6A-A40E-74FF5076EC83}.Release|x86.Build.0 = Release|Any CPU
		{67AD7E98-CDC6-4E27-B1F3-9B6FD1387F6C}.Ad-Hoc|Any CPU.ActiveCfg = Release|Any CPU
		{67AD7E98-CDC6-4E27-B1F3-9B6FD1387F6C}.Ad-Hoc|Any CPU.Build.0 = Release|Any CPU
		{67AD7E98-CDC6-4E27-B1F3-9B6FD1387F6C}.Ad-Hoc|ARM.ActiveCfg = Release|Any CPU
		{67AD7E98-CDC6-4E27-B1F3-9B6FD1387F6C}.Ad-Hoc|ARM.Build.0 = Release|Any CPU
		{67AD7E98-CDC6-4E27-B1F3-9B6FD1387F6C}.Ad-Hoc|iPhone.ActiveCfg = Release|Any CPU
		{67AD7E98-CDC6-4E27-B1F3-9B6FD1387F6C}.Ad-Hoc|iPhone.Build.0 = Release|Any CPU
		{67AD7E98-CDC6-4E27-B1F3-9B6FD1387F6C}.Ad-Hoc|iPhoneSimulator.ActiveCfg = Release|Any CPU
		{67AD7E98-CDC6-4E27-B1F3-9B6FD1387F6C}.Ad-Hoc|iPhoneSimulator.Build.0 = Release|Any CPU
		{67AD7E98-CDC6-4E27-B1F3-9B6FD1387F6C}.Ad-Hoc|x64.ActiveCfg = Release|Any CPU
		{67AD7E98-CDC6-4E27-B1F3-9B6FD1387F6C}.Ad-Hoc|x64.Build.0 = Release|Any CPU
		{67AD7E98-CDC6-4E27-B1F3-9B6FD1387F6C}.Ad-Hoc|x86.ActiveCfg = Release|Any CPU
		{67AD7E98-CDC6-4E27-B1F3-9B6FD1387F6C}.Ad-Hoc|x86.Build.0 = Release|Any CPU
		{67AD7E98-CDC6-4E27-B1F3-9B6FD1387F6C}.AppStore|Any CPU.ActiveCfg = Release|Any CPU
		{67AD7E98-CDC6-4E27-B1F3-9B6FD1387F6C}.AppStore|Any CPU.Build.0 = Release|Any CPU
		{67AD7E98-CDC6-4E27-B1F3-9B6FD1387F6C}.AppStore|ARM.ActiveCfg = Release|Any CPU
		{67AD7E98-CDC6-4E27-B1F3-9B6FD1387F6C}.AppStore|ARM.Build.0 = Release|Any CPU
		{67AD7E98-CDC6-4E27-B1F3-9B6FD1387F6C}.AppStore|iPhone.ActiveCfg = Release|Any CPU
		{67AD7E98-CDC6-4E27-B1F3-9B6FD1387F6C}.AppStore|iPhone.Build.0 = Release|Any CPU
		{67AD7E98-CDC6-4E27-B1F3-9B6FD1387F6C}.AppStore|iPhoneSimulator.ActiveCfg = Release|Any CPU
		{67AD7E98-CDC6-4E27-B1F3-9B6FD1387F6C}.AppStore|iPhoneSimulator.Build.0 = Release|Any CPU
		{67AD7E98-CDC6-4E27-B1F3-9B6FD1387F6C}.AppStore|x64.ActiveCfg = Release|Any CPU
		{67AD7E98-CDC6-4E27-B1F3-9B6FD1387F6C}.AppStore|x64.Build.0 = Release|Any CPU
		{67AD7E98-CDC6-4E27-B1F3-9B6FD1387F6C}.AppStore|x86.ActiveCfg = Release|Any CPU
		{67AD7E98-CDC6-4E27-B1F3-9B6FD1387F6C}.AppStore|x86.Build.0 = Release|Any CPU
		{67AD7E98-CDC6-4E27-B1F3-9B6FD1387F6C}.Debug|Any CPU.ActiveCfg = Debug|Any CPU
		{67AD7E98-CDC6-4E27-B1F3-9B6FD1387F6C}.Debug|Any CPU.Build.0 = Debug|Any CPU
		{67AD7E98-CDC6-4E27-B1F3-9B6FD1387F6C}.Debug|ARM.ActiveCfg = Debug|Any CPU
		{67AD7E98-CDC6-4E27-B1F3-9B6FD1387F6C}.Debug|ARM.Build.0 = Debug|Any CPU
		{67AD7E98-CDC6-4E27-B1F3-9B6FD1387F6C}.Debug|iPhone.ActiveCfg = Debug|Any CPU
		{67AD7E98-CDC6-4E27-B1F3-9B6FD1387F6C}.Debug|iPhone.Build.0 = Debug|Any CPU
		{67AD7E98-CDC6-4E27-B1F3-9B6FD1387F6C}.Debug|iPhoneSimulator.ActiveCfg = Debug|Any CPU
		{67AD7E98-CDC6-4E27-B1F3-9B6FD1387F6C}.Debug|iPhoneSimulator.Build.0 = Debug|Any CPU
		{67AD7E98-CDC6-4E27-B1F3-9B6FD1387F6C}.Debug|x64.ActiveCfg = Debug|Any CPU
		{67AD7E98-CDC6-4E27-B1F3-9B6FD1387F6C}.Debug|x64.Build.0 = Debug|Any CPU
		{67AD7E98-CDC6-4E27-B1F3-9B6FD1387F6C}.Debug|x86.ActiveCfg = Debug|Any CPU
		{67AD7E98-CDC6-4E27-B1F3-9B6FD1387F6C}.Debug|x86.Build.0 = Debug|Any CPU
		{67AD7E98-CDC6-4E27-B1F3-9B6FD1387F6C}.Release|Any CPU.ActiveCfg = Release|Any CPU
		{67AD7E98-CDC6-4E27-B1F3-9B6FD1387F6C}.Release|Any CPU.Build.0 = Release|Any CPU
		{67AD7E98-CDC6-4E27-B1F3-9B6FD1387F6C}.Release|ARM.ActiveCfg = Release|Any CPU
		{67AD7E98-CDC6-4E27-B1F3-9B6FD1387F6C}.Release|ARM.Build.0 = Release|Any CPU
		{67AD7E98-CDC6-4E27-B1F3-9B6FD1387F6C}.Release|iPhone.ActiveCfg = Release|Any CPU
		{67AD7E98-CDC6-4E27-B1F3-9B6FD1387F6C}.Release|iPhone.Build.0 = Release|Any CPU
		{67AD7E98-CDC6-4E27-B1F3-9B6FD1387F6C}.Release|iPhoneSimulator.ActiveCfg = Release|Any CPU
		{67AD7E98-CDC6-4E27-B1F3-9B6FD1387F6C}.Release|iPhoneSimulator.Build.0 = Release|Any CPU
		{67AD7E98-CDC6-4E27-B1F3-9B6FD1387F6C}.Release|x64.ActiveCfg = Release|Any CPU
		{67AD7E98-CDC6-4E27-B1F3-9B6FD1387F6C}.Release|x64.Build.0 = Release|Any CPU
		{67AD7E98-CDC6-4E27-B1F3-9B6FD1387F6C}.Release|x86.ActiveCfg = Release|Any CPU
		{67AD7E98-CDC6-4E27-B1F3-9B6FD1387F6C}.Release|x86.Build.0 = Release|Any CPU
		{831E8169-38B7-48C0-A020-8F8A756A3FBE}.Ad-Hoc|Any CPU.ActiveCfg = Release|Any CPU
		{831E8169-38B7-48C0-A020-8F8A756A3FBE}.Ad-Hoc|Any CPU.Build.0 = Release|Any CPU
		{831E8169-38B7-48C0-A020-8F8A756A3FBE}.Ad-Hoc|ARM.ActiveCfg = Release|Any CPU
		{831E8169-38B7-48C0-A020-8F8A756A3FBE}.Ad-Hoc|ARM.Build.0 = Release|Any CPU
		{831E8169-38B7-48C0-A020-8F8A756A3FBE}.Ad-Hoc|iPhone.ActiveCfg = Release|Any CPU
		{831E8169-38B7-48C0-A020-8F8A756A3FBE}.Ad-Hoc|iPhone.Build.0 = Release|Any CPU
		{831E8169-38B7-48C0-A020-8F8A756A3FBE}.Ad-Hoc|iPhoneSimulator.ActiveCfg = Release|Any CPU
		{831E8169-38B7-48C0-A020-8F8A756A3FBE}.Ad-Hoc|iPhoneSimulator.Build.0 = Release|Any CPU
		{831E8169-38B7-48C0-A020-8F8A756A3FBE}.Ad-Hoc|x64.ActiveCfg = Release|Any CPU
		{831E8169-38B7-48C0-A020-8F8A756A3FBE}.Ad-Hoc|x64.Build.0 = Release|Any CPU
		{831E8169-38B7-48C0-A020-8F8A756A3FBE}.Ad-Hoc|x86.ActiveCfg = Release|Any CPU
		{831E8169-38B7-48C0-A020-8F8A756A3FBE}.Ad-Hoc|x86.Build.0 = Release|Any CPU
		{831E8169-38B7-48C0-A020-8F8A756A3FBE}.AppStore|Any CPU.ActiveCfg = Release|Any CPU
		{831E8169-38B7-48C0-A020-8F8A756A3FBE}.AppStore|Any CPU.Build.0 = Release|Any CPU
		{831E8169-38B7-48C0-A020-8F8A756A3FBE}.AppStore|ARM.ActiveCfg = Release|Any CPU
		{831E8169-38B7-48C0-A020-8F8A756A3FBE}.AppStore|ARM.Build.0 = Release|Any CPU
		{831E8169-38B7-48C0-A020-8F8A756A3FBE}.AppStore|iPhone.ActiveCfg = Release|Any CPU
		{831E8169-38B7-48C0-A020-8F8A756A3FBE}.AppStore|iPhone.Build.0 = Release|Any CPU
		{831E8169-38B7-48C0-A020-8F8A756A3FBE}.AppStore|iPhoneSimulator.ActiveCfg = Release|Any CPU
		{831E8169-38B7-48C0-A020-8F8A756A3FBE}.AppStore|iPhoneSimulator.Build.0 = Release|Any CPU
		{831E8169-38B7-48C0-A020-8F8A756A3FBE}.AppStore|x64.ActiveCfg = Release|Any CPU
		{831E8169-38B7-48C0-A020-8F8A756A3FBE}.AppStore|x64.Build.0 = Release|Any CPU
		{831E8169-38B7-48C0-A020-8F8A756A3FBE}.AppStore|x86.ActiveCfg = Release|Any CPU
		{831E8169-38B7-48C0-A020-8F8A756A3FBE}.AppStore|x86.Build.0 = Release|Any CPU
		{831E8169-38B7-48C0-A020-8F8A756A3FBE}.Debug|Any CPU.ActiveCfg = Debug|Any CPU
		{831E8169-38B7-48C0-A020-8F8A756A3FBE}.Debug|Any CPU.Build.0 = Debug|Any CPU
		{831E8169-38B7-48C0-A020-8F8A756A3FBE}.Debug|ARM.ActiveCfg = Debug|Any CPU
		{831E8169-38B7-48C0-A020-8F8A756A3FBE}.Debug|ARM.Build.0 = Debug|Any CPU
		{831E8169-38B7-48C0-A020-8F8A756A3FBE}.Debug|iPhone.ActiveCfg = Debug|Any CPU
		{831E8169-38B7-48C0-A020-8F8A756A3FBE}.Debug|iPhone.Build.0 = Debug|Any CPU
		{831E8169-38B7-48C0-A020-8F8A756A3FBE}.Debug|iPhoneSimulator.ActiveCfg = Debug|Any CPU
		{831E8169-38B7-48C0-A020-8F8A756A3FBE}.Debug|iPhoneSimulator.Build.0 = Debug|Any CPU
		{831E8169-38B7-48C0-A020-8F8A756A3FBE}.Debug|x64.ActiveCfg = Debug|Any CPU
		{831E8169-38B7-48C0-A020-8F8A756A3FBE}.Debug|x64.Build.0 = Debug|Any CPU
		{831E8169-38B7-48C0-A020-8F8A756A3FBE}.Debug|x86.ActiveCfg = Debug|Any CPU
		{831E8169-38B7-48C0-A020-8F8A756A3FBE}.Debug|x86.Build.0 = Debug|Any CPU
		{831E8169-38B7-48C0-A020-8F8A756A3FBE}.Release|Any CPU.ActiveCfg = Release|Any CPU
		{831E8169-38B7-48C0-A020-8F8A756A3FBE}.Release|Any CPU.Build.0 = Release|Any CPU
		{831E8169-38B7-48C0-A020-8F8A756A3FBE}.Release|ARM.ActiveCfg = Release|Any CPU
		{831E8169-38B7-48C0-A020-8F8A756A3FBE}.Release|ARM.Build.0 = Release|Any CPU
		{831E8169-38B7-48C0-A020-8F8A756A3FBE}.Release|iPhone.ActiveCfg = Release|Any CPU
		{831E8169-38B7-48C0-A020-8F8A756A3FBE}.Release|iPhone.Build.0 = Release|Any CPU
		{831E8169-38B7-48C0-A020-8F8A756A3FBE}.Release|iPhoneSimulator.ActiveCfg = Release|Any CPU
		{831E8169-38B7-48C0-A020-8F8A756A3FBE}.Release|iPhoneSimulator.Build.0 = Release|Any CPU
		{831E8169-38B7-48C0-A020-8F8A756A3FBE}.Release|x64.ActiveCfg = Release|Any CPU
		{831E8169-38B7-48C0-A020-8F8A756A3FBE}.Release|x64.Build.0 = Release|Any CPU
		{831E8169-38B7-48C0-A020-8F8A756A3FBE}.Release|x86.ActiveCfg = Release|Any CPU
		{831E8169-38B7-48C0-A020-8F8A756A3FBE}.Release|x86.Build.0 = Release|Any CPU
		{F8EC60F7-275D-4D92-9370-8092E53052D5}.Ad-Hoc|Any CPU.ActiveCfg = Release|Any CPU
		{F8EC60F7-275D-4D92-9370-8092E53052D5}.Ad-Hoc|Any CPU.Build.0 = Release|Any CPU
		{F8EC60F7-275D-4D92-9370-8092E53052D5}.Ad-Hoc|ARM.ActiveCfg = Release|Any CPU
		{F8EC60F7-275D-4D92-9370-8092E53052D5}.Ad-Hoc|ARM.Build.0 = Release|Any CPU
		{F8EC60F7-275D-4D92-9370-8092E53052D5}.Ad-Hoc|iPhone.ActiveCfg = Release|Any CPU
		{F8EC60F7-275D-4D92-9370-8092E53052D5}.Ad-Hoc|iPhone.Build.0 = Release|Any CPU
		{F8EC60F7-275D-4D92-9370-8092E53052D5}.Ad-Hoc|iPhoneSimulator.ActiveCfg = Release|Any CPU
		{F8EC60F7-275D-4D92-9370-8092E53052D5}.Ad-Hoc|iPhoneSimulator.Build.0 = Release|Any CPU
		{F8EC60F7-275D-4D92-9370-8092E53052D5}.Ad-Hoc|x64.ActiveCfg = Release|Any CPU
		{F8EC60F7-275D-4D92-9370-8092E53052D5}.Ad-Hoc|x64.Build.0 = Release|Any CPU
		{F8EC60F7-275D-4D92-9370-8092E53052D5}.Ad-Hoc|x86.ActiveCfg = Release|Any CPU
		{F8EC60F7-275D-4D92-9370-8092E53052D5}.Ad-Hoc|x86.Build.0 = Release|Any CPU
		{F8EC60F7-275D-4D92-9370-8092E53052D5}.AppStore|Any CPU.ActiveCfg = Release|Any CPU
		{F8EC60F7-275D-4D92-9370-8092E53052D5}.AppStore|Any CPU.Build.0 = Release|Any CPU
		{F8EC60F7-275D-4D92-9370-8092E53052D5}.AppStore|ARM.ActiveCfg = Release|Any CPU
		{F8EC60F7-275D-4D92-9370-8092E53052D5}.AppStore|ARM.Build.0 = Release|Any CPU
		{F8EC60F7-275D-4D92-9370-8092E53052D5}.AppStore|iPhone.ActiveCfg = Release|Any CPU
		{F8EC60F7-275D-4D92-9370-8092E53052D5}.AppStore|iPhone.Build.0 = Release|Any CPU
		{F8EC60F7-275D-4D92-9370-8092E53052D5}.AppStore|iPhoneSimulator.ActiveCfg = Release|Any CPU
		{F8EC60F7-275D-4D92-9370-8092E53052D5}.AppStore|iPhoneSimulator.Build.0 = Release|Any CPU
		{F8EC60F7-275D-4D92-9370-8092E53052D5}.AppStore|x64.ActiveCfg = Release|Any CPU
		{F8EC60F7-275D-4D92-9370-8092E53052D5}.AppStore|x64.Build.0 = Release|Any CPU
		{F8EC60F7-275D-4D92-9370-8092E53052D5}.AppStore|x86.ActiveCfg = Release|Any CPU
		{F8EC60F7-275D-4D92-9370-8092E53052D5}.AppStore|x86.Build.0 = Release|Any CPU
		{F8EC60F7-275D-4D92-9370-8092E53052D5}.Debug|Any CPU.ActiveCfg = Debug|Any CPU
		{F8EC60F7-275D-4D92-9370-8092E53052D5}.Debug|Any CPU.Build.0 = Debug|Any CPU
		{F8EC60F7-275D-4D92-9370-8092E53052D5}.Debug|ARM.ActiveCfg = Debug|Any CPU
		{F8EC60F7-275D-4D92-9370-8092E53052D5}.Debug|ARM.Build.0 = Debug|Any CPU
		{F8EC60F7-275D-4D92-9370-8092E53052D5}.Debug|iPhone.ActiveCfg = Debug|Any CPU
		{F8EC60F7-275D-4D92-9370-8092E53052D5}.Debug|iPhone.Build.0 = Debug|Any CPU
		{F8EC60F7-275D-4D92-9370-8092E53052D5}.Debug|iPhoneSimulator.ActiveCfg = Debug|Any CPU
		{F8EC60F7-275D-4D92-9370-8092E53052D5}.Debug|iPhoneSimulator.Build.0 = Debug|Any CPU
		{F8EC60F7-275D-4D92-9370-8092E53052D5}.Debug|x64.ActiveCfg = Debug|Any CPU
		{F8EC60F7-275D-4D92-9370-8092E53052D5}.Debug|x64.Build.0 = Debug|Any CPU
		{F8EC60F7-275D-4D92-9370-8092E53052D5}.Debug|x86.ActiveCfg = Debug|Any CPU
		{F8EC60F7-275D-4D92-9370-8092E53052D5}.Debug|x86.Build.0 = Debug|Any CPU
		{F8EC60F7-275D-4D92-9370-8092E53052D5}.Release|Any CPU.ActiveCfg = Release|Any CPU
		{F8EC60F7-275D-4D92-9370-8092E53052D5}.Release|Any CPU.Build.0 = Release|Any CPU
		{F8EC60F7-275D-4D92-9370-8092E53052D5}.Release|ARM.ActiveCfg = Release|Any CPU
		{F8EC60F7-275D-4D92-9370-8092E53052D5}.Release|ARM.Build.0 = Release|Any CPU
		{F8EC60F7-275D-4D92-9370-8092E53052D5}.Release|iPhone.ActiveCfg = Release|Any CPU
		{F8EC60F7-275D-4D92-9370-8092E53052D5}.Release|iPhone.Build.0 = Release|Any CPU
		{F8EC60F7-275D-4D92-9370-8092E53052D5}.Release|iPhoneSimulator.ActiveCfg = Release|Any CPU
		{F8EC60F7-275D-4D92-9370-8092E53052D5}.Release|iPhoneSimulator.Build.0 = Release|Any CPU
		{F8EC60F7-275D-4D92-9370-8092E53052D5}.Release|x64.ActiveCfg = Release|Any CPU
		{F8EC60F7-275D-4D92-9370-8092E53052D5}.Release|x64.Build.0 = Release|Any CPU
		{F8EC60F7-275D-4D92-9370-8092E53052D5}.Release|x86.ActiveCfg = Release|Any CPU
		{F8EC60F7-275D-4D92-9370-8092E53052D5}.Release|x86.Build.0 = Release|Any CPU
		{55EF1380-FB6F-4871-B9B5-C5909647472D}.Ad-Hoc|Any CPU.ActiveCfg = Release|Any CPU
		{55EF1380-FB6F-4871-B9B5-C5909647472D}.Ad-Hoc|Any CPU.Build.0 = Release|Any CPU
		{55EF1380-FB6F-4871-B9B5-C5909647472D}.Ad-Hoc|ARM.ActiveCfg = Release|Any CPU
		{55EF1380-FB6F-4871-B9B5-C5909647472D}.Ad-Hoc|ARM.Build.0 = Release|Any CPU
		{55EF1380-FB6F-4871-B9B5-C5909647472D}.Ad-Hoc|iPhone.ActiveCfg = Release|Any CPU
		{55EF1380-FB6F-4871-B9B5-C5909647472D}.Ad-Hoc|iPhone.Build.0 = Release|Any CPU
		{55EF1380-FB6F-4871-B9B5-C5909647472D}.Ad-Hoc|iPhoneSimulator.ActiveCfg = Release|Any CPU
		{55EF1380-FB6F-4871-B9B5-C5909647472D}.Ad-Hoc|iPhoneSimulator.Build.0 = Release|Any CPU
		{55EF1380-FB6F-4871-B9B5-C5909647472D}.Ad-Hoc|x64.ActiveCfg = Release|Any CPU
		{55EF1380-FB6F-4871-B9B5-C5909647472D}.Ad-Hoc|x64.Build.0 = Release|Any CPU
		{55EF1380-FB6F-4871-B9B5-C5909647472D}.Ad-Hoc|x86.ActiveCfg = Release|Any CPU
		{55EF1380-FB6F-4871-B9B5-C5909647472D}.Ad-Hoc|x86.Build.0 = Release|Any CPU
		{55EF1380-FB6F-4871-B9B5-C5909647472D}.AppStore|Any CPU.ActiveCfg = Release|Any CPU
		{55EF1380-FB6F-4871-B9B5-C5909647472D}.AppStore|Any CPU.Build.0 = Release|Any CPU
		{55EF1380-FB6F-4871-B9B5-C5909647472D}.AppStore|ARM.ActiveCfg = Release|Any CPU
		{55EF1380-FB6F-4871-B9B5-C5909647472D}.AppStore|ARM.Build.0 = Release|Any CPU
		{55EF1380-FB6F-4871-B9B5-C5909647472D}.AppStore|iPhone.ActiveCfg = Release|Any CPU
		{55EF1380-FB6F-4871-B9B5-C5909647472D}.AppStore|iPhone.Build.0 = Release|Any CPU
		{55EF1380-FB6F-4871-B9B5-C5909647472D}.AppStore|iPhoneSimulator.ActiveCfg = Release|Any CPU
		{55EF1380-FB6F-4871-B9B5-C5909647472D}.AppStore|iPhoneSimulator.Build.0 = Release|Any CPU
		{55EF1380-FB6F-4871-B9B5-C5909647472D}.AppStore|x64.ActiveCfg = Release|Any CPU
		{55EF1380-FB6F-4871-B9B5-C5909647472D}.AppStore|x64.Build.0 = Release|Any CPU
		{55EF1380-FB6F-4871-B9B5-C5909647472D}.AppStore|x86.ActiveCfg = Release|Any CPU
		{55EF1380-FB6F-4871-B9B5-C5909647472D}.AppStore|x86.Build.0 = Release|Any CPU
		{55EF1380-FB6F-4871-B9B5-C5909647472D}.Debug|Any CPU.ActiveCfg = Debug|Any CPU
		{55EF1380-FB6F-4871-B9B5-C5909647472D}.Debug|Any CPU.Build.0 = Debug|Any CPU
		{55EF1380-FB6F-4871-B9B5-C5909647472D}.Debug|ARM.ActiveCfg = Debug|Any CPU
		{55EF1380-FB6F-4871-B9B5-C5909647472D}.Debug|ARM.Build.0 = Debug|Any CPU
		{55EF1380-FB6F-4871-B9B5-C5909647472D}.Debug|iPhone.ActiveCfg = Debug|Any CPU
		{55EF1380-FB6F-4871-B9B5-C5909647472D}.Debug|iPhone.Build.0 = Debug|Any CPU
		{55EF1380-FB6F-4871-B9B5-C5909647472D}.Debug|iPhoneSimulator.ActiveCfg = Debug|Any CPU
		{55EF1380-FB6F-4871-B9B5-C5909647472D}.Debug|iPhoneSimulator.Build.0 = Debug|Any CPU
		{55EF1380-FB6F-4871-B9B5-C5909647472D}.Debug|x64.ActiveCfg = Debug|Any CPU
		{55EF1380-FB6F-4871-B9B5-C5909647472D}.Debug|x64.Build.0 = Debug|Any CPU
		{55EF1380-FB6F-4871-B9B5-C5909647472D}.Debug|x86.ActiveCfg = Debug|Any CPU
		{55EF1380-FB6F-4871-B9B5-C5909647472D}.Debug|x86.Build.0 = Debug|Any CPU
		{55EF1380-FB6F-4871-B9B5-C5909647472D}.Release|Any CPU.ActiveCfg = Release|Any CPU
		{55EF1380-FB6F-4871-B9B5-C5909647472D}.Release|Any CPU.Build.0 = Release|Any CPU
		{55EF1380-FB6F-4871-B9B5-C5909647472D}.Release|ARM.ActiveCfg = Release|Any CPU
		{55EF1380-FB6F-4871-B9B5-C5909647472D}.Release|ARM.Build.0 = Release|Any CPU
		{55EF1380-FB6F-4871-B9B5-C5909647472D}.Release|iPhone.ActiveCfg = Release|Any CPU
		{55EF1380-FB6F-4871-B9B5-C5909647472D}.Release|iPhone.Build.0 = Release|Any CPU
		{55EF1380-FB6F-4871-B9B5-C5909647472D}.Release|iPhoneSimulator.ActiveCfg = Release|Any CPU
		{55EF1380-FB6F-4871-B9B5-C5909647472D}.Release|iPhoneSimulator.Build.0 = Release|Any CPU
		{55EF1380-FB6F-4871-B9B5-C5909647472D}.Release|x64.ActiveCfg = Release|Any CPU
		{55EF1380-FB6F-4871-B9B5-C5909647472D}.Release|x64.Build.0 = Release|Any CPU
		{55EF1380-FB6F-4871-B9B5-C5909647472D}.Release|x86.ActiveCfg = Release|Any CPU
		{55EF1380-FB6F-4871-B9B5-C5909647472D}.Release|x86.Build.0 = Release|Any CPU
		{920A7FAB-5AD3-467C-AC67-22F29B2456BF}.Ad-Hoc|Any CPU.ActiveCfg = Release|Any CPU
		{920A7FAB-5AD3-467C-AC67-22F29B2456BF}.Ad-Hoc|Any CPU.Build.0 = Release|Any CPU
		{920A7FAB-5AD3-467C-AC67-22F29B2456BF}.Ad-Hoc|ARM.ActiveCfg = Release|Any CPU
		{920A7FAB-5AD3-467C-AC67-22F29B2456BF}.Ad-Hoc|ARM.Build.0 = Release|Any CPU
		{920A7FAB-5AD3-467C-AC67-22F29B2456BF}.Ad-Hoc|iPhone.ActiveCfg = Release|Any CPU
		{920A7FAB-5AD3-467C-AC67-22F29B2456BF}.Ad-Hoc|iPhone.Build.0 = Release|Any CPU
		{920A7FAB-5AD3-467C-AC67-22F29B2456BF}.Ad-Hoc|iPhoneSimulator.ActiveCfg = Release|Any CPU
		{920A7FAB-5AD3-467C-AC67-22F29B2456BF}.Ad-Hoc|iPhoneSimulator.Build.0 = Release|Any CPU
		{920A7FAB-5AD3-467C-AC67-22F29B2456BF}.Ad-Hoc|x64.ActiveCfg = Release|Any CPU
		{920A7FAB-5AD3-467C-AC67-22F29B2456BF}.Ad-Hoc|x64.Build.0 = Release|Any CPU
		{920A7FAB-5AD3-467C-AC67-22F29B2456BF}.Ad-Hoc|x86.ActiveCfg = Release|Any CPU
		{920A7FAB-5AD3-467C-AC67-22F29B2456BF}.Ad-Hoc|x86.Build.0 = Release|Any CPU
		{920A7FAB-5AD3-467C-AC67-22F29B2456BF}.AppStore|Any CPU.ActiveCfg = Release|Any CPU
		{920A7FAB-5AD3-467C-AC67-22F29B2456BF}.AppStore|Any CPU.Build.0 = Release|Any CPU
		{920A7FAB-5AD3-467C-AC67-22F29B2456BF}.AppStore|ARM.ActiveCfg = Release|Any CPU
		{920A7FAB-5AD3-467C-AC67-22F29B2456BF}.AppStore|ARM.Build.0 = Release|Any CPU
		{920A7FAB-5AD3-467C-AC67-22F29B2456BF}.AppStore|iPhone.ActiveCfg = Release|Any CPU
		{920A7FAB-5AD3-467C-AC67-22F29B2456BF}.AppStore|iPhone.Build.0 = Release|Any CPU
		{920A7FAB-5AD3-467C-AC67-22F29B2456BF}.AppStore|iPhoneSimulator.ActiveCfg = Release|Any CPU
		{920A7FAB-5AD3-467C-AC67-22F29B2456BF}.AppStore|iPhoneSimulator.Build.0 = Release|Any CPU
		{920A7FAB-5AD3-467C-AC67-22F29B2456BF}.AppStore|x64.ActiveCfg = Release|Any CPU
		{920A7FAB-5AD3-467C-AC67-22F29B2456BF}.AppStore|x64.Build.0 = Release|Any CPU
		{920A7FAB-5AD3-467C-AC67-22F29B2456BF}.AppStore|x86.ActiveCfg = Release|Any CPU
		{920A7FAB-5AD3-467C-AC67-22F29B2456BF}.AppStore|x86.Build.0 = Release|Any CPU
		{920A7FAB-5AD3-467C-AC67-22F29B2456BF}.Debug|Any CPU.ActiveCfg = Debug|Any CPU
		{920A7FAB-5AD3-467C-AC67-22F29B2456BF}.Debug|Any CPU.Build.0 = Debug|Any CPU
		{920A7FAB-5AD3-467C-AC67-22F29B2456BF}.Debug|ARM.ActiveCfg = Debug|Any CPU
		{920A7FAB-5AD3-467C-AC67-22F29B2456BF}.Debug|ARM.Build.0 = Debug|Any CPU
		{920A7FAB-5AD3-467C-AC67-22F29B2456BF}.Debug|iPhone.ActiveCfg = Debug|Any CPU
		{920A7FAB-5AD3-467C-AC67-22F29B2456BF}.Debug|iPhone.Build.0 = Debug|Any CPU
		{920A7FAB-5AD3-467C-AC67-22F29B2456BF}.Debug|iPhoneSimulator.ActiveCfg = Debug|Any CPU
		{920A7FAB-5AD3-467C-AC67-22F29B2456BF}.Debug|iPhoneSimulator.Build.0 = Debug|Any CPU
		{920A7FAB-5AD3-467C-AC67-22F29B2456BF}.Debug|x64.ActiveCfg = Debug|Any CPU
		{920A7FAB-5AD3-467C-AC67-22F29B2456BF}.Debug|x64.Build.0 = Debug|Any CPU
		{920A7FAB-5AD3-467C-AC67-22F29B2456BF}.Debug|x86.ActiveCfg = Debug|Any CPU
		{920A7FAB-5AD3-467C-AC67-22F29B2456BF}.Debug|x86.Build.0 = Debug|Any CPU
		{920A7FAB-5AD3-467C-AC67-22F29B2456BF}.Release|Any CPU.ActiveCfg = Release|Any CPU
		{920A7FAB-5AD3-467C-AC67-22F29B2456BF}.Release|Any CPU.Build.0 = Release|Any CPU
		{920A7FAB-5AD3-467C-AC67-22F29B2456BF}.Release|ARM.ActiveCfg = Release|Any CPU
		{920A7FAB-5AD3-467C-AC67-22F29B2456BF}.Release|ARM.Build.0 = Release|Any CPU
		{920A7FAB-5AD3-467C-AC67-22F29B2456BF}.Release|iPhone.ActiveCfg = Release|Any CPU
		{920A7FAB-5AD3-467C-AC67-22F29B2456BF}.Release|iPhone.Build.0 = Release|Any CPU
		{920A7FAB-5AD3-467C-AC67-22F29B2456BF}.Release|iPhoneSimulator.ActiveCfg = Release|Any CPU
		{920A7FAB-5AD3-467C-AC67-22F29B2456BF}.Release|iPhoneSimulator.Build.0 = Release|Any CPU
		{920A7FAB-5AD3-467C-AC67-22F29B2456BF}.Release|x64.ActiveCfg = Release|Any CPU
		{920A7FAB-5AD3-467C-AC67-22F29B2456BF}.Release|x64.Build.0 = Release|Any CPU
		{920A7FAB-5AD3-467C-AC67-22F29B2456BF}.Release|x86.ActiveCfg = Release|Any CPU
		{920A7FAB-5AD3-467C-AC67-22F29B2456BF}.Release|x86.Build.0 = Release|Any CPU
		{6326D86E-1A8F-4215-B59B-FFE3FEF86A87}.Ad-Hoc|Any CPU.ActiveCfg = Release|Any CPU
		{6326D86E-1A8F-4215-B59B-FFE3FEF86A87}.Ad-Hoc|Any CPU.Build.0 = Release|Any CPU
		{6326D86E-1A8F-4215-B59B-FFE3FEF86A87}.Ad-Hoc|ARM.ActiveCfg = Release|Any CPU
		{6326D86E-1A8F-4215-B59B-FFE3FEF86A87}.Ad-Hoc|ARM.Build.0 = Release|Any CPU
		{6326D86E-1A8F-4215-B59B-FFE3FEF86A87}.Ad-Hoc|iPhone.ActiveCfg = Release|Any CPU
		{6326D86E-1A8F-4215-B59B-FFE3FEF86A87}.Ad-Hoc|iPhone.Build.0 = Release|Any CPU
		{6326D86E-1A8F-4215-B59B-FFE3FEF86A87}.Ad-Hoc|iPhoneSimulator.ActiveCfg = Release|Any CPU
		{6326D86E-1A8F-4215-B59B-FFE3FEF86A87}.Ad-Hoc|iPhoneSimulator.Build.0 = Release|Any CPU
		{6326D86E-1A8F-4215-B59B-FFE3FEF86A87}.Ad-Hoc|x64.ActiveCfg = Release|Any CPU
		{6326D86E-1A8F-4215-B59B-FFE3FEF86A87}.Ad-Hoc|x64.Build.0 = Release|Any CPU
		{6326D86E-1A8F-4215-B59B-FFE3FEF86A87}.Ad-Hoc|x86.ActiveCfg = Release|Any CPU
		{6326D86E-1A8F-4215-B59B-FFE3FEF86A87}.Ad-Hoc|x86.Build.0 = Release|Any CPU
		{6326D86E-1A8F-4215-B59B-FFE3FEF86A87}.AppStore|Any CPU.ActiveCfg = Release|Any CPU
		{6326D86E-1A8F-4215-B59B-FFE3FEF86A87}.AppStore|Any CPU.Build.0 = Release|Any CPU
		{6326D86E-1A8F-4215-B59B-FFE3FEF86A87}.AppStore|ARM.ActiveCfg = Release|Any CPU
		{6326D86E-1A8F-4215-B59B-FFE3FEF86A87}.AppStore|ARM.Build.0 = Release|Any CPU
		{6326D86E-1A8F-4215-B59B-FFE3FEF86A87}.AppStore|iPhone.ActiveCfg = Release|Any CPU
		{6326D86E-1A8F-4215-B59B-FFE3FEF86A87}.AppStore|iPhone.Build.0 = Release|Any CPU
		{6326D86E-1A8F-4215-B59B-FFE3FEF86A87}.AppStore|iPhoneSimulator.ActiveCfg = Release|Any CPU
		{6326D86E-1A8F-4215-B59B-FFE3FEF86A87}.AppStore|iPhoneSimulator.Build.0 = Release|Any CPU
		{6326D86E-1A8F-4215-B59B-FFE3FEF86A87}.AppStore|x64.ActiveCfg = Release|Any CPU
		{6326D86E-1A8F-4215-B59B-FFE3FEF86A87}.AppStore|x64.Build.0 = Release|Any CPU
		{6326D86E-1A8F-4215-B59B-FFE3FEF86A87}.AppStore|x86.ActiveCfg = Release|Any CPU
		{6326D86E-1A8F-4215-B59B-FFE3FEF86A87}.AppStore|x86.Build.0 = Release|Any CPU
		{6326D86E-1A8F-4215-B59B-FFE3FEF86A87}.Debug|Any CPU.ActiveCfg = Debug|Any CPU
		{6326D86E-1A8F-4215-B59B-FFE3FEF86A87}.Debug|Any CPU.Build.0 = Debug|Any CPU
		{6326D86E-1A8F-4215-B59B-FFE3FEF86A87}.Debug|ARM.ActiveCfg = Debug|Any CPU
		{6326D86E-1A8F-4215-B59B-FFE3FEF86A87}.Debug|ARM.Build.0 = Debug|Any CPU
		{6326D86E-1A8F-4215-B59B-FFE3FEF86A87}.Debug|iPhone.ActiveCfg = Debug|Any CPU
		{6326D86E-1A8F-4215-B59B-FFE3FEF86A87}.Debug|iPhone.Build.0 = Debug|Any CPU
		{6326D86E-1A8F-4215-B59B-FFE3FEF86A87}.Debug|iPhoneSimulator.ActiveCfg = Debug|Any CPU
		{6326D86E-1A8F-4215-B59B-FFE3FEF86A87}.Debug|iPhoneSimulator.Build.0 = Debug|Any CPU
		{6326D86E-1A8F-4215-B59B-FFE3FEF86A87}.Debug|x64.ActiveCfg = Debug|Any CPU
		{6326D86E-1A8F-4215-B59B-FFE3FEF86A87}.Debug|x64.Build.0 = Debug|Any CPU
		{6326D86E-1A8F-4215-B59B-FFE3FEF86A87}.Debug|x86.ActiveCfg = Debug|Any CPU
		{6326D86E-1A8F-4215-B59B-FFE3FEF86A87}.Debug|x86.Build.0 = Debug|Any CPU
		{6326D86E-1A8F-4215-B59B-FFE3FEF86A87}.Release|Any CPU.ActiveCfg = Release|Any CPU
		{6326D86E-1A8F-4215-B59B-FFE3FEF86A87}.Release|Any CPU.Build.0 = Release|Any CPU
		{6326D86E-1A8F-4215-B59B-FFE3FEF86A87}.Release|ARM.ActiveCfg = Release|Any CPU
		{6326D86E-1A8F-4215-B59B-FFE3FEF86A87}.Release|ARM.Build.0 = Release|Any CPU
		{6326D86E-1A8F-4215-B59B-FFE3FEF86A87}.Release|iPhone.ActiveCfg = Release|Any CPU
		{6326D86E-1A8F-4215-B59B-FFE3FEF86A87}.Release|iPhone.Build.0 = Release|Any CPU
		{6326D86E-1A8F-4215-B59B-FFE3FEF86A87}.Release|iPhoneSimulator.ActiveCfg = Release|Any CPU
		{6326D86E-1A8F-4215-B59B-FFE3FEF86A87}.Release|iPhoneSimulator.Build.0 = Release|Any CPU
		{6326D86E-1A8F-4215-B59B-FFE3FEF86A87}.Release|x64.ActiveCfg = Release|Any CPU
		{6326D86E-1A8F-4215-B59B-FFE3FEF86A87}.Release|x64.Build.0 = Release|Any CPU
		{6326D86E-1A8F-4215-B59B-FFE3FEF86A87}.Release|x86.ActiveCfg = Release|Any CPU
		{6326D86E-1A8F-4215-B59B-FFE3FEF86A87}.Release|x86.Build.0 = Release|Any CPU
		{A2E577BD-45D1-4715-BBCA-E4D2DE1AC483}.Ad-Hoc|Any CPU.ActiveCfg = Release|Any CPU
		{A2E577BD-45D1-4715-BBCA-E4D2DE1AC483}.Ad-Hoc|Any CPU.Build.0 = Release|Any CPU
		{A2E577BD-45D1-4715-BBCA-E4D2DE1AC483}.Ad-Hoc|ARM.ActiveCfg = Release|Any CPU
		{A2E577BD-45D1-4715-BBCA-E4D2DE1AC483}.Ad-Hoc|ARM.Build.0 = Release|Any CPU
		{A2E577BD-45D1-4715-BBCA-E4D2DE1AC483}.Ad-Hoc|iPhone.ActiveCfg = Release|Any CPU
		{A2E577BD-45D1-4715-BBCA-E4D2DE1AC483}.Ad-Hoc|iPhone.Build.0 = Release|Any CPU
		{A2E577BD-45D1-4715-BBCA-E4D2DE1AC483}.Ad-Hoc|iPhoneSimulator.ActiveCfg = Release|Any CPU
		{A2E577BD-45D1-4715-BBCA-E4D2DE1AC483}.Ad-Hoc|iPhoneSimulator.Build.0 = Release|Any CPU
		{A2E577BD-45D1-4715-BBCA-E4D2DE1AC483}.Ad-Hoc|x64.ActiveCfg = Release|Any CPU
		{A2E577BD-45D1-4715-BBCA-E4D2DE1AC483}.Ad-Hoc|x64.Build.0 = Release|Any CPU
		{A2E577BD-45D1-4715-BBCA-E4D2DE1AC483}.Ad-Hoc|x86.ActiveCfg = Release|Any CPU
		{A2E577BD-45D1-4715-BBCA-E4D2DE1AC483}.Ad-Hoc|x86.Build.0 = Release|Any CPU
		{A2E577BD-45D1-4715-BBCA-E4D2DE1AC483}.AppStore|Any CPU.ActiveCfg = Release|Any CPU
		{A2E577BD-45D1-4715-BBCA-E4D2DE1AC483}.AppStore|Any CPU.Build.0 = Release|Any CPU
		{A2E577BD-45D1-4715-BBCA-E4D2DE1AC483}.AppStore|ARM.ActiveCfg = Release|Any CPU
		{A2E577BD-45D1-4715-BBCA-E4D2DE1AC483}.AppStore|ARM.Build.0 = Release|Any CPU
		{A2E577BD-45D1-4715-BBCA-E4D2DE1AC483}.AppStore|iPhone.ActiveCfg = Release|Any CPU
		{A2E577BD-45D1-4715-BBCA-E4D2DE1AC483}.AppStore|iPhone.Build.0 = Release|Any CPU
		{A2E577BD-45D1-4715-BBCA-E4D2DE1AC483}.AppStore|iPhoneSimulator.ActiveCfg = Release|Any CPU
		{A2E577BD-45D1-4715-BBCA-E4D2DE1AC483}.AppStore|iPhoneSimulator.Build.0 = Release|Any CPU
		{A2E577BD-45D1-4715-BBCA-E4D2DE1AC483}.AppStore|x64.ActiveCfg = Release|Any CPU
		{A2E577BD-45D1-4715-BBCA-E4D2DE1AC483}.AppStore|x64.Build.0 = Release|Any CPU
		{A2E577BD-45D1-4715-BBCA-E4D2DE1AC483}.AppStore|x86.ActiveCfg = Release|Any CPU
		{A2E577BD-45D1-4715-BBCA-E4D2DE1AC483}.AppStore|x86.Build.0 = Release|Any CPU
		{A2E577BD-45D1-4715-BBCA-E4D2DE1AC483}.Debug|Any CPU.ActiveCfg = Debug|Any CPU
		{A2E577BD-45D1-4715-BBCA-E4D2DE1AC483}.Debug|Any CPU.Build.0 = Debug|Any CPU
		{A2E577BD-45D1-4715-BBCA-E4D2DE1AC483}.Debug|ARM.ActiveCfg = Debug|Any CPU
		{A2E577BD-45D1-4715-BBCA-E4D2DE1AC483}.Debug|ARM.Build.0 = Debug|Any CPU
		{A2E577BD-45D1-4715-BBCA-E4D2DE1AC483}.Debug|iPhone.ActiveCfg = Debug|Any CPU
		{A2E577BD-45D1-4715-BBCA-E4D2DE1AC483}.Debug|iPhone.Build.0 = Debug|Any CPU
		{A2E577BD-45D1-4715-BBCA-E4D2DE1AC483}.Debug|iPhoneSimulator.ActiveCfg = Debug|Any CPU
		{A2E577BD-45D1-4715-BBCA-E4D2DE1AC483}.Debug|iPhoneSimulator.Build.0 = Debug|Any CPU
		{A2E577BD-45D1-4715-BBCA-E4D2DE1AC483}.Debug|x64.ActiveCfg = Debug|Any CPU
		{A2E577BD-45D1-4715-BBCA-E4D2DE1AC483}.Debug|x64.Build.0 = Debug|Any CPU
		{A2E577BD-45D1-4715-BBCA-E4D2DE1AC483}.Debug|x86.ActiveCfg = Debug|Any CPU
		{A2E577BD-45D1-4715-BBCA-E4D2DE1AC483}.Debug|x86.Build.0 = Debug|Any CPU
		{A2E577BD-45D1-4715-BBCA-E4D2DE1AC483}.Release|Any CPU.ActiveCfg = Release|Any CPU
		{A2E577BD-45D1-4715-BBCA-E4D2DE1AC483}.Release|Any CPU.Build.0 = Release|Any CPU
		{A2E577BD-45D1-4715-BBCA-E4D2DE1AC483}.Release|ARM.ActiveCfg = Release|Any CPU
		{A2E577BD-45D1-4715-BBCA-E4D2DE1AC483}.Release|ARM.Build.0 = Release|Any CPU
		{A2E577BD-45D1-4715-BBCA-E4D2DE1AC483}.Release|iPhone.ActiveCfg = Release|Any CPU
		{A2E577BD-45D1-4715-BBCA-E4D2DE1AC483}.Release|iPhone.Build.0 = Release|Any CPU
		{A2E577BD-45D1-4715-BBCA-E4D2DE1AC483}.Release|iPhoneSimulator.ActiveCfg = Release|Any CPU
		{A2E577BD-45D1-4715-BBCA-E4D2DE1AC483}.Release|iPhoneSimulator.Build.0 = Release|Any CPU
		{A2E577BD-45D1-4715-BBCA-E4D2DE1AC483}.Release|x64.ActiveCfg = Release|Any CPU
		{A2E577BD-45D1-4715-BBCA-E4D2DE1AC483}.Release|x64.Build.0 = Release|Any CPU
		{A2E577BD-45D1-4715-BBCA-E4D2DE1AC483}.Release|x86.ActiveCfg = Release|Any CPU
		{A2E577BD-45D1-4715-BBCA-E4D2DE1AC483}.Release|x86.Build.0 = Release|Any CPU
		{722A1D0E-C8F0-44B8-A62D-080E523E8A68}.Ad-Hoc|Any CPU.ActiveCfg = Release|Any CPU
		{722A1D0E-C8F0-44B8-A62D-080E523E8A68}.Ad-Hoc|Any CPU.Build.0 = Release|Any CPU
		{722A1D0E-C8F0-44B8-A62D-080E523E8A68}.Ad-Hoc|ARM.ActiveCfg = Release|Any CPU
		{722A1D0E-C8F0-44B8-A62D-080E523E8A68}.Ad-Hoc|ARM.Build.0 = Release|Any CPU
		{722A1D0E-C8F0-44B8-A62D-080E523E8A68}.Ad-Hoc|iPhone.ActiveCfg = Release|Any CPU
		{722A1D0E-C8F0-44B8-A62D-080E523E8A68}.Ad-Hoc|iPhone.Build.0 = Release|Any CPU
		{722A1D0E-C8F0-44B8-A62D-080E523E8A68}.Ad-Hoc|iPhoneSimulator.ActiveCfg = Release|Any CPU
		{722A1D0E-C8F0-44B8-A62D-080E523E8A68}.Ad-Hoc|iPhoneSimulator.Build.0 = Release|Any CPU
		{722A1D0E-C8F0-44B8-A62D-080E523E8A68}.Ad-Hoc|x64.ActiveCfg = Release|Any CPU
		{722A1D0E-C8F0-44B8-A62D-080E523E8A68}.Ad-Hoc|x64.Build.0 = Release|Any CPU
		{722A1D0E-C8F0-44B8-A62D-080E523E8A68}.Ad-Hoc|x86.ActiveCfg = Release|Any CPU
		{722A1D0E-C8F0-44B8-A62D-080E523E8A68}.Ad-Hoc|x86.Build.0 = Release|Any CPU
		{722A1D0E-C8F0-44B8-A62D-080E523E8A68}.AppStore|Any CPU.ActiveCfg = Release|Any CPU
		{722A1D0E-C8F0-44B8-A62D-080E523E8A68}.AppStore|Any CPU.Build.0 = Release|Any CPU
		{722A1D0E-C8F0-44B8-A62D-080E523E8A68}.AppStore|ARM.ActiveCfg = Release|Any CPU
		{722A1D0E-C8F0-44B8-A62D-080E523E8A68}.AppStore|ARM.Build.0 = Release|Any CPU
		{722A1D0E-C8F0-44B8-A62D-080E523E8A68}.AppStore|iPhone.ActiveCfg = Release|Any CPU
		{722A1D0E-C8F0-44B8-A62D-080E523E8A68}.AppStore|iPhone.Build.0 = Release|Any CPU
		{722A1D0E-C8F0-44B8-A62D-080E523E8A68}.AppStore|iPhoneSimulator.ActiveCfg = Release|Any CPU
		{722A1D0E-C8F0-44B8-A62D-080E523E8A68}.AppStore|iPhoneSimulator.Build.0 = Release|Any CPU
		{722A1D0E-C8F0-44B8-A62D-080E523E8A68}.AppStore|x64.ActiveCfg = Release|Any CPU
		{722A1D0E-C8F0-44B8-A62D-080E523E8A68}.AppStore|x64.Build.0 = Release|Any CPU
		{722A1D0E-C8F0-44B8-A62D-080E523E8A68}.AppStore|x86.ActiveCfg = Release|Any CPU
		{722A1D0E-C8F0-44B8-A62D-080E523E8A68}.AppStore|x86.Build.0 = Release|Any CPU
		{722A1D0E-C8F0-44B8-A62D-080E523E8A68}.Debug|Any CPU.ActiveCfg = Debug|Any CPU
		{722A1D0E-C8F0-44B8-A62D-080E523E8A68}.Debug|Any CPU.Build.0 = Debug|Any CPU
		{722A1D0E-C8F0-44B8-A62D-080E523E8A68}.Debug|ARM.ActiveCfg = Debug|Any CPU
		{722A1D0E-C8F0-44B8-A62D-080E523E8A68}.Debug|ARM.Build.0 = Debug|Any CPU
		{722A1D0E-C8F0-44B8-A62D-080E523E8A68}.Debug|iPhone.ActiveCfg = Debug|Any CPU
		{722A1D0E-C8F0-44B8-A62D-080E523E8A68}.Debug|iPhone.Build.0 = Debug|Any CPU
		{722A1D0E-C8F0-44B8-A62D-080E523E8A68}.Debug|iPhoneSimulator.ActiveCfg = Debug|Any CPU
		{722A1D0E-C8F0-44B8-A62D-080E523E8A68}.Debug|iPhoneSimulator.Build.0 = Debug|Any CPU
		{722A1D0E-C8F0-44B8-A62D-080E523E8A68}.Debug|x64.ActiveCfg = Debug|Any CPU
		{722A1D0E-C8F0-44B8-A62D-080E523E8A68}.Debug|x64.Build.0 = Debug|Any CPU
		{722A1D0E-C8F0-44B8-A62D-080E523E8A68}.Debug|x86.ActiveCfg = Debug|Any CPU
		{722A1D0E-C8F0-44B8-A62D-080E523E8A68}.Debug|x86.Build.0 = Debug|Any CPU
		{722A1D0E-C8F0-44B8-A62D-080E523E8A68}.Release|Any CPU.ActiveCfg = Release|Any CPU
		{722A1D0E-C8F0-44B8-A62D-080E523E8A68}.Release|Any CPU.Build.0 = Release|Any CPU
		{722A1D0E-C8F0-44B8-A62D-080E523E8A68}.Release|ARM.ActiveCfg = Release|Any CPU
		{722A1D0E-C8F0-44B8-A62D-080E523E8A68}.Release|ARM.Build.0 = Release|Any CPU
		{722A1D0E-C8F0-44B8-A62D-080E523E8A68}.Release|iPhone.ActiveCfg = Release|Any CPU
		{722A1D0E-C8F0-44B8-A62D-080E523E8A68}.Release|iPhone.Build.0 = Release|Any CPU
		{722A1D0E-C8F0-44B8-A62D-080E523E8A68}.Release|iPhoneSimulator.ActiveCfg = Release|Any CPU
		{722A1D0E-C8F0-44B8-A62D-080E523E8A68}.Release|iPhoneSimulator.Build.0 = Release|Any CPU
		{722A1D0E-C8F0-44B8-A62D-080E523E8A68}.Release|x64.ActiveCfg = Release|Any CPU
		{722A1D0E-C8F0-44B8-A62D-080E523E8A68}.Release|x64.Build.0 = Release|Any CPU
		{722A1D0E-C8F0-44B8-A62D-080E523E8A68}.Release|x86.ActiveCfg = Release|Any CPU
		{722A1D0E-C8F0-44B8-A62D-080E523E8A68}.Release|x86.Build.0 = Release|Any CPU
		{CF4E7E07-9D0F-45AE-ABE8-47F7C3AA1C2D}.Ad-Hoc|Any CPU.ActiveCfg = Release|Any CPU
		{CF4E7E07-9D0F-45AE-ABE8-47F7C3AA1C2D}.Ad-Hoc|Any CPU.Build.0 = Release|Any CPU
		{CF4E7E07-9D0F-45AE-ABE8-47F7C3AA1C2D}.Ad-Hoc|ARM.ActiveCfg = Release|Any CPU
		{CF4E7E07-9D0F-45AE-ABE8-47F7C3AA1C2D}.Ad-Hoc|ARM.Build.0 = Release|Any CPU
		{CF4E7E07-9D0F-45AE-ABE8-47F7C3AA1C2D}.Ad-Hoc|iPhone.ActiveCfg = Release|Any CPU
		{CF4E7E07-9D0F-45AE-ABE8-47F7C3AA1C2D}.Ad-Hoc|iPhone.Build.0 = Release|Any CPU
		{CF4E7E07-9D0F-45AE-ABE8-47F7C3AA1C2D}.Ad-Hoc|iPhoneSimulator.ActiveCfg = Release|Any CPU
		{CF4E7E07-9D0F-45AE-ABE8-47F7C3AA1C2D}.Ad-Hoc|iPhoneSimulator.Build.0 = Release|Any CPU
		{CF4E7E07-9D0F-45AE-ABE8-47F7C3AA1C2D}.Ad-Hoc|x64.ActiveCfg = Release|Any CPU
		{CF4E7E07-9D0F-45AE-ABE8-47F7C3AA1C2D}.Ad-Hoc|x64.Build.0 = Release|Any CPU
		{CF4E7E07-9D0F-45AE-ABE8-47F7C3AA1C2D}.Ad-Hoc|x86.ActiveCfg = Release|Any CPU
		{CF4E7E07-9D0F-45AE-ABE8-47F7C3AA1C2D}.Ad-Hoc|x86.Build.0 = Release|Any CPU
		{CF4E7E07-9D0F-45AE-ABE8-47F7C3AA1C2D}.AppStore|Any CPU.ActiveCfg = Release|Any CPU
		{CF4E7E07-9D0F-45AE-ABE8-47F7C3AA1C2D}.AppStore|Any CPU.Build.0 = Release|Any CPU
		{CF4E7E07-9D0F-45AE-ABE8-47F7C3AA1C2D}.AppStore|ARM.ActiveCfg = Release|Any CPU
		{CF4E7E07-9D0F-45AE-ABE8-47F7C3AA1C2D}.AppStore|ARM.Build.0 = Release|Any CPU
		{CF4E7E07-9D0F-45AE-ABE8-47F7C3AA1C2D}.AppStore|iPhone.ActiveCfg = Release|Any CPU
		{CF4E7E07-9D0F-45AE-ABE8-47F7C3AA1C2D}.AppStore|iPhone.Build.0 = Release|Any CPU
		{CF4E7E07-9D0F-45AE-ABE8-47F7C3AA1C2D}.AppStore|iPhoneSimulator.ActiveCfg = Release|Any CPU
		{CF4E7E07-9D0F-45AE-ABE8-47F7C3AA1C2D}.AppStore|iPhoneSimulator.Build.0 = Release|Any CPU
		{CF4E7E07-9D0F-45AE-ABE8-47F7C3AA1C2D}.AppStore|x64.ActiveCfg = Release|Any CPU
		{CF4E7E07-9D0F-45AE-ABE8-47F7C3AA1C2D}.AppStore|x64.Build.0 = Release|Any CPU
		{CF4E7E07-9D0F-45AE-ABE8-47F7C3AA1C2D}.AppStore|x86.ActiveCfg = Release|Any CPU
		{CF4E7E07-9D0F-45AE-ABE8-47F7C3AA1C2D}.AppStore|x86.Build.0 = Release|Any CPU
		{CF4E7E07-9D0F-45AE-ABE8-47F7C3AA1C2D}.Debug|Any CPU.ActiveCfg = Debug|Any CPU
		{CF4E7E07-9D0F-45AE-ABE8-47F7C3AA1C2D}.Debug|Any CPU.Build.0 = Debug|Any CPU
		{CF4E7E07-9D0F-45AE-ABE8-47F7C3AA1C2D}.Debug|ARM.ActiveCfg = Debug|Any CPU
		{CF4E7E07-9D0F-45AE-ABE8-47F7C3AA1C2D}.Debug|ARM.Build.0 = Debug|Any CPU
		{CF4E7E07-9D0F-45AE-ABE8-47F7C3AA1C2D}.Debug|iPhone.ActiveCfg = Debug|Any CPU
		{CF4E7E07-9D0F-45AE-ABE8-47F7C3AA1C2D}.Debug|iPhone.Build.0 = Debug|Any CPU
		{CF4E7E07-9D0F-45AE-ABE8-47F7C3AA1C2D}.Debug|iPhoneSimulator.ActiveCfg = Debug|Any CPU
		{CF4E7E07-9D0F-45AE-ABE8-47F7C3AA1C2D}.Debug|iPhoneSimulator.Build.0 = Debug|Any CPU
		{CF4E7E07-9D0F-45AE-ABE8-47F7C3AA1C2D}.Debug|x64.ActiveCfg = Debug|Any CPU
		{CF4E7E07-9D0F-45AE-ABE8-47F7C3AA1C2D}.Debug|x64.Build.0 = Debug|Any CPU
		{CF4E7E07-9D0F-45AE-ABE8-47F7C3AA1C2D}.Debug|x86.ActiveCfg = Debug|Any CPU
		{CF4E7E07-9D0F-45AE-ABE8-47F7C3AA1C2D}.Debug|x86.Build.0 = Debug|Any CPU
		{CF4E7E07-9D0F-45AE-ABE8-47F7C3AA1C2D}.Release|Any CPU.ActiveCfg = Release|Any CPU
		{CF4E7E07-9D0F-45AE-ABE8-47F7C3AA1C2D}.Release|Any CPU.Build.0 = Release|Any CPU
		{CF4E7E07-9D0F-45AE-ABE8-47F7C3AA1C2D}.Release|ARM.ActiveCfg = Release|Any CPU
		{CF4E7E07-9D0F-45AE-ABE8-47F7C3AA1C2D}.Release|ARM.Build.0 = Release|Any CPU
		{CF4E7E07-9D0F-45AE-ABE8-47F7C3AA1C2D}.Release|iPhone.ActiveCfg = Release|Any CPU
		{CF4E7E07-9D0F-45AE-ABE8-47F7C3AA1C2D}.Release|iPhone.Build.0 = Release|Any CPU
		{CF4E7E07-9D0F-45AE-ABE8-47F7C3AA1C2D}.Release|iPhoneSimulator.ActiveCfg = Release|Any CPU
		{CF4E7E07-9D0F-45AE-ABE8-47F7C3AA1C2D}.Release|iPhoneSimulator.Build.0 = Release|Any CPU
		{CF4E7E07-9D0F-45AE-ABE8-47F7C3AA1C2D}.Release|x64.ActiveCfg = Release|Any CPU
		{CF4E7E07-9D0F-45AE-ABE8-47F7C3AA1C2D}.Release|x64.Build.0 = Release|Any CPU
		{CF4E7E07-9D0F-45AE-ABE8-47F7C3AA1C2D}.Release|x86.ActiveCfg = Release|Any CPU
		{CF4E7E07-9D0F-45AE-ABE8-47F7C3AA1C2D}.Release|x86.Build.0 = Release|Any CPU
		{CB589A1B-810D-4DEA-B501-C7E6992CB389}.Ad-Hoc|Any CPU.ActiveCfg = Release|Any CPU
		{CB589A1B-810D-4DEA-B501-C7E6992CB389}.Ad-Hoc|Any CPU.Build.0 = Release|Any CPU
		{CB589A1B-810D-4DEA-B501-C7E6992CB389}.Ad-Hoc|ARM.ActiveCfg = Release|Any CPU
		{CB589A1B-810D-4DEA-B501-C7E6992CB389}.Ad-Hoc|ARM.Build.0 = Release|Any CPU
		{CB589A1B-810D-4DEA-B501-C7E6992CB389}.Ad-Hoc|iPhone.ActiveCfg = Release|Any CPU
		{CB589A1B-810D-4DEA-B501-C7E6992CB389}.Ad-Hoc|iPhone.Build.0 = Release|Any CPU
		{CB589A1B-810D-4DEA-B501-C7E6992CB389}.Ad-Hoc|iPhoneSimulator.ActiveCfg = Release|Any CPU
		{CB589A1B-810D-4DEA-B501-C7E6992CB389}.Ad-Hoc|iPhoneSimulator.Build.0 = Release|Any CPU
		{CB589A1B-810D-4DEA-B501-C7E6992CB389}.Ad-Hoc|x64.ActiveCfg = Release|Any CPU
		{CB589A1B-810D-4DEA-B501-C7E6992CB389}.Ad-Hoc|x64.Build.0 = Release|Any CPU
		{CB589A1B-810D-4DEA-B501-C7E6992CB389}.Ad-Hoc|x86.ActiveCfg = Release|Any CPU
		{CB589A1B-810D-4DEA-B501-C7E6992CB389}.Ad-Hoc|x86.Build.0 = Release|Any CPU
		{CB589A1B-810D-4DEA-B501-C7E6992CB389}.AppStore|Any CPU.ActiveCfg = Release|Any CPU
		{CB589A1B-810D-4DEA-B501-C7E6992CB389}.AppStore|Any CPU.Build.0 = Release|Any CPU
		{CB589A1B-810D-4DEA-B501-C7E6992CB389}.AppStore|ARM.ActiveCfg = Release|Any CPU
		{CB589A1B-810D-4DEA-B501-C7E6992CB389}.AppStore|ARM.Build.0 = Release|Any CPU
		{CB589A1B-810D-4DEA-B501-C7E6992CB389}.AppStore|iPhone.ActiveCfg = Release|Any CPU
		{CB589A1B-810D-4DEA-B501-C7E6992CB389}.AppStore|iPhone.Build.0 = Release|Any CPU
		{CB589A1B-810D-4DEA-B501-C7E6992CB389}.AppStore|iPhoneSimulator.ActiveCfg = Release|Any CPU
		{CB589A1B-810D-4DEA-B501-C7E6992CB389}.AppStore|iPhoneSimulator.Build.0 = Release|Any CPU
		{CB589A1B-810D-4DEA-B501-C7E6992CB389}.AppStore|x64.ActiveCfg = Release|Any CPU
		{CB589A1B-810D-4DEA-B501-C7E6992CB389}.AppStore|x64.Build.0 = Release|Any CPU
		{CB589A1B-810D-4DEA-B501-C7E6992CB389}.AppStore|x86.ActiveCfg = Release|Any CPU
		{CB589A1B-810D-4DEA-B501-C7E6992CB389}.AppStore|x86.Build.0 = Release|Any CPU
		{CB589A1B-810D-4DEA-B501-C7E6992CB389}.Debug|Any CPU.ActiveCfg = Debug|Any CPU
		{CB589A1B-810D-4DEA-B501-C7E6992CB389}.Debug|Any CPU.Build.0 = Debug|Any CPU
		{CB589A1B-810D-4DEA-B501-C7E6992CB389}.Debug|ARM.ActiveCfg = Debug|Any CPU
		{CB589A1B-810D-4DEA-B501-C7E6992CB389}.Debug|ARM.Build.0 = Debug|Any CPU
		{CB589A1B-810D-4DEA-B501-C7E6992CB389}.Debug|iPhone.ActiveCfg = Debug|Any CPU
		{CB589A1B-810D-4DEA-B501-C7E6992CB389}.Debug|iPhone.Build.0 = Debug|Any CPU
		{CB589A1B-810D-4DEA-B501-C7E6992CB389}.Debug|iPhoneSimulator.ActiveCfg = Debug|Any CPU
		{CB589A1B-810D-4DEA-B501-C7E6992CB389}.Debug|iPhoneSimulator.Build.0 = Debug|Any CPU
		{CB589A1B-810D-4DEA-B501-C7E6992CB389}.Debug|x64.ActiveCfg = Debug|Any CPU
		{CB589A1B-810D-4DEA-B501-C7E6992CB389}.Debug|x64.Build.0 = Debug|Any CPU
		{CB589A1B-810D-4DEA-B501-C7E6992CB389}.Debug|x86.ActiveCfg = Debug|Any CPU
		{CB589A1B-810D-4DEA-B501-C7E6992CB389}.Debug|x86.Build.0 = Debug|Any CPU
		{CB589A1B-810D-4DEA-B501-C7E6992CB389}.Release|Any CPU.ActiveCfg = Release|Any CPU
		{CB589A1B-810D-4DEA-B501-C7E6992CB389}.Release|Any CPU.Build.0 = Release|Any CPU
		{CB589A1B-810D-4DEA-B501-C7E6992CB389}.Release|ARM.ActiveCfg = Release|Any CPU
		{CB589A1B-810D-4DEA-B501-C7E6992CB389}.Release|ARM.Build.0 = Release|Any CPU
		{CB589A1B-810D-4DEA-B501-C7E6992CB389}.Release|iPhone.ActiveCfg = Release|Any CPU
		{CB589A1B-810D-4DEA-B501-C7E6992CB389}.Release|iPhone.Build.0 = Release|Any CPU
		{CB589A1B-810D-4DEA-B501-C7E6992CB389}.Release|iPhoneSimulator.ActiveCfg = Release|Any CPU
		{CB589A1B-810D-4DEA-B501-C7E6992CB389}.Release|iPhoneSimulator.Build.0 = Release|Any CPU
		{CB589A1B-810D-4DEA-B501-C7E6992CB389}.Release|x64.ActiveCfg = Release|Any CPU
		{CB589A1B-810D-4DEA-B501-C7E6992CB389}.Release|x64.Build.0 = Release|Any CPU
		{CB589A1B-810D-4DEA-B501-C7E6992CB389}.Release|x86.ActiveCfg = Release|Any CPU
		{CB589A1B-810D-4DEA-B501-C7E6992CB389}.Release|x86.Build.0 = Release|Any CPU
		{27F3D3C5-8223-45F6-BC0B-65E7F378AFAD}.Ad-Hoc|Any CPU.ActiveCfg = Release|Any CPU
		{27F3D3C5-8223-45F6-BC0B-65E7F378AFAD}.Ad-Hoc|Any CPU.Build.0 = Release|Any CPU
		{27F3D3C5-8223-45F6-BC0B-65E7F378AFAD}.Ad-Hoc|ARM.ActiveCfg = Release|Any CPU
		{27F3D3C5-8223-45F6-BC0B-65E7F378AFAD}.Ad-Hoc|ARM.Build.0 = Release|Any CPU
		{27F3D3C5-8223-45F6-BC0B-65E7F378AFAD}.Ad-Hoc|iPhone.ActiveCfg = Release|Any CPU
		{27F3D3C5-8223-45F6-BC0B-65E7F378AFAD}.Ad-Hoc|iPhone.Build.0 = Release|Any CPU
		{27F3D3C5-8223-45F6-BC0B-65E7F378AFAD}.Ad-Hoc|iPhoneSimulator.ActiveCfg = Release|Any CPU
		{27F3D3C5-8223-45F6-BC0B-65E7F378AFAD}.Ad-Hoc|iPhoneSimulator.Build.0 = Release|Any CPU
		{27F3D3C5-8223-45F6-BC0B-65E7F378AFAD}.Ad-Hoc|x64.ActiveCfg = Release|Any CPU
		{27F3D3C5-8223-45F6-BC0B-65E7F378AFAD}.Ad-Hoc|x64.Build.0 = Release|Any CPU
		{27F3D3C5-8223-45F6-BC0B-65E7F378AFAD}.Ad-Hoc|x86.ActiveCfg = Release|Any CPU
		{27F3D3C5-8223-45F6-BC0B-65E7F378AFAD}.Ad-Hoc|x86.Build.0 = Release|Any CPU
		{27F3D3C5-8223-45F6-BC0B-65E7F378AFAD}.AppStore|Any CPU.ActiveCfg = Release|Any CPU
		{27F3D3C5-8223-45F6-BC0B-65E7F378AFAD}.AppStore|Any CPU.Build.0 = Release|Any CPU
		{27F3D3C5-8223-45F6-BC0B-65E7F378AFAD}.AppStore|ARM.ActiveCfg = Release|Any CPU
		{27F3D3C5-8223-45F6-BC0B-65E7F378AFAD}.AppStore|ARM.Build.0 = Release|Any CPU
		{27F3D3C5-8223-45F6-BC0B-65E7F378AFAD}.AppStore|iPhone.ActiveCfg = Release|Any CPU
		{27F3D3C5-8223-45F6-BC0B-65E7F378AFAD}.AppStore|iPhone.Build.0 = Release|Any CPU
		{27F3D3C5-8223-45F6-BC0B-65E7F378AFAD}.AppStore|iPhoneSimulator.ActiveCfg = Release|Any CPU
		{27F3D3C5-8223-45F6-BC0B-65E7F378AFAD}.AppStore|iPhoneSimulator.Build.0 = Release|Any CPU
		{27F3D3C5-8223-45F6-BC0B-65E7F378AFAD}.AppStore|x64.ActiveCfg = Release|Any CPU
		{27F3D3C5-8223-45F6-BC0B-65E7F378AFAD}.AppStore|x64.Build.0 = Release|Any CPU
		{27F3D3C5-8223-45F6-BC0B-65E7F378AFAD}.AppStore|x86.ActiveCfg = Release|Any CPU
		{27F3D3C5-8223-45F6-BC0B-65E7F378AFAD}.AppStore|x86.Build.0 = Release|Any CPU
		{27F3D3C5-8223-45F6-BC0B-65E7F378AFAD}.Debug|Any CPU.ActiveCfg = Debug|Any CPU
		{27F3D3C5-8223-45F6-BC0B-65E7F378AFAD}.Debug|Any CPU.Build.0 = Debug|Any CPU
		{27F3D3C5-8223-45F6-BC0B-65E7F378AFAD}.Debug|ARM.ActiveCfg = Debug|Any CPU
		{27F3D3C5-8223-45F6-BC0B-65E7F378AFAD}.Debug|ARM.Build.0 = Debug|Any CPU
		{27F3D3C5-8223-45F6-BC0B-65E7F378AFAD}.Debug|iPhone.ActiveCfg = Debug|Any CPU
		{27F3D3C5-8223-45F6-BC0B-65E7F378AFAD}.Debug|iPhone.Build.0 = Debug|Any CPU
		{27F3D3C5-8223-45F6-BC0B-65E7F378AFAD}.Debug|iPhoneSimulator.ActiveCfg = Debug|Any CPU
		{27F3D3C5-8223-45F6-BC0B-65E7F378AFAD}.Debug|iPhoneSimulator.Build.0 = Debug|Any CPU
		{27F3D3C5-8223-45F6-BC0B-65E7F378AFAD}.Debug|x64.ActiveCfg = Debug|Any CPU
		{27F3D3C5-8223-45F6-BC0B-65E7F378AFAD}.Debug|x64.Build.0 = Debug|Any CPU
		{27F3D3C5-8223-45F6-BC0B-65E7F378AFAD}.Debug|x86.ActiveCfg = Debug|Any CPU
		{27F3D3C5-8223-45F6-BC0B-65E7F378AFAD}.Debug|x86.Build.0 = Debug|Any CPU
		{27F3D3C5-8223-45F6-BC0B-65E7F378AFAD}.Release|Any CPU.ActiveCfg = Release|Any CPU
		{27F3D3C5-8223-45F6-BC0B-65E7F378AFAD}.Release|Any CPU.Build.0 = Release|Any CPU
		{27F3D3C5-8223-45F6-BC0B-65E7F378AFAD}.Release|ARM.ActiveCfg = Release|Any CPU
		{27F3D3C5-8223-45F6-BC0B-65E7F378AFAD}.Release|ARM.Build.0 = Release|Any CPU
		{27F3D3C5-8223-45F6-BC0B-65E7F378AFAD}.Release|iPhone.ActiveCfg = Release|Any CPU
		{27F3D3C5-8223-45F6-BC0B-65E7F378AFAD}.Release|iPhone.Build.0 = Release|Any CPU
		{27F3D3C5-8223-45F6-BC0B-65E7F378AFAD}.Release|iPhoneSimulator.ActiveCfg = Release|Any CPU
		{27F3D3C5-8223-45F6-BC0B-65E7F378AFAD}.Release|iPhoneSimulator.Build.0 = Release|Any CPU
		{27F3D3C5-8223-45F6-BC0B-65E7F378AFAD}.Release|x64.ActiveCfg = Release|Any CPU
		{27F3D3C5-8223-45F6-BC0B-65E7F378AFAD}.Release|x64.Build.0 = Release|Any CPU
		{27F3D3C5-8223-45F6-BC0B-65E7F378AFAD}.Release|x86.ActiveCfg = Release|Any CPU
		{27F3D3C5-8223-45F6-BC0B-65E7F378AFAD}.Release|x86.Build.0 = Release|Any CPU
		{28D2C179-D156-425E-8749-7471CD8CB542}.Ad-Hoc|Any CPU.ActiveCfg = Release|Any CPU
		{28D2C179-D156-425E-8749-7471CD8CB542}.Ad-Hoc|Any CPU.Build.0 = Release|Any CPU
		{28D2C179-D156-425E-8749-7471CD8CB542}.Ad-Hoc|ARM.ActiveCfg = Release|Any CPU
		{28D2C179-D156-425E-8749-7471CD8CB542}.Ad-Hoc|ARM.Build.0 = Release|Any CPU
		{28D2C179-D156-425E-8749-7471CD8CB542}.Ad-Hoc|iPhone.ActiveCfg = Release|Any CPU
		{28D2C179-D156-425E-8749-7471CD8CB542}.Ad-Hoc|iPhone.Build.0 = Release|Any CPU
		{28D2C179-D156-425E-8749-7471CD8CB542}.Ad-Hoc|iPhoneSimulator.ActiveCfg = Release|Any CPU
		{28D2C179-D156-425E-8749-7471CD8CB542}.Ad-Hoc|iPhoneSimulator.Build.0 = Release|Any CPU
		{28D2C179-D156-425E-8749-7471CD8CB542}.Ad-Hoc|x64.ActiveCfg = Release|Any CPU
		{28D2C179-D156-425E-8749-7471CD8CB542}.Ad-Hoc|x64.Build.0 = Release|Any CPU
		{28D2C179-D156-425E-8749-7471CD8CB542}.Ad-Hoc|x86.ActiveCfg = Release|Any CPU
		{28D2C179-D156-425E-8749-7471CD8CB542}.Ad-Hoc|x86.Build.0 = Release|Any CPU
		{28D2C179-D156-425E-8749-7471CD8CB542}.AppStore|Any CPU.ActiveCfg = Release|Any CPU
		{28D2C179-D156-425E-8749-7471CD8CB542}.AppStore|Any CPU.Build.0 = Release|Any CPU
		{28D2C179-D156-425E-8749-7471CD8CB542}.AppStore|ARM.ActiveCfg = Release|Any CPU
		{28D2C179-D156-425E-8749-7471CD8CB542}.AppStore|ARM.Build.0 = Release|Any CPU
		{28D2C179-D156-425E-8749-7471CD8CB542}.AppStore|iPhone.ActiveCfg = Release|Any CPU
		{28D2C179-D156-425E-8749-7471CD8CB542}.AppStore|iPhone.Build.0 = Release|Any CPU
		{28D2C179-D156-425E-8749-7471CD8CB542}.AppStore|iPhoneSimulator.ActiveCfg = Release|Any CPU
		{28D2C179-D156-425E-8749-7471CD8CB542}.AppStore|iPhoneSimulator.Build.0 = Release|Any CPU
		{28D2C179-D156-425E-8749-7471CD8CB542}.AppStore|x64.ActiveCfg = Release|Any CPU
		{28D2C179-D156-425E-8749-7471CD8CB542}.AppStore|x64.Build.0 = Release|Any CPU
		{28D2C179-D156-425E-8749-7471CD8CB542}.AppStore|x86.ActiveCfg = Release|Any CPU
		{28D2C179-D156-425E-8749-7471CD8CB542}.AppStore|x86.Build.0 = Release|Any CPU
		{28D2C179-D156-425E-8749-7471CD8CB542}.Debug|Any CPU.ActiveCfg = Debug|Any CPU
		{28D2C179-D156-425E-8749-7471CD8CB542}.Debug|Any CPU.Build.0 = Debug|Any CPU
		{28D2C179-D156-425E-8749-7471CD8CB542}.Debug|ARM.ActiveCfg = Debug|Any CPU
		{28D2C179-D156-425E-8749-7471CD8CB542}.Debug|ARM.Build.0 = Debug|Any CPU
		{28D2C179-D156-425E-8749-7471CD8CB542}.Debug|iPhone.ActiveCfg = Debug|Any CPU
		{28D2C179-D156-425E-8749-7471CD8CB542}.Debug|iPhone.Build.0 = Debug|Any CPU
		{28D2C179-D156-425E-8749-7471CD8CB542}.Debug|iPhoneSimulator.ActiveCfg = Debug|Any CPU
		{28D2C179-D156-425E-8749-7471CD8CB542}.Debug|iPhoneSimulator.Build.0 = Debug|Any CPU
		{28D2C179-D156-425E-8749-7471CD8CB542}.Debug|x64.ActiveCfg = Debug|Any CPU
		{28D2C179-D156-425E-8749-7471CD8CB542}.Debug|x64.Build.0 = Debug|Any CPU
		{28D2C179-D156-425E-8749-7471CD8CB542}.Debug|x86.ActiveCfg = Debug|Any CPU
		{28D2C179-D156-425E-8749-7471CD8CB542}.Debug|x86.Build.0 = Debug|Any CPU
		{28D2C179-D156-425E-8749-7471CD8CB542}.Release|Any CPU.ActiveCfg = Release|Any CPU
		{28D2C179-D156-425E-8749-7471CD8CB542}.Release|Any CPU.Build.0 = Release|Any CPU
		{28D2C179-D156-425E-8749-7471CD8CB542}.Release|ARM.ActiveCfg = Release|Any CPU
		{28D2C179-D156-425E-8749-7471CD8CB542}.Release|ARM.Build.0 = Release|Any CPU
		{28D2C179-D156-425E-8749-7471CD8CB542}.Release|iPhone.ActiveCfg = Release|Any CPU
		{28D2C179-D156-425E-8749-7471CD8CB542}.Release|iPhone.Build.0 = Release|Any CPU
		{28D2C179-D156-425E-8749-7471CD8CB542}.Release|iPhoneSimulator.ActiveCfg = Release|Any CPU
		{28D2C179-D156-425E-8749-7471CD8CB542}.Release|iPhoneSimulator.Build.0 = Release|Any CPU
		{28D2C179-D156-425E-8749-7471CD8CB542}.Release|x64.ActiveCfg = Release|Any CPU
		{28D2C179-D156-425E-8749-7471CD8CB542}.Release|x64.Build.0 = Release|Any CPU
		{28D2C179-D156-425E-8749-7471CD8CB542}.Release|x86.ActiveCfg = Release|Any CPU
		{28D2C179-D156-425E-8749-7471CD8CB542}.Release|x86.Build.0 = Release|Any CPU
		{1BEA98A4-441A-44A6-898B-DADD82E7F20B}.Ad-Hoc|Any CPU.ActiveCfg = Release|Any CPU
		{1BEA98A4-441A-44A6-898B-DADD82E7F20B}.Ad-Hoc|Any CPU.Build.0 = Release|Any CPU
		{1BEA98A4-441A-44A6-898B-DADD82E7F20B}.Ad-Hoc|ARM.ActiveCfg = Release|Any CPU
		{1BEA98A4-441A-44A6-898B-DADD82E7F20B}.Ad-Hoc|ARM.Build.0 = Release|Any CPU
		{1BEA98A4-441A-44A6-898B-DADD82E7F20B}.Ad-Hoc|iPhone.ActiveCfg = Release|Any CPU
		{1BEA98A4-441A-44A6-898B-DADD82E7F20B}.Ad-Hoc|iPhone.Build.0 = Release|Any CPU
		{1BEA98A4-441A-44A6-898B-DADD82E7F20B}.Ad-Hoc|iPhoneSimulator.ActiveCfg = Release|Any CPU
		{1BEA98A4-441A-44A6-898B-DADD82E7F20B}.Ad-Hoc|iPhoneSimulator.Build.0 = Release|Any CPU
		{1BEA98A4-441A-44A6-898B-DADD82E7F20B}.Ad-Hoc|x64.ActiveCfg = Release|Any CPU
		{1BEA98A4-441A-44A6-898B-DADD82E7F20B}.Ad-Hoc|x64.Build.0 = Release|Any CPU
		{1BEA98A4-441A-44A6-898B-DADD82E7F20B}.Ad-Hoc|x86.ActiveCfg = Release|Any CPU
		{1BEA98A4-441A-44A6-898B-DADD82E7F20B}.Ad-Hoc|x86.Build.0 = Release|Any CPU
		{1BEA98A4-441A-44A6-898B-DADD82E7F20B}.AppStore|Any CPU.ActiveCfg = Release|Any CPU
		{1BEA98A4-441A-44A6-898B-DADD82E7F20B}.AppStore|Any CPU.Build.0 = Release|Any CPU
		{1BEA98A4-441A-44A6-898B-DADD82E7F20B}.AppStore|ARM.ActiveCfg = Release|Any CPU
		{1BEA98A4-441A-44A6-898B-DADD82E7F20B}.AppStore|ARM.Build.0 = Release|Any CPU
		{1BEA98A4-441A-44A6-898B-DADD82E7F20B}.AppStore|iPhone.ActiveCfg = Release|Any CPU
		{1BEA98A4-441A-44A6-898B-DADD82E7F20B}.AppStore|iPhone.Build.0 = Release|Any CPU
		{1BEA98A4-441A-44A6-898B-DADD82E7F20B}.AppStore|iPhoneSimulator.ActiveCfg = Release|Any CPU
		{1BEA98A4-441A-44A6-898B-DADD82E7F20B}.AppStore|iPhoneSimulator.Build.0 = Release|Any CPU
		{1BEA98A4-441A-44A6-898B-DADD82E7F20B}.AppStore|x64.ActiveCfg = Release|Any CPU
		{1BEA98A4-441A-44A6-898B-DADD82E7F20B}.AppStore|x64.Build.0 = Release|Any CPU
		{1BEA98A4-441A-44A6-898B-DADD82E7F20B}.AppStore|x86.ActiveCfg = Release|Any CPU
		{1BEA98A4-441A-44A6-898B-DADD82E7F20B}.AppStore|x86.Build.0 = Release|Any CPU
		{1BEA98A4-441A-44A6-898B-DADD82E7F20B}.Debug|Any CPU.ActiveCfg = Debug|Any CPU
		{1BEA98A4-441A-44A6-898B-DADD82E7F20B}.Debug|Any CPU.Build.0 = Debug|Any CPU
		{1BEA98A4-441A-44A6-898B-DADD82E7F20B}.Debug|ARM.ActiveCfg = Debug|Any CPU
		{1BEA98A4-441A-44A6-898B-DADD82E7F20B}.Debug|ARM.Build.0 = Debug|Any CPU
		{1BEA98A4-441A-44A6-898B-DADD82E7F20B}.Debug|iPhone.ActiveCfg = Debug|Any CPU
		{1BEA98A4-441A-44A6-898B-DADD82E7F20B}.Debug|iPhone.Build.0 = Debug|Any CPU
		{1BEA98A4-441A-44A6-898B-DADD82E7F20B}.Debug|iPhoneSimulator.ActiveCfg = Debug|Any CPU
		{1BEA98A4-441A-44A6-898B-DADD82E7F20B}.Debug|iPhoneSimulator.Build.0 = Debug|Any CPU
		{1BEA98A4-441A-44A6-898B-DADD82E7F20B}.Debug|x64.ActiveCfg = Debug|Any CPU
		{1BEA98A4-441A-44A6-898B-DADD82E7F20B}.Debug|x64.Build.0 = Debug|Any CPU
		{1BEA98A4-441A-44A6-898B-DADD82E7F20B}.Debug|x86.ActiveCfg = Debug|Any CPU
		{1BEA98A4-441A-44A6-898B-DADD82E7F20B}.Debug|x86.Build.0 = Debug|Any CPU
		{1BEA98A4-441A-44A6-898B-DADD82E7F20B}.Release|Any CPU.ActiveCfg = Release|Any CPU
		{1BEA98A4-441A-44A6-898B-DADD82E7F20B}.Release|Any CPU.Build.0 = Release|Any CPU
		{1BEA98A4-441A-44A6-898B-DADD82E7F20B}.Release|ARM.ActiveCfg = Release|Any CPU
		{1BEA98A4-441A-44A6-898B-DADD82E7F20B}.Release|ARM.Build.0 = Release|Any CPU
		{1BEA98A4-441A-44A6-898B-DADD82E7F20B}.Release|iPhone.ActiveCfg = Release|Any CPU
		{1BEA98A4-441A-44A6-898B-DADD82E7F20B}.Release|iPhone.Build.0 = Release|Any CPU
		{1BEA98A4-441A-44A6-898B-DADD82E7F20B}.Release|iPhoneSimulator.ActiveCfg = Release|Any CPU
		{1BEA98A4-441A-44A6-898B-DADD82E7F20B}.Release|iPhoneSimulator.Build.0 = Release|Any CPU
		{1BEA98A4-441A-44A6-898B-DADD82E7F20B}.Release|x64.ActiveCfg = Release|Any CPU
		{1BEA98A4-441A-44A6-898B-DADD82E7F20B}.Release|x64.Build.0 = Release|Any CPU
		{1BEA98A4-441A-44A6-898B-DADD82E7F20B}.Release|x86.ActiveCfg = Release|Any CPU
		{1BEA98A4-441A-44A6-898B-DADD82E7F20B}.Release|x86.Build.0 = Release|Any CPU
		{4B33D1CA-103C-465D-9946-F64242D945FA}.Ad-Hoc|Any CPU.ActiveCfg = Debug|Any CPU
		{4B33D1CA-103C-465D-9946-F64242D945FA}.Ad-Hoc|Any CPU.Build.0 = Debug|Any CPU
		{4B33D1CA-103C-465D-9946-F64242D945FA}.Ad-Hoc|ARM.ActiveCfg = Debug|Any CPU
		{4B33D1CA-103C-465D-9946-F64242D945FA}.Ad-Hoc|ARM.Build.0 = Debug|Any CPU
		{4B33D1CA-103C-465D-9946-F64242D945FA}.Ad-Hoc|iPhone.ActiveCfg = Debug|Any CPU
		{4B33D1CA-103C-465D-9946-F64242D945FA}.Ad-Hoc|iPhone.Build.0 = Debug|Any CPU
		{4B33D1CA-103C-465D-9946-F64242D945FA}.Ad-Hoc|iPhoneSimulator.ActiveCfg = Debug|Any CPU
		{4B33D1CA-103C-465D-9946-F64242D945FA}.Ad-Hoc|iPhoneSimulator.Build.0 = Debug|Any CPU
		{4B33D1CA-103C-465D-9946-F64242D945FA}.Ad-Hoc|x64.ActiveCfg = Debug|Any CPU
		{4B33D1CA-103C-465D-9946-F64242D945FA}.Ad-Hoc|x64.Build.0 = Debug|Any CPU
		{4B33D1CA-103C-465D-9946-F64242D945FA}.Ad-Hoc|x86.ActiveCfg = Debug|Any CPU
		{4B33D1CA-103C-465D-9946-F64242D945FA}.Ad-Hoc|x86.Build.0 = Debug|Any CPU
		{4B33D1CA-103C-465D-9946-F64242D945FA}.AppStore|Any CPU.ActiveCfg = Debug|Any CPU
		{4B33D1CA-103C-465D-9946-F64242D945FA}.AppStore|Any CPU.Build.0 = Debug|Any CPU
		{4B33D1CA-103C-465D-9946-F64242D945FA}.AppStore|ARM.ActiveCfg = Debug|Any CPU
		{4B33D1CA-103C-465D-9946-F64242D945FA}.AppStore|ARM.Build.0 = Debug|Any CPU
		{4B33D1CA-103C-465D-9946-F64242D945FA}.AppStore|iPhone.ActiveCfg = Debug|Any CPU
		{4B33D1CA-103C-465D-9946-F64242D945FA}.AppStore|iPhone.Build.0 = Debug|Any CPU
		{4B33D1CA-103C-465D-9946-F64242D945FA}.AppStore|iPhoneSimulator.ActiveCfg = Debug|Any CPU
		{4B33D1CA-103C-465D-9946-F64242D945FA}.AppStore|iPhoneSimulator.Build.0 = Debug|Any CPU
		{4B33D1CA-103C-465D-9946-F64242D945FA}.AppStore|x64.ActiveCfg = Debug|Any CPU
		{4B33D1CA-103C-465D-9946-F64242D945FA}.AppStore|x64.Build.0 = Debug|Any CPU
		{4B33D1CA-103C-465D-9946-F64242D945FA}.AppStore|x86.ActiveCfg = Debug|Any CPU
		{4B33D1CA-103C-465D-9946-F64242D945FA}.AppStore|x86.Build.0 = Debug|Any CPU
		{4B33D1CA-103C-465D-9946-F64242D945FA}.Debug|Any CPU.ActiveCfg = Debug|Any CPU
		{4B33D1CA-103C-465D-9946-F64242D945FA}.Debug|Any CPU.Build.0 = Debug|Any CPU
		{4B33D1CA-103C-465D-9946-F64242D945FA}.Debug|ARM.ActiveCfg = Debug|Any CPU
		{4B33D1CA-103C-465D-9946-F64242D945FA}.Debug|ARM.Build.0 = Debug|Any CPU
		{4B33D1CA-103C-465D-9946-F64242D945FA}.Debug|iPhone.ActiveCfg = Debug|Any CPU
		{4B33D1CA-103C-465D-9946-F64242D945FA}.Debug|iPhone.Build.0 = Debug|Any CPU
		{4B33D1CA-103C-465D-9946-F64242D945FA}.Debug|iPhoneSimulator.ActiveCfg = Debug|Any CPU
		{4B33D1CA-103C-465D-9946-F64242D945FA}.Debug|iPhoneSimulator.Build.0 = Debug|Any CPU
		{4B33D1CA-103C-465D-9946-F64242D945FA}.Debug|x64.ActiveCfg = Debug|Any CPU
		{4B33D1CA-103C-465D-9946-F64242D945FA}.Debug|x64.Build.0 = Debug|Any CPU
		{4B33D1CA-103C-465D-9946-F64242D945FA}.Debug|x86.ActiveCfg = Debug|Any CPU
		{4B33D1CA-103C-465D-9946-F64242D945FA}.Debug|x86.Build.0 = Debug|Any CPU
		{4B33D1CA-103C-465D-9946-F64242D945FA}.Release|Any CPU.ActiveCfg = Release|Any CPU
		{4B33D1CA-103C-465D-9946-F64242D945FA}.Release|Any CPU.Build.0 = Release|Any CPU
		{4B33D1CA-103C-465D-9946-F64242D945FA}.Release|ARM.ActiveCfg = Release|Any CPU
		{4B33D1CA-103C-465D-9946-F64242D945FA}.Release|ARM.Build.0 = Release|Any CPU
		{4B33D1CA-103C-465D-9946-F64242D945FA}.Release|iPhone.ActiveCfg = Release|Any CPU
		{4B33D1CA-103C-465D-9946-F64242D945FA}.Release|iPhone.Build.0 = Release|Any CPU
		{4B33D1CA-103C-465D-9946-F64242D945FA}.Release|iPhoneSimulator.ActiveCfg = Release|Any CPU
		{4B33D1CA-103C-465D-9946-F64242D945FA}.Release|iPhoneSimulator.Build.0 = Release|Any CPU
		{4B33D1CA-103C-465D-9946-F64242D945FA}.Release|x64.ActiveCfg = Release|Any CPU
		{4B33D1CA-103C-465D-9946-F64242D945FA}.Release|x64.Build.0 = Release|Any CPU
		{4B33D1CA-103C-465D-9946-F64242D945FA}.Release|x86.ActiveCfg = Release|Any CPU
		{4B33D1CA-103C-465D-9946-F64242D945FA}.Release|x86.Build.0 = Release|Any CPU
		{5C2BE833-54A7-4C59-B22C-25E49A4EF196}.Ad-Hoc|Any CPU.ActiveCfg = Release|Any CPU
		{5C2BE833-54A7-4C59-B22C-25E49A4EF196}.Ad-Hoc|Any CPU.Build.0 = Release|Any CPU
		{5C2BE833-54A7-4C59-B22C-25E49A4EF196}.Ad-Hoc|ARM.ActiveCfg = Release|Any CPU
		{5C2BE833-54A7-4C59-B22C-25E49A4EF196}.Ad-Hoc|ARM.Build.0 = Release|Any CPU
		{5C2BE833-54A7-4C59-B22C-25E49A4EF196}.Ad-Hoc|iPhone.ActiveCfg = Release|Any CPU
		{5C2BE833-54A7-4C59-B22C-25E49A4EF196}.Ad-Hoc|iPhone.Build.0 = Release|Any CPU
		{5C2BE833-54A7-4C59-B22C-25E49A4EF196}.Ad-Hoc|iPhoneSimulator.ActiveCfg = Release|Any CPU
		{5C2BE833-54A7-4C59-B22C-25E49A4EF196}.Ad-Hoc|iPhoneSimulator.Build.0 = Release|Any CPU
		{5C2BE833-54A7-4C59-B22C-25E49A4EF196}.Ad-Hoc|x64.ActiveCfg = Release|Any CPU
		{5C2BE833-54A7-4C59-B22C-25E49A4EF196}.Ad-Hoc|x64.Build.0 = Release|Any CPU
		{5C2BE833-54A7-4C59-B22C-25E49A4EF196}.Ad-Hoc|x86.ActiveCfg = Release|Any CPU
		{5C2BE833-54A7-4C59-B22C-25E49A4EF196}.Ad-Hoc|x86.Build.0 = Release|Any CPU
		{5C2BE833-54A7-4C59-B22C-25E49A4EF196}.AppStore|Any CPU.ActiveCfg = Release|Any CPU
		{5C2BE833-54A7-4C59-B22C-25E49A4EF196}.AppStore|Any CPU.Build.0 = Release|Any CPU
		{5C2BE833-54A7-4C59-B22C-25E49A4EF196}.AppStore|ARM.ActiveCfg = Release|Any CPU
		{5C2BE833-54A7-4C59-B22C-25E49A4EF196}.AppStore|ARM.Build.0 = Release|Any CPU
		{5C2BE833-54A7-4C59-B22C-25E49A4EF196}.AppStore|iPhone.ActiveCfg = Release|Any CPU
		{5C2BE833-54A7-4C59-B22C-25E49A4EF196}.AppStore|iPhone.Build.0 = Release|Any CPU
		{5C2BE833-54A7-4C59-B22C-25E49A4EF196}.AppStore|iPhoneSimulator.ActiveCfg = Release|Any CPU
		{5C2BE833-54A7-4C59-B22C-25E49A4EF196}.AppStore|iPhoneSimulator.Build.0 = Release|Any CPU
		{5C2BE833-54A7-4C59-B22C-25E49A4EF196}.AppStore|x64.ActiveCfg = Release|Any CPU
		{5C2BE833-54A7-4C59-B22C-25E49A4EF196}.AppStore|x64.Build.0 = Release|Any CPU
		{5C2BE833-54A7-4C59-B22C-25E49A4EF196}.AppStore|x86.ActiveCfg = Release|Any CPU
		{5C2BE833-54A7-4C59-B22C-25E49A4EF196}.AppStore|x86.Build.0 = Release|Any CPU
		{5C2BE833-54A7-4C59-B22C-25E49A4EF196}.Debug|Any CPU.ActiveCfg = Debug|Any CPU
		{5C2BE833-54A7-4C59-B22C-25E49A4EF196}.Debug|Any CPU.Build.0 = Debug|Any CPU
		{5C2BE833-54A7-4C59-B22C-25E49A4EF196}.Debug|ARM.ActiveCfg = Debug|Any CPU
		{5C2BE833-54A7-4C59-B22C-25E49A4EF196}.Debug|ARM.Build.0 = Debug|Any CPU
		{5C2BE833-54A7-4C59-B22C-25E49A4EF196}.Debug|iPhone.ActiveCfg = Debug|Any CPU
		{5C2BE833-54A7-4C59-B22C-25E49A4EF196}.Debug|iPhone.Build.0 = Debug|Any CPU
		{5C2BE833-54A7-4C59-B22C-25E49A4EF196}.Debug|iPhoneSimulator.ActiveCfg = Debug|Any CPU
		{5C2BE833-54A7-4C59-B22C-25E49A4EF196}.Debug|iPhoneSimulator.Build.0 = Debug|Any CPU
		{5C2BE833-54A7-4C59-B22C-25E49A4EF196}.Debug|x64.ActiveCfg = Debug|Any CPU
		{5C2BE833-54A7-4C59-B22C-25E49A4EF196}.Debug|x64.Build.0 = Debug|Any CPU
		{5C2BE833-54A7-4C59-B22C-25E49A4EF196}.Debug|x86.ActiveCfg = Debug|Any CPU
		{5C2BE833-54A7-4C59-B22C-25E49A4EF196}.Debug|x86.Build.0 = Debug|Any CPU
		{5C2BE833-54A7-4C59-B22C-25E49A4EF196}.Release|Any CPU.ActiveCfg = Release|Any CPU
		{5C2BE833-54A7-4C59-B22C-25E49A4EF196}.Release|Any CPU.Build.0 = Release|Any CPU
		{5C2BE833-54A7-4C59-B22C-25E49A4EF196}.Release|ARM.ActiveCfg = Release|Any CPU
		{5C2BE833-54A7-4C59-B22C-25E49A4EF196}.Release|ARM.Build.0 = Release|Any CPU
		{5C2BE833-54A7-4C59-B22C-25E49A4EF196}.Release|iPhone.ActiveCfg = Release|Any CPU
		{5C2BE833-54A7-4C59-B22C-25E49A4EF196}.Release|iPhone.Build.0 = Release|Any CPU
		{5C2BE833-54A7-4C59-B22C-25E49A4EF196}.Release|iPhoneSimulator.ActiveCfg = Release|Any CPU
		{5C2BE833-54A7-4C59-B22C-25E49A4EF196}.Release|iPhoneSimulator.Build.0 = Release|Any CPU
		{5C2BE833-54A7-4C59-B22C-25E49A4EF196}.Release|x64.ActiveCfg = Release|Any CPU
		{5C2BE833-54A7-4C59-B22C-25E49A4EF196}.Release|x64.Build.0 = Release|Any CPU
		{5C2BE833-54A7-4C59-B22C-25E49A4EF196}.Release|x86.ActiveCfg = Release|Any CPU
		{5C2BE833-54A7-4C59-B22C-25E49A4EF196}.Release|x86.Build.0 = Release|Any CPU
		{B8D44EF3-211F-4992-8AB8-64970ACC52ED}.Ad-Hoc|Any CPU.ActiveCfg = Release|iPhone
		{B8D44EF3-211F-4992-8AB8-64970ACC52ED}.Ad-Hoc|Any CPU.Build.0 = Release|iPhone
		{B8D44EF3-211F-4992-8AB8-64970ACC52ED}.Ad-Hoc|ARM.ActiveCfg = Release|iPhone
		{B8D44EF3-211F-4992-8AB8-64970ACC52ED}.Ad-Hoc|ARM.Build.0 = Release|iPhone
		{B8D44EF3-211F-4992-8AB8-64970ACC52ED}.Ad-Hoc|iPhone.ActiveCfg = Release|iPhone
		{B8D44EF3-211F-4992-8AB8-64970ACC52ED}.Ad-Hoc|iPhone.Build.0 = Release|iPhone
		{B8D44EF3-211F-4992-8AB8-64970ACC52ED}.Ad-Hoc|iPhoneSimulator.ActiveCfg = Release|iPhoneSimulator
		{B8D44EF3-211F-4992-8AB8-64970ACC52ED}.Ad-Hoc|iPhoneSimulator.Build.0 = Release|iPhoneSimulator
		{B8D44EF3-211F-4992-8AB8-64970ACC52ED}.Ad-Hoc|x64.ActiveCfg = Release|iPhone
		{B8D44EF3-211F-4992-8AB8-64970ACC52ED}.Ad-Hoc|x64.Build.0 = Release|iPhone
		{B8D44EF3-211F-4992-8AB8-64970ACC52ED}.Ad-Hoc|x86.ActiveCfg = Release|iPhone
		{B8D44EF3-211F-4992-8AB8-64970ACC52ED}.Ad-Hoc|x86.Build.0 = Release|iPhone
		{B8D44EF3-211F-4992-8AB8-64970ACC52ED}.AppStore|Any CPU.ActiveCfg = Release|iPhone
		{B8D44EF3-211F-4992-8AB8-64970ACC52ED}.AppStore|Any CPU.Build.0 = Release|iPhone
		{B8D44EF3-211F-4992-8AB8-64970ACC52ED}.AppStore|ARM.ActiveCfg = Release|iPhone
		{B8D44EF3-211F-4992-8AB8-64970ACC52ED}.AppStore|ARM.Build.0 = Release|iPhone
		{B8D44EF3-211F-4992-8AB8-64970ACC52ED}.AppStore|iPhone.ActiveCfg = Release|iPhone
		{B8D44EF3-211F-4992-8AB8-64970ACC52ED}.AppStore|iPhone.Build.0 = Release|iPhone
		{B8D44EF3-211F-4992-8AB8-64970ACC52ED}.AppStore|iPhoneSimulator.ActiveCfg = Release|iPhoneSimulator
		{B8D44EF3-211F-4992-8AB8-64970ACC52ED}.AppStore|iPhoneSimulator.Build.0 = Release|iPhoneSimulator
		{B8D44EF3-211F-4992-8AB8-64970ACC52ED}.AppStore|x64.ActiveCfg = Release|iPhone
		{B8D44EF3-211F-4992-8AB8-64970ACC52ED}.AppStore|x64.Build.0 = Release|iPhone
		{B8D44EF3-211F-4992-8AB8-64970ACC52ED}.AppStore|x86.ActiveCfg = Release|iPhone
		{B8D44EF3-211F-4992-8AB8-64970ACC52ED}.AppStore|x86.Build.0 = Release|iPhone
		{B8D44EF3-211F-4992-8AB8-64970ACC52ED}.Debug|Any CPU.ActiveCfg = Debug|iPhone
		{B8D44EF3-211F-4992-8AB8-64970ACC52ED}.Debug|ARM.ActiveCfg = Debug|iPhone
		{B8D44EF3-211F-4992-8AB8-64970ACC52ED}.Debug|iPhone.ActiveCfg = Debug|iPhone
		{B8D44EF3-211F-4992-8AB8-64970ACC52ED}.Debug|iPhone.Build.0 = Debug|iPhone
		{B8D44EF3-211F-4992-8AB8-64970ACC52ED}.Debug|iPhoneSimulator.ActiveCfg = Debug|iPhoneSimulator
		{B8D44EF3-211F-4992-8AB8-64970ACC52ED}.Debug|iPhoneSimulator.Build.0 = Debug|iPhoneSimulator
		{B8D44EF3-211F-4992-8AB8-64970ACC52ED}.Debug|x64.ActiveCfg = Debug|iPhone
		{B8D44EF3-211F-4992-8AB8-64970ACC52ED}.Debug|x86.ActiveCfg = Debug|iPhone
		{B8D44EF3-211F-4992-8AB8-64970ACC52ED}.Release|Any CPU.ActiveCfg = Release|iPhone
		{B8D44EF3-211F-4992-8AB8-64970ACC52ED}.Release|ARM.ActiveCfg = Release|iPhone
		{B8D44EF3-211F-4992-8AB8-64970ACC52ED}.Release|iPhone.ActiveCfg = Release|iPhone
		{B8D44EF3-211F-4992-8AB8-64970ACC52ED}.Release|iPhone.Build.0 = Release|iPhone
		{B8D44EF3-211F-4992-8AB8-64970ACC52ED}.Release|iPhoneSimulator.ActiveCfg = Release|iPhoneSimulator
		{B8D44EF3-211F-4992-8AB8-64970ACC52ED}.Release|iPhoneSimulator.Build.0 = Release|iPhoneSimulator
		{B8D44EF3-211F-4992-8AB8-64970ACC52ED}.Release|x64.ActiveCfg = Release|iPhone
		{B8D44EF3-211F-4992-8AB8-64970ACC52ED}.Release|x86.ActiveCfg = Release|iPhone
		{7A8CA7BD-C6D7-44B4-B1E6-8455EC9A3585}.Ad-Hoc|Any CPU.ActiveCfg = Release|x86
		{7A8CA7BD-C6D7-44B4-B1E6-8455EC9A3585}.Ad-Hoc|Any CPU.Build.0 = Release|x86
		{7A8CA7BD-C6D7-44B4-B1E6-8455EC9A3585}.Ad-Hoc|Any CPU.Deploy.0 = Release|x86
		{7A8CA7BD-C6D7-44B4-B1E6-8455EC9A3585}.Ad-Hoc|ARM.ActiveCfg = Release|ARM
		{7A8CA7BD-C6D7-44B4-B1E6-8455EC9A3585}.Ad-Hoc|ARM.Build.0 = Release|ARM
		{7A8CA7BD-C6D7-44B4-B1E6-8455EC9A3585}.Ad-Hoc|ARM.Deploy.0 = Release|ARM
		{7A8CA7BD-C6D7-44B4-B1E6-8455EC9A3585}.Ad-Hoc|iPhone.ActiveCfg = Release|x86
		{7A8CA7BD-C6D7-44B4-B1E6-8455EC9A3585}.Ad-Hoc|iPhone.Build.0 = Release|x86
		{7A8CA7BD-C6D7-44B4-B1E6-8455EC9A3585}.Ad-Hoc|iPhone.Deploy.0 = Release|x86
		{7A8CA7BD-C6D7-44B4-B1E6-8455EC9A3585}.Ad-Hoc|iPhoneSimulator.ActiveCfg = Release|x86
		{7A8CA7BD-C6D7-44B4-B1E6-8455EC9A3585}.Ad-Hoc|iPhoneSimulator.Build.0 = Release|x86
		{7A8CA7BD-C6D7-44B4-B1E6-8455EC9A3585}.Ad-Hoc|iPhoneSimulator.Deploy.0 = Release|x86
		{7A8CA7BD-C6D7-44B4-B1E6-8455EC9A3585}.Ad-Hoc|x64.ActiveCfg = Release|x64
		{7A8CA7BD-C6D7-44B4-B1E6-8455EC9A3585}.Ad-Hoc|x64.Build.0 = Release|x64
		{7A8CA7BD-C6D7-44B4-B1E6-8455EC9A3585}.Ad-Hoc|x64.Deploy.0 = Release|x64
		{7A8CA7BD-C6D7-44B4-B1E6-8455EC9A3585}.Ad-Hoc|x86.ActiveCfg = Release|x86
		{7A8CA7BD-C6D7-44B4-B1E6-8455EC9A3585}.Ad-Hoc|x86.Build.0 = Release|x86
		{7A8CA7BD-C6D7-44B4-B1E6-8455EC9A3585}.Ad-Hoc|x86.Deploy.0 = Release|x86
		{7A8CA7BD-C6D7-44B4-B1E6-8455EC9A3585}.AppStore|Any CPU.ActiveCfg = Release|x86
		{7A8CA7BD-C6D7-44B4-B1E6-8455EC9A3585}.AppStore|Any CPU.Build.0 = Release|x86
		{7A8CA7BD-C6D7-44B4-B1E6-8455EC9A3585}.AppStore|Any CPU.Deploy.0 = Release|x86
		{7A8CA7BD-C6D7-44B4-B1E6-8455EC9A3585}.AppStore|ARM.ActiveCfg = Release|ARM
		{7A8CA7BD-C6D7-44B4-B1E6-8455EC9A3585}.AppStore|ARM.Build.0 = Release|ARM
		{7A8CA7BD-C6D7-44B4-B1E6-8455EC9A3585}.AppStore|ARM.Deploy.0 = Release|ARM
		{7A8CA7BD-C6D7-44B4-B1E6-8455EC9A3585}.AppStore|iPhone.ActiveCfg = Release|x86
		{7A8CA7BD-C6D7-44B4-B1E6-8455EC9A3585}.AppStore|iPhone.Build.0 = Release|x86
		{7A8CA7BD-C6D7-44B4-B1E6-8455EC9A3585}.AppStore|iPhone.Deploy.0 = Release|x86
		{7A8CA7BD-C6D7-44B4-B1E6-8455EC9A3585}.AppStore|iPhoneSimulator.ActiveCfg = Release|x86
		{7A8CA7BD-C6D7-44B4-B1E6-8455EC9A3585}.AppStore|iPhoneSimulator.Build.0 = Release|x86
		{7A8CA7BD-C6D7-44B4-B1E6-8455EC9A3585}.AppStore|iPhoneSimulator.Deploy.0 = Release|x86
		{7A8CA7BD-C6D7-44B4-B1E6-8455EC9A3585}.AppStore|x64.ActiveCfg = Release|x64
		{7A8CA7BD-C6D7-44B4-B1E6-8455EC9A3585}.AppStore|x64.Build.0 = Release|x64
		{7A8CA7BD-C6D7-44B4-B1E6-8455EC9A3585}.AppStore|x64.Deploy.0 = Release|x64
		{7A8CA7BD-C6D7-44B4-B1E6-8455EC9A3585}.AppStore|x86.ActiveCfg = Release|x86
		{7A8CA7BD-C6D7-44B4-B1E6-8455EC9A3585}.AppStore|x86.Build.0 = Release|x86
		{7A8CA7BD-C6D7-44B4-B1E6-8455EC9A3585}.AppStore|x86.Deploy.0 = Release|x86
		{7A8CA7BD-C6D7-44B4-B1E6-8455EC9A3585}.Debug|Any CPU.ActiveCfg = Debug|x86
		{7A8CA7BD-C6D7-44B4-B1E6-8455EC9A3585}.Debug|ARM.ActiveCfg = Debug|ARM
		{7A8CA7BD-C6D7-44B4-B1E6-8455EC9A3585}.Debug|ARM.Build.0 = Debug|ARM
		{7A8CA7BD-C6D7-44B4-B1E6-8455EC9A3585}.Debug|ARM.Deploy.0 = Debug|ARM
		{7A8CA7BD-C6D7-44B4-B1E6-8455EC9A3585}.Debug|iPhone.ActiveCfg = Debug|x86
		{7A8CA7BD-C6D7-44B4-B1E6-8455EC9A3585}.Debug|iPhoneSimulator.ActiveCfg = Debug|x86
		{7A8CA7BD-C6D7-44B4-B1E6-8455EC9A3585}.Debug|x64.ActiveCfg = Debug|x64
		{7A8CA7BD-C6D7-44B4-B1E6-8455EC9A3585}.Debug|x64.Build.0 = Debug|x64
		{7A8CA7BD-C6D7-44B4-B1E6-8455EC9A3585}.Debug|x64.Deploy.0 = Debug|x64
		{7A8CA7BD-C6D7-44B4-B1E6-8455EC9A3585}.Debug|x86.ActiveCfg = Debug|x86
		{7A8CA7BD-C6D7-44B4-B1E6-8455EC9A3585}.Debug|x86.Build.0 = Debug|x86
		{7A8CA7BD-C6D7-44B4-B1E6-8455EC9A3585}.Debug|x86.Deploy.0 = Debug|x86
		{7A8CA7BD-C6D7-44B4-B1E6-8455EC9A3585}.Release|Any CPU.ActiveCfg = Release|x86
		{7A8CA7BD-C6D7-44B4-B1E6-8455EC9A3585}.Release|ARM.ActiveCfg = Release|ARM
		{7A8CA7BD-C6D7-44B4-B1E6-8455EC9A3585}.Release|ARM.Build.0 = Release|ARM
		{7A8CA7BD-C6D7-44B4-B1E6-8455EC9A3585}.Release|ARM.Deploy.0 = Release|ARM
		{7A8CA7BD-C6D7-44B4-B1E6-8455EC9A3585}.Release|iPhone.ActiveCfg = Release|x86
		{7A8CA7BD-C6D7-44B4-B1E6-8455EC9A3585}.Release|iPhoneSimulator.ActiveCfg = Release|x86
		{7A8CA7BD-C6D7-44B4-B1E6-8455EC9A3585}.Release|x64.ActiveCfg = Release|x64
		{7A8CA7BD-C6D7-44B4-B1E6-8455EC9A3585}.Release|x64.Build.0 = Release|x64
		{7A8CA7BD-C6D7-44B4-B1E6-8455EC9A3585}.Release|x64.Deploy.0 = Release|x64
		{7A8CA7BD-C6D7-44B4-B1E6-8455EC9A3585}.Release|x86.ActiveCfg = Release|x86
		{7A8CA7BD-C6D7-44B4-B1E6-8455EC9A3585}.Release|x86.Build.0 = Release|x86
		{7A8CA7BD-C6D7-44B4-B1E6-8455EC9A3585}.Release|x86.Deploy.0 = Release|x86
		{750DF795-A158-49C9-964C-9B1097958BFD}.Ad-Hoc|Any CPU.ActiveCfg = Release|Any CPU
		{750DF795-A158-49C9-964C-9B1097958BFD}.Ad-Hoc|Any CPU.Build.0 = Release|Any CPU
		{750DF795-A158-49C9-964C-9B1097958BFD}.Ad-Hoc|Any CPU.Deploy.0 = Release|Any CPU
		{750DF795-A158-49C9-964C-9B1097958BFD}.Ad-Hoc|ARM.ActiveCfg = Release|Any CPU
		{750DF795-A158-49C9-964C-9B1097958BFD}.Ad-Hoc|ARM.Build.0 = Release|Any CPU
		{750DF795-A158-49C9-964C-9B1097958BFD}.Ad-Hoc|ARM.Deploy.0 = Release|Any CPU
		{750DF795-A158-49C9-964C-9B1097958BFD}.Ad-Hoc|iPhone.ActiveCfg = Release|Any CPU
		{750DF795-A158-49C9-964C-9B1097958BFD}.Ad-Hoc|iPhone.Build.0 = Release|Any CPU
		{750DF795-A158-49C9-964C-9B1097958BFD}.Ad-Hoc|iPhone.Deploy.0 = Release|Any CPU
		{750DF795-A158-49C9-964C-9B1097958BFD}.Ad-Hoc|iPhoneSimulator.ActiveCfg = Release|Any CPU
		{750DF795-A158-49C9-964C-9B1097958BFD}.Ad-Hoc|iPhoneSimulator.Build.0 = Release|Any CPU
		{750DF795-A158-49C9-964C-9B1097958BFD}.Ad-Hoc|iPhoneSimulator.Deploy.0 = Release|Any CPU
		{750DF795-A158-49C9-964C-9B1097958BFD}.Ad-Hoc|x64.ActiveCfg = Release|Any CPU
		{750DF795-A158-49C9-964C-9B1097958BFD}.Ad-Hoc|x64.Build.0 = Release|Any CPU
		{750DF795-A158-49C9-964C-9B1097958BFD}.Ad-Hoc|x64.Deploy.0 = Release|Any CPU
		{750DF795-A158-49C9-964C-9B1097958BFD}.Ad-Hoc|x86.ActiveCfg = Release|Any CPU
		{750DF795-A158-49C9-964C-9B1097958BFD}.Ad-Hoc|x86.Build.0 = Release|Any CPU
		{750DF795-A158-49C9-964C-9B1097958BFD}.Ad-Hoc|x86.Deploy.0 = Release|Any CPU
		{750DF795-A158-49C9-964C-9B1097958BFD}.AppStore|Any CPU.ActiveCfg = Release|Any CPU
		{750DF795-A158-49C9-964C-9B1097958BFD}.AppStore|Any CPU.Build.0 = Release|Any CPU
		{750DF795-A158-49C9-964C-9B1097958BFD}.AppStore|Any CPU.Deploy.0 = Release|Any CPU
		{750DF795-A158-49C9-964C-9B1097958BFD}.AppStore|ARM.ActiveCfg = Release|Any CPU
		{750DF795-A158-49C9-964C-9B1097958BFD}.AppStore|ARM.Build.0 = Release|Any CPU
		{750DF795-A158-49C9-964C-9B1097958BFD}.AppStore|ARM.Deploy.0 = Release|Any CPU
		{750DF795-A158-49C9-964C-9B1097958BFD}.AppStore|iPhone.ActiveCfg = Release|Any CPU
		{750DF795-A158-49C9-964C-9B1097958BFD}.AppStore|iPhone.Build.0 = Release|Any CPU
		{750DF795-A158-49C9-964C-9B1097958BFD}.AppStore|iPhone.Deploy.0 = Release|Any CPU
		{750DF795-A158-49C9-964C-9B1097958BFD}.AppStore|iPhoneSimulator.ActiveCfg = Release|Any CPU
		{750DF795-A158-49C9-964C-9B1097958BFD}.AppStore|iPhoneSimulator.Build.0 = Release|Any CPU
		{750DF795-A158-49C9-964C-9B1097958BFD}.AppStore|iPhoneSimulator.Deploy.0 = Release|Any CPU
		{750DF795-A158-49C9-964C-9B1097958BFD}.AppStore|x64.ActiveCfg = Release|Any CPU
		{750DF795-A158-49C9-964C-9B1097958BFD}.AppStore|x64.Build.0 = Release|Any CPU
		{750DF795-A158-49C9-964C-9B1097958BFD}.AppStore|x64.Deploy.0 = Release|Any CPU
		{750DF795-A158-49C9-964C-9B1097958BFD}.AppStore|x86.ActiveCfg = Release|Any CPU
		{750DF795-A158-49C9-964C-9B1097958BFD}.AppStore|x86.Build.0 = Release|Any CPU
		{750DF795-A158-49C9-964C-9B1097958BFD}.AppStore|x86.Deploy.0 = Release|Any CPU
		{750DF795-A158-49C9-964C-9B1097958BFD}.Debug|Any CPU.ActiveCfg = Debug|Any CPU
		{750DF795-A158-49C9-964C-9B1097958BFD}.Debug|Any CPU.Build.0 = Debug|Any CPU
		{750DF795-A158-49C9-964C-9B1097958BFD}.Debug|Any CPU.Deploy.0 = Debug|Any CPU
		{750DF795-A158-49C9-964C-9B1097958BFD}.Debug|ARM.ActiveCfg = Debug|Any CPU
		{750DF795-A158-49C9-964C-9B1097958BFD}.Debug|ARM.Build.0 = Debug|Any CPU
		{750DF795-A158-49C9-964C-9B1097958BFD}.Debug|ARM.Deploy.0 = Debug|Any CPU
		{750DF795-A158-49C9-964C-9B1097958BFD}.Debug|iPhone.ActiveCfg = Debug|Any CPU
		{750DF795-A158-49C9-964C-9B1097958BFD}.Debug|iPhone.Build.0 = Debug|Any CPU
		{750DF795-A158-49C9-964C-9B1097958BFD}.Debug|iPhone.Deploy.0 = Debug|Any CPU
		{750DF795-A158-49C9-964C-9B1097958BFD}.Debug|iPhoneSimulator.ActiveCfg = Debug|Any CPU
		{750DF795-A158-49C9-964C-9B1097958BFD}.Debug|iPhoneSimulator.Build.0 = Debug|Any CPU
		{750DF795-A158-49C9-964C-9B1097958BFD}.Debug|iPhoneSimulator.Deploy.0 = Debug|Any CPU
		{750DF795-A158-49C9-964C-9B1097958BFD}.Debug|x64.ActiveCfg = Debug|Any CPU
		{750DF795-A158-49C9-964C-9B1097958BFD}.Debug|x64.Build.0 = Debug|Any CPU
		{750DF795-A158-49C9-964C-9B1097958BFD}.Debug|x64.Deploy.0 = Debug|Any CPU
		{750DF795-A158-49C9-964C-9B1097958BFD}.Debug|x86.ActiveCfg = Debug|Any CPU
		{750DF795-A158-49C9-964C-9B1097958BFD}.Debug|x86.Build.0 = Debug|Any CPU
		{750DF795-A158-49C9-964C-9B1097958BFD}.Debug|x86.Deploy.0 = Debug|Any CPU
		{750DF795-A158-49C9-964C-9B1097958BFD}.Release|Any CPU.ActiveCfg = Release|Any CPU
		{750DF795-A158-49C9-964C-9B1097958BFD}.Release|Any CPU.Build.0 = Release|Any CPU
		{750DF795-A158-49C9-964C-9B1097958BFD}.Release|Any CPU.Deploy.0 = Release|Any CPU
		{750DF795-A158-49C9-964C-9B1097958BFD}.Release|ARM.ActiveCfg = Release|Any CPU
		{750DF795-A158-49C9-964C-9B1097958BFD}.Release|ARM.Build.0 = Release|Any CPU
		{750DF795-A158-49C9-964C-9B1097958BFD}.Release|ARM.Deploy.0 = Release|Any CPU
		{750DF795-A158-49C9-964C-9B1097958BFD}.Release|iPhone.ActiveCfg = Release|Any CPU
		{750DF795-A158-49C9-964C-9B1097958BFD}.Release|iPhone.Build.0 = Release|Any CPU
		{750DF795-A158-49C9-964C-9B1097958BFD}.Release|iPhone.Deploy.0 = Release|Any CPU
		{750DF795-A158-49C9-964C-9B1097958BFD}.Release|iPhoneSimulator.ActiveCfg = Release|Any CPU
		{750DF795-A158-49C9-964C-9B1097958BFD}.Release|iPhoneSimulator.Build.0 = Release|Any CPU
		{750DF795-A158-49C9-964C-9B1097958BFD}.Release|iPhoneSimulator.Deploy.0 = Release|Any CPU
		{750DF795-A158-49C9-964C-9B1097958BFD}.Release|x64.ActiveCfg = Release|Any CPU
		{750DF795-A158-49C9-964C-9B1097958BFD}.Release|x64.Build.0 = Release|Any CPU
		{750DF795-A158-49C9-964C-9B1097958BFD}.Release|x64.Deploy.0 = Release|Any CPU
		{750DF795-A158-49C9-964C-9B1097958BFD}.Release|x86.ActiveCfg = Release|Any CPU
		{750DF795-A158-49C9-964C-9B1097958BFD}.Release|x86.Build.0 = Release|Any CPU
		{750DF795-A158-49C9-964C-9B1097958BFD}.Release|x86.Deploy.0 = Release|Any CPU
	EndGlobalSection
	GlobalSection(SolutionProperties) = preSolution
		HideSolutionNode = FALSE
	EndGlobalSection
	GlobalSection(NestedProjects) = preSolution
		{FF3F49AB-F60C-40CB-A5F3-6581B4940739} = {82331421-AC44-49DA-861E-090DC7ADEFAE}
		{C9DFF8A9-29E6-4417-A871-FFCA28B7A3E0} = {FF3F49AB-F60C-40CB-A5F3-6581B4940739}
		{01E469FC-DC31-40CB-880A-243FCFB8275B} = {FF3F49AB-F60C-40CB-A5F3-6581B4940739}
		{7360D7C9-8C70-4DBB-92CD-CD9B19D9B210} = {FF3F49AB-F60C-40CB-A5F3-6581B4940739}
		{F8EC60F7-275D-4D92-9370-8092E53052D5} = {C9DFF8A9-29E6-4417-A871-FFCA28B7A3E0}
		{55EF1380-FB6F-4871-B9B5-C5909647472D} = {C9DFF8A9-29E6-4417-A871-FFCA28B7A3E0}
		{920A7FAB-5AD3-467C-AC67-22F29B2456BF} = {C9DFF8A9-29E6-4417-A871-FFCA28B7A3E0}
		{6326D86E-1A8F-4215-B59B-FFE3FEF86A87} = {01E469FC-DC31-40CB-880A-243FCFB8275B}
		{A2E577BD-45D1-4715-BBCA-E4D2DE1AC483} = {01E469FC-DC31-40CB-880A-243FCFB8275B}
		{722A1D0E-C8F0-44B8-A62D-080E523E8A68} = {01E469FC-DC31-40CB-880A-243FCFB8275B}
		{CF4E7E07-9D0F-45AE-ABE8-47F7C3AA1C2D} = {7360D7C9-8C70-4DBB-92CD-CD9B19D9B210}
		{CB589A1B-810D-4DEA-B501-C7E6992CB389} = {FF3F49AB-F60C-40CB-A5F3-6581B4940739}
		{72AEFA76-994C-4670-918D-0A0EC2425623} = {3E9F7263-54BA-4438-98B1-1B57D2EB8D97}
		{86FCF40D-90CB-4E6C-AE72-70C90ECAF4B5} = {3E9F7263-54BA-4438-98B1-1B57D2EB8D97}
		{5C2BE833-54A7-4C59-B22C-25E49A4EF196} = {72AEFA76-994C-4670-918D-0A0EC2425623}
		{B8D44EF3-211F-4992-8AB8-64970ACC52ED} = {86FCF40D-90CB-4E6C-AE72-70C90ECAF4B5}
		{7A8CA7BD-C6D7-44B4-B1E6-8455EC9A3585} = {86FCF40D-90CB-4E6C-AE72-70C90ECAF4B5}
		{750DF795-A158-49C9-964C-9B1097958BFD} = {86FCF40D-90CB-4E6C-AE72-70C90ECAF4B5}
	EndGlobalSection
	GlobalSection(ExtensibilityGlobals) = postSolution
		SolutionGuid = {123F2F54-859B-4440-82A8-EABB73438A37}
	EndGlobalSection
EndGlobal
