
Microsoft Visual Studio Solution File, Format Version 12.00
# Visual Studio 15
VisualStudioVersion = 15.0.27130.2024
MinimumVisualStudioVersion = 10.0.40219.1
Project("{2150E333-8FDC-42A3-9474-1A3956D46DE8}") = "src", "src", "{82331421-AC44-49DA-861E-090DC7ADEFAE}"
EndProject
Project("{2150E333-8FDC-42A3-9474-1A3956D46DE8}") = "BuildingBlocks", "BuildingBlocks", "{FF3F49AB-F60C-40CB-A5F3-6581B4940739}"
EndProject
Project("{2150E333-8FDC-42A3-9474-1A3956D46DE8}") = "EventBus", "EventBus", "{C9DFF8A9-29E6-4417-A871-FFCA28B7A3E0}"
EndProject
Project("{2150E333-8FDC-42A3-9474-1A3956D46DE8}") = "HealthChecks", "HealthChecks", "{01E469FC-DC31-40CB-880A-243FCFB8275B}"
EndProject
Project("{2150E333-8FDC-42A3-9474-1A3956D46DE8}") = "Resilience", "Resilience", "{7360D7C9-8C70-4DBB-92CD-CD9B19D9B210}"
EndProject
Project("{9A19103F-16F7-4668-BE54-9A1E7A4F7556}") = "Identity.Api", "src\Identity.Api\Identity.Api.csproj", "{A497F7E6-5132-4763-8B20-795DCA606079}"
EndProject
Project("{9A19103F-16F7-4668-BE54-9A1E7A4F7556}") = "DriveDrop.Api", "src\DriveDrop.Api\DriveDrop.Api.csproj", "{9169B9CD-8EA6-4F6A-A40E-74FF5076EC83}"
EndProject
Project("{9A19103F-16F7-4668-BE54-9A1E7A4F7556}") = "DriveDrop.Web", "src\DriveDrop.Web\DriveDrop.Web\DriveDrop.Web.csproj", "{67AD7E98-CDC6-4E27-B1F3-9B6FD1387F6C}"
EndProject
Project("{9A19103F-16F7-4668-BE54-9A1E7A4F7556}") = "EventBus", "src\BuildingBlocks\EventBus\EventBus\EventBus.csproj", "{F8EC60F7-275D-4D92-9370-8092E53052D5}"
EndProject
Project("{9A19103F-16F7-4668-BE54-9A1E7A4F7556}") = "EventBusRabbitMQ", "src\BuildingBlocks\EventBus\EventBusRabbitMQ\EventBusRabbitMQ.csproj", "{55EF1380-FB6F-4871-B9B5-C5909647472D}"
EndProject
Project("{9A19103F-16F7-4668-BE54-9A1E7A4F7556}") = "IntegrationEventLogEF", "src\BuildingBlocks\EventBus\IntegrationEventLogEF\IntegrationEventLogEF.csproj", "{920A7FAB-5AD3-467C-AC67-22F29B2456BF}"
EndProject
Project("{9A19103F-16F7-4668-BE54-9A1E7A4F7556}") = "Resilience.Http", "src\BuildingBlocks\Resilience\Resilience.Http\Resilience.Http.csproj", "{CF4E7E07-9D0F-45AE-ABE8-47F7C3AA1C2D}"
EndProject
Project("{9A19103F-16F7-4668-BE54-9A1E7A4F7556}") = "DataProtection", "src\BuildingBlocks\DataProtection\DataProtection\DataProtection.csproj", "{CB589A1B-810D-4DEA-B501-C7E6992CB389}"
EndProject
Project("{9A19103F-16F7-4668-BE54-9A1E7A4F7556}") = "ApplicationCore", "src\ApplicationCore\ApplicationCore\ApplicationCore.csproj", "{27F3D3C5-8223-45F6-BC0B-65E7F378AFAD}"
EndProject
Project("{9A19103F-16F7-4668-BE54-9A1E7A4F7556}") = "Infrastructure", "src\Infrastructure\Infrastructure\Infrastructure.csproj", "{28D2C179-D156-425E-8749-7471CD8CB542}"
EndProject
Project("{9A19103F-16F7-4668-BE54-9A1E7A4F7556}") = "ProjectTest", "src\ProjectTest\ProjectTest.csproj", "{4B33D1CA-103C-465D-9946-F64242D945FA}"
EndProject
Project("{9A19103F-16F7-4668-BE54-9A1E7A4F7556}") = "EventBus.Tests", "src\BuildingBlocks\EventBus\EventBus.Tests\EventBus.Tests.csproj", "{06F2A7BE-BF61-4936-82BF-0752EDA89562}"
EndProject
Project("{9A19103F-16F7-4668-BE54-9A1E7A4F7556}") = "EventBusServiceBus", "src\BuildingBlocks\EventBus\EventBusServiceBus\EventBusServiceBus.csproj", "{DC8193DB-1035-4E62-AF54-D83C12E7FB02}"
EndProject
Project("{9A19103F-16F7-4668-BE54-9A1E7A4F7556}") = "Microsoft.AspNetCore.HealthChecks", "src\BuildingBlocks\HealthChecks\src\Microsoft.AspNetCore.HealthChecks\Microsoft.AspNetCore.HealthChecks.csproj", "{65CC9EFF-8ABA-4AAA-8E92-58321B3F8C1B}"
EndProject
Project("{9A19103F-16F7-4668-BE54-9A1E7A4F7556}") = "Microsoft.Extensions.HealthChecks", "src\BuildingBlocks\HealthChecks\src\Microsoft.Extensions.HealthChecks\Microsoft.Extensions.HealthChecks.csproj", "{BF8302E4-F7EB-4F84-A804-DFE4D668C643}"
EndProject
Project("{9A19103F-16F7-4668-BE54-9A1E7A4F7556}") = "Microsoft.Extensions.HealthChecks.AzureStorage", "src\BuildingBlocks\HealthChecks\src\Microsoft.Extensions.HealthChecks.AzureStorage\Microsoft.Extensions.HealthChecks.AzureStorage.csproj", "{94CCDCC3-2EE1-4523-AA00-3C329426DC52}"
EndProject
Project("{9A19103F-16F7-4668-BE54-9A1E7A4F7556}") = "Microsoft.Extensions.HealthChecks.SqlServer", "src\BuildingBlocks\HealthChecks\src\Microsoft.Extensions.HealthChecks.SqlServer\Microsoft.Extensions.HealthChecks.SqlServer.csproj", "{B945363D-BEA9-4E16-9700-F37EEABDA29F}"
EndProject
Project("{2150E333-8FDC-42A3-9474-1A3956D46DE8}") = "WebHost", "WebHost", "{960E9A9B-7290-4DAC-92D3-A70FD173FB0C}"
EndProject
Project("{9A19103F-16F7-4668-BE54-9A1E7A4F7556}") = "WebHost.Customization", "src\BuildingBlocks\WebHostCustomization\WebHost.Customization\WebHost.Customization.csproj", "{08DE62F3-64D3-4112-BE5D-34C26D3A1B47}"
EndProject
Project("{9A19103F-16F7-4668-BE54-9A1E7A4F7556}") = "Payment.API", "src\Payment.API\Payment.API.csproj", "{A7170C2A-2F59-4776-9B9B-39FB1BBAB6E3}"
EndProject
Project("{FAE04EC0-301F-11D3-BF4B-00C04F79EFBC}") = "DriveDrop.Bl", "src\DriveDrop.Bl\DriveDrop.Bl.csproj", "{6FCD7496-BCFD-4E91-A98C-3B711D3FFB52}"
EndProject
Global
	GlobalSection(SolutionConfigurationPlatforms) = preSolution
		Ad-Hoc|Any CPU = Ad-Hoc|Any CPU
		Ad-Hoc|ARM = Ad-Hoc|ARM
		Ad-Hoc|iPhone = Ad-Hoc|iPhone
		Ad-Hoc|iPhoneSimulator = Ad-Hoc|iPhoneSimulator
		Ad-Hoc|x64 = Ad-Hoc|x64
		Ad-Hoc|x86 = Ad-Hoc|x86
		AppStore|Any CPU = AppStore|Any CPU
		AppStore|ARM = AppStore|ARM
		AppStore|iPhone = AppStore|iPhone
		AppStore|iPhoneSimulator = AppStore|iPhoneSimulator
		AppStore|x64 = AppStore|x64
		AppStore|x86 = AppStore|x86
		Debug|Any CPU = Debug|Any CPU
		Debug|ARM = Debug|ARM
		Debug|iPhone = Debug|iPhone
		Debug|iPhoneSimulator = Debug|iPhoneSimulator
		Debug|x64 = Debug|x64
		Debug|x86 = Debug|x86
		Release|Any CPU = Release|Any CPU
		Release|ARM = Release|ARM
		Release|iPhone = Release|iPhone
		Release|iPhoneSimulator = Release|iPhoneSimulator
		Release|x64 = Release|x64
		Release|x86 = Release|x86
	EndGlobalSection
	GlobalSection(ProjectConfigurationPlatforms) = postSolution
		{A497F7E6-5132-4763-8B20-795DCA606079}.Ad-Hoc|Any CPU.ActiveCfg = Release|Any CPU
		{A497F7E6-5132-4763-8B20-795DCA606079}.Ad-Hoc|Any CPU.Build.0 = Release|Any CPU
		{A497F7E6-5132-4763-8B20-795DCA606079}.Ad-Hoc|ARM.ActiveCfg = Release|Any CPU
		{A497F7E6-5132-4763-8B20-795DCA606079}.Ad-Hoc|ARM.Build.0 = Release|Any CPU
		{A497F7E6-5132-4763-8B20-795DCA606079}.Ad-Hoc|iPhone.ActiveCfg = Release|Any CPU
		{A497F7E6-5132-4763-8B20-795DCA606079}.Ad-Hoc|iPhone.Build.0 = Release|Any CPU
		{A497F7E6-5132-4763-8B20-795DCA606079}.Ad-Hoc|iPhoneSimulator.ActiveCfg = Release|Any CPU
		{A497F7E6-5132-4763-8B20-795DCA606079}.Ad-Hoc|iPhoneSimulator.Build.0 = Release|Any CPU
		{A497F7E6-5132-4763-8B20-795DCA606079}.Ad-Hoc|x64.ActiveCfg = Release|Any CPU
		{A497F7E6-5132-4763-8B20-795DCA606079}.Ad-Hoc|x64.Build.0 = Release|Any CPU
		{A497F7E6-5132-4763-8B20-795DCA606079}.Ad-Hoc|x86.ActiveCfg = Release|Any CPU
		{A497F7E6-5132-4763-8B20-795DCA606079}.Ad-Hoc|x86.Build.0 = Release|Any CPU
		{A497F7E6-5132-4763-8B20-795DCA606079}.AppStore|Any CPU.ActiveCfg = Release|Any CPU
		{A497F7E6-5132-4763-8B20-795DCA606079}.AppStore|Any CPU.Build.0 = Release|Any CPU
		{A497F7E6-5132-4763-8B20-795DCA606079}.AppStore|ARM.ActiveCfg = Release|Any CPU
		{A497F7E6-5132-4763-8B20-795DCA606079}.AppStore|ARM.Build.0 = Release|Any CPU
		{A497F7E6-5132-4763-8B20-795DCA606079}.AppStore|iPhone.ActiveCfg = Release|Any CPU
		{A497F7E6-5132-4763-8B20-795DCA606079}.AppStore|iPhone.Build.0 = Release|Any CPU
		{A497F7E6-5132-4763-8B20-795DCA606079}.AppStore|iPhoneSimulator.ActiveCfg = Release|Any CPU
		{A497F7E6-5132-4763-8B20-795DCA606079}.AppStore|iPhoneSimulator.Build.0 = Release|Any CPU
		{A497F7E6-5132-4763-8B20-795DCA606079}.AppStore|x64.ActiveCfg = Release|Any CPU
		{A497F7E6-5132-4763-8B20-795DCA606079}.AppStore|x64.Build.0 = Release|Any CPU
		{A497F7E6-5132-4763-8B20-795DCA606079}.AppStore|x86.ActiveCfg = Release|Any CPU
		{A497F7E6-5132-4763-8B20-795DCA606079}.AppStore|x86.Build.0 = Release|Any CPU
		{A497F7E6-5132-4763-8B20-795DCA606079}.Debug|Any CPU.ActiveCfg = Debug|Any CPU
		{A497F7E6-5132-4763-8B20-795DCA606079}.Debug|Any CPU.Build.0 = Debug|Any CPU
		{A497F7E6-5132-4763-8B20-795DCA606079}.Debug|ARM.ActiveCfg = Debug|Any CPU
		{A497F7E6-5132-4763-8B20-795DCA606079}.Debug|ARM.Build.0 = Debug|Any CPU
		{A497F7E6-5132-4763-8B20-795DCA606079}.Debug|iPhone.ActiveCfg = Debug|Any CPU
		{A497F7E6-5132-4763-8B20-795DCA606079}.Debug|iPhone.Build.0 = Debug|Any CPU
		{A497F7E6-5132-4763-8B20-795DCA606079}.Debug|iPhoneSimulator.ActiveCfg = Debug|Any CPU
		{A497F7E6-5132-4763-8B20-795DCA606079}.Debug|iPhoneSimulator.Build.0 = Debug|Any CPU
		{A497F7E6-5132-4763-8B20-795DCA606079}.Debug|x64.ActiveCfg = Debug|Any CPU
		{A497F7E6-5132-4763-8B20-795DCA606079}.Debug|x64.Build.0 = Debug|Any CPU
		{A497F7E6-5132-4763-8B20-795DCA606079}.Debug|x86.ActiveCfg = Debug|Any CPU
		{A497F7E6-5132-4763-8B20-795DCA606079}.Debug|x86.Build.0 = Debug|Any CPU
		{A497F7E6-5132-4763-8B20-795DCA606079}.Release|Any CPU.ActiveCfg = Release|Any CPU
		{A497F7E6-5132-4763-8B20-795DCA606079}.Release|Any CPU.Build.0 = Release|Any CPU
		{A497F7E6-5132-4763-8B20-795DCA606079}.Release|ARM.ActiveCfg = Release|Any CPU
		{A497F7E6-5132-4763-8B20-795DCA606079}.Release|ARM.Build.0 = Release|Any CPU
		{A497F7E6-5132-4763-8B20-795DCA606079}.Release|iPhone.ActiveCfg = Release|Any CPU
		{A497F7E6-5132-4763-8B20-795DCA606079}.Release|iPhone.Build.0 = Release|Any CPU
		{A497F7E6-5132-4763-8B20-795DCA606079}.Release|iPhoneSimulator.ActiveCfg = Release|Any CPU
		{A497F7E6-5132-4763-8B20-795DCA606079}.Release|iPhoneSimulator.Build.0 = Release|Any CPU
		{A497F7E6-5132-4763-8B20-795DCA606079}.Release|x64.ActiveCfg = Release|Any CPU
		{A497F7E6-5132-4763-8B20-795DCA606079}.Release|x64.Build.0 = Release|Any CPU
		{A497F7E6-5132-4763-8B20-795DCA606079}.Release|x86.ActiveCfg = Release|Any CPU
		{A497F7E6-5132-4763-8B20-795DCA606079}.Release|x86.Build.0 = Release|Any CPU
		{9169B9CD-8EA6-4F6A-A40E-74FF5076EC83}.Ad-Hoc|Any CPU.ActiveCfg = Release|Any CPU
		{9169B9CD-8EA6-4F6A-A40E-74FF5076EC83}.Ad-Hoc|Any CPU.Build.0 = Release|Any CPU
		{9169B9CD-8EA6-4F6A-A40E-74FF5076EC83}.Ad-Hoc|ARM.ActiveCfg = Release|Any CPU
		{9169B9CD-8EA6-4F6A-A40E-74FF5076EC83}.Ad-Hoc|ARM.Build.0 = Release|Any CPU
		{9169B9CD-8EA6-4F6A-A40E-74FF5076EC83}.Ad-Hoc|iPhone.ActiveCfg = Release|Any CPU
		{9169B9CD-8EA6-4F6A-A40E-74FF5076EC83}.Ad-Hoc|iPhone.Build.0 = Release|Any CPU
		{9169B9CD-8EA6-4F6A-A40E-74FF5076EC83}.Ad-Hoc|iPhoneSimulator.ActiveCfg = Release|Any CPU
		{9169B9CD-8EA6-4F6A-A40E-74FF5076EC83}.Ad-Hoc|iPhoneSimulator.Build.0 = Release|Any CPU
		{9169B9CD-8EA6-4F6A-A40E-74FF5076EC83}.Ad-Hoc|x64.ActiveCfg = Release|Any CPU
		{9169B9CD-8EA6-4F6A-A40E-74FF5076EC83}.Ad-Hoc|x64.Build.0 = Release|Any CPU
		{9169B9CD-8EA6-4F6A-A40E-74FF5076EC83}.Ad-Hoc|x86.ActiveCfg = Release|Any CPU
		{9169B9CD-8EA6-4F6A-A40E-74FF5076EC83}.Ad-Hoc|x86.Build.0 = Release|Any CPU
		{9169B9CD-8EA6-4F6A-A40E-74FF5076EC83}.AppStore|Any CPU.ActiveCfg = Release|Any CPU
		{9169B9CD-8EA6-4F6A-A40E-74FF5076EC83}.AppStore|Any CPU.Build.0 = Release|Any CPU
		{9169B9CD-8EA6-4F6A-A40E-74FF5076EC83}.AppStore|ARM.ActiveCfg = Release|Any CPU
		{9169B9CD-8EA6-4F6A-A40E-74FF5076EC83}.AppStore|ARM.Build.0 = Release|Any CPU
		{9169B9CD-8EA6-4F6A-A40E-74FF5076EC83}.AppStore|iPhone.ActiveCfg = Release|Any CPU
		{9169B9CD-8EA6-4F6A-A40E-74FF5076EC83}.AppStore|iPhone.Build.0 = Release|Any CPU
		{9169B9CD-8EA6-4F6A-A40E-74FF5076EC83}.AppStore|iPhoneSimulator.ActiveCfg = Release|Any CPU
		{9169B9CD-8EA6-4F6A-A40E-74FF5076EC83}.AppStore|iPhoneSimulator.Build.0 = Release|Any CPU
		{9169B9CD-8EA6-4F6A-A40E-74FF5076EC83}.AppStore|x64.ActiveCfg = Release|Any CPU
		{9169B9CD-8EA6-4F6A-A40E-74FF5076EC83}.AppStore|x64.Build.0 = Release|Any CPU
		{9169B9CD-8EA6-4F6A-A40E-74FF5076EC83}.AppStore|x86.ActiveCfg = Release|Any CPU
		{9169B9CD-8EA6-4F6A-A40E-74FF5076EC83}.AppStore|x86.Build.0 = Release|Any CPU
		{9169B9CD-8EA6-4F6A-A40E-74FF5076EC83}.Debug|Any CPU.ActiveCfg = Debug|Any CPU
		{9169B9CD-8EA6-4F6A-A40E-74FF5076EC83}.Debug|Any CPU.Build.0 = Debug|Any CPU
		{9169B9CD-8EA6-4F6A-A40E-74FF5076EC83}.Debug|ARM.ActiveCfg = Debug|Any CPU
		{9169B9CD-8EA6-4F6A-A40E-74FF5076EC83}.Debug|ARM.Build.0 = Debug|Any CPU
		{9169B9CD-8EA6-4F6A-A40E-74FF5076EC83}.Debug|iPhone.ActiveCfg = Debug|Any CPU
		{9169B9CD-8EA6-4F6A-A40E-74FF5076EC83}.Debug|iPhone.Build.0 = Debug|Any CPU
		{9169B9CD-8EA6-4F6A-A40E-74FF5076EC83}.Debug|iPhoneSimulator.ActiveCfg = Debug|Any CPU
		{9169B9CD-8EA6-4F6A-A40E-74FF5076EC83}.Debug|iPhoneSimulator.Build.0 = Debug|Any CPU
		{9169B9CD-8EA6-4F6A-A40E-74FF5076EC83}.Debug|x64.ActiveCfg = Debug|Any CPU
		{9169B9CD-8EA6-4F6A-A40E-74FF5076EC83}.Debug|x64.Build.0 = Debug|Any CPU
		{9169B9CD-8EA6-4F6A-A40E-74FF5076EC83}.Debug|x86.ActiveCfg = Debug|Any CPU
		{9169B9CD-8EA6-4F6A-A40E-74FF5076EC83}.Debug|x86.Build.0 = Debug|Any CPU
		{9169B9CD-8EA6-4F6A-A40E-74FF5076EC83}.Release|Any CPU.ActiveCfg = Release|Any CPU
		{9169B9CD-8EA6-4F6A-A40E-74FF5076EC83}.Release|Any CPU.Build.0 = Release|Any CPU
		{9169B9CD-8EA6-4F6A-A40E-74FF5076EC83}.Release|ARM.ActiveCfg = Release|Any CPU
		{9169B9CD-8EA6-4F6A-A40E-74FF5076EC83}.Release|ARM.Build.0 = Release|Any CPU
		{9169B9CD-8EA6-4F6A-A40E-74FF5076EC83}.Release|iPhone.ActiveCfg = Release|Any CPU
		{9169B9CD-8EA6-4F6A-A40E-74FF5076EC83}.Release|iPhone.Build.0 = Release|Any CPU
		{9169B9CD-8EA6-4F6A-A40E-74FF5076EC83}.Release|iPhoneSimulator.ActiveCfg = Release|Any CPU
		{9169B9CD-8EA6-4F6A-A40E-74FF5076EC83}.Release|iPhoneSimulator.Build.0 = Release|Any CPU
		{9169B9CD-8EA6-4F6A-A40E-74FF5076EC83}.Release|x64.ActiveCfg = Release|Any CPU
		{9169B9CD-8EA6-4F6A-A40E-74FF5076EC83}.Release|x64.Build.0 = Release|Any CPU
		{9169B9CD-8EA6-4F6A-A40E-74FF5076EC83}.Release|x86.ActiveCfg = Release|Any CPU
		{9169B9CD-8EA6-4F6A-A40E-74FF5076EC83}.Release|x86.Build.0 = Release|Any CPU
		{67AD7E98-CDC6-4E27-B1F3-9B6FD1387F6C}.Ad-Hoc|Any CPU.ActiveCfg = Release|Any CPU
		{67AD7E98-CDC6-4E27-B1F3-9B6FD1387F6C}.Ad-Hoc|Any CPU.Build.0 = Release|Any CPU
		{67AD7E98-CDC6-4E27-B1F3-9B6FD1387F6C}.Ad-Hoc|ARM.ActiveCfg = Release|Any CPU
		{67AD7E98-CDC6-4E27-B1F3-9B6FD1387F6C}.Ad-Hoc|ARM.Build.0 = Release|Any CPU
		{67AD7E98-CDC6-4E27-B1F3-9B6FD1387F6C}.Ad-Hoc|iPhone.ActiveCfg = Release|Any CPU
		{67AD7E98-CDC6-4E27-B1F3-9B6FD1387F6C}.Ad-Hoc|iPhone.Build.0 = Release|Any CPU
		{67AD7E98-CDC6-4E27-B1F3-9B6FD1387F6C}.Ad-Hoc|iPhoneSimulator.ActiveCfg = Release|Any CPU
		{67AD7E98-CDC6-4E27-B1F3-9B6FD1387F6C}.Ad-Hoc|iPhoneSimulator.Build.0 = Release|Any CPU
		{67AD7E98-CDC6-4E27-B1F3-9B6FD1387F6C}.Ad-Hoc|x64.ActiveCfg = Release|Any CPU
		{67AD7E98-CDC6-4E27-B1F3-9B6FD1387F6C}.Ad-Hoc|x64.Build.0 = Release|Any CPU
		{67AD7E98-CDC6-4E27-B1F3-9B6FD1387F6C}.Ad-Hoc|x86.ActiveCfg = Release|Any CPU
		{67AD7E98-CDC6-4E27-B1F3-9B6FD1387F6C}.Ad-Hoc|x86.Build.0 = Release|Any CPU
		{67AD7E98-CDC6-4E27-B1F3-9B6FD1387F6C}.AppStore|Any CPU.ActiveCfg = Release|Any CPU
		{67AD7E98-CDC6-4E27-B1F3-9B6FD1387F6C}.AppStore|Any CPU.Build.0 = Release|Any CPU
		{67AD7E98-CDC6-4E27-B1F3-9B6FD1387F6C}.AppStore|ARM.ActiveCfg = Release|Any CPU
		{67AD7E98-CDC6-4E27-B1F3-9B6FD1387F6C}.AppStore|ARM.Build.0 = Release|Any CPU
		{67AD7E98-CDC6-4E27-B1F3-9B6FD1387F6C}.AppStore|iPhone.ActiveCfg = Release|Any CPU
		{67AD7E98-CDC6-4E27-B1F3-9B6FD1387F6C}.AppStore|iPhone.Build.0 = Release|Any CPU
		{67AD7E98-CDC6-4E27-B1F3-9B6FD1387F6C}.AppStore|iPhoneSimulator.ActiveCfg = Release|Any CPU
		{67AD7E98-CDC6-4E27-B1F3-9B6FD1387F6C}.AppStore|iPhoneSimulator.Build.0 = Release|Any CPU
		{67AD7E98-CDC6-4E27-B1F3-9B6FD1387F6C}.AppStore|x64.ActiveCfg = Release|Any CPU
		{67AD7E98-CDC6-4E27-B1F3-9B6FD1387F6C}.AppStore|x64.Build.0 = Release|Any CPU
		{67AD7E98-CDC6-4E27-B1F3-9B6FD1387F6C}.AppStore|x86.ActiveCfg = Release|Any CPU
		{67AD7E98-CDC6-4E27-B1F3-9B6FD1387F6C}.AppStore|x86.Build.0 = Release|Any CPU
		{67AD7E98-CDC6-4E27-B1F3-9B6FD1387F6C}.Debug|Any CPU.ActiveCfg = Debug|Any CPU
		{67AD7E98-CDC6-4E27-B1F3-9B6FD1387F6C}.Debug|Any CPU.Build.0 = Debug|Any CPU
		{67AD7E98-CDC6-4E27-B1F3-9B6FD1387F6C}.Debug|ARM.ActiveCfg = Debug|Any CPU
		{67AD7E98-CDC6-4E27-B1F3-9B6FD1387F6C}.Debug|ARM.Build.0 = Debug|Any CPU
		{67AD7E98-CDC6-4E27-B1F3-9B6FD1387F6C}.Debug|iPhone.ActiveCfg = Debug|Any CPU
		{67AD7E98-CDC6-4E27-B1F3-9B6FD1387F6C}.Debug|iPhone.Build.0 = Debug|Any CPU
		{67AD7E98-CDC6-4E27-B1F3-9B6FD1387F6C}.Debug|iPhoneSimulator.ActiveCfg = Debug|Any CPU
		{67AD7E98-CDC6-4E27-B1F3-9B6FD1387F6C}.Debug|iPhoneSimulator.Build.0 = Debug|Any CPU
		{67AD7E98-CDC6-4E27-B1F3-9B6FD1387F6C}.Debug|x64.ActiveCfg = Debug|Any CPU
		{67AD7E98-CDC6-4E27-B1F3-9B6FD1387F6C}.Debug|x64.Build.0 = Debug|Any CPU
		{67AD7E98-CDC6-4E27-B1F3-9B6FD1387F6C}.Debug|x86.ActiveCfg = Debug|Any CPU
		{67AD7E98-CDC6-4E27-B1F3-9B6FD1387F6C}.Debug|x86.Build.0 = Debug|Any CPU
		{67AD7E98-CDC6-4E27-B1F3-9B6FD1387F6C}.Release|Any CPU.ActiveCfg = Release|Any CPU
		{67AD7E98-CDC6-4E27-B1F3-9B6FD1387F6C}.Release|Any CPU.Build.0 = Release|Any CPU
		{67AD7E98-CDC6-4E27-B1F3-9B6FD1387F6C}.Release|ARM.ActiveCfg = Release|Any CPU
		{67AD7E98-CDC6-4E27-B1F3-9B6FD1387F6C}.Release|ARM.Build.0 = Release|Any CPU
		{67AD7E98-CDC6-4E27-B1F3-9B6FD1387F6C}.Release|iPhone.ActiveCfg = Release|Any CPU
		{67AD7E98-CDC6-4E27-B1F3-9B6FD1387F6C}.Release|iPhone.Build.0 = Release|Any CPU
		{67AD7E98-CDC6-4E27-B1F3-9B6FD1387F6C}.Release|iPhoneSimulator.ActiveCfg = Release|Any CPU
		{67AD7E98-CDC6-4E27-B1F3-9B6FD1387F6C}.Release|iPhoneSimulator.Build.0 = Release|Any CPU
		{67AD7E98-CDC6-4E27-B1F3-9B6FD1387F6C}.Release|x64.ActiveCfg = Release|Any CPU
		{67AD7E98-CDC6-4E27-B1F3-9B6FD1387F6C}.Release|x64.Build.0 = Release|Any CPU
		{67AD7E98-CDC6-4E27-B1F3-9B6FD1387F6C}.Release|x86.ActiveCfg = Release|Any CPU
		{67AD7E98-CDC6-4E27-B1F3-9B6FD1387F6C}.Release|x86.Build.0 = Release|Any CPU
		{F8EC60F7-275D-4D92-9370-8092E53052D5}.Ad-Hoc|Any CPU.ActiveCfg = Release|Any CPU
		{F8EC60F7-275D-4D92-9370-8092E53052D5}.Ad-Hoc|Any CPU.Build.0 = Release|Any CPU
		{F8EC60F7-275D-4D92-9370-8092E53052D5}.Ad-Hoc|ARM.ActiveCfg = Release|Any CPU
		{F8EC60F7-275D-4D92-9370-8092E53052D5}.Ad-Hoc|ARM.Build.0 = Release|Any CPU
		{F8EC60F7-275D-4D92-9370-8092E53052D5}.Ad-Hoc|iPhone.ActiveCfg = Release|Any CPU
		{F8EC60F7-275D-4D92-9370-8092E53052D5}.Ad-Hoc|iPhone.Build.0 = Release|Any CPU
		{F8EC60F7-275D-4D92-9370-8092E53052D5}.Ad-Hoc|iPhoneSimulator.ActiveCfg = Release|Any CPU
		{F8EC60F7-275D-4D92-9370-8092E53052D5}.Ad-Hoc|iPhoneSimulator.Build.0 = Release|Any CPU
		{F8EC60F7-275D-4D92-9370-8092E53052D5}.Ad-Hoc|x64.ActiveCfg = Release|Any CPU
		{F8EC60F7-275D-4D92-9370-8092E53052D5}.Ad-Hoc|x64.Build.0 = Release|Any CPU
		{F8EC60F7-275D-4D92-9370-8092E53052D5}.Ad-Hoc|x86.ActiveCfg = Release|Any CPU
		{F8EC60F7-275D-4D92-9370-8092E53052D5}.Ad-Hoc|x86.Build.0 = Release|Any CPU
		{F8EC60F7-275D-4D92-9370-8092E53052D5}.AppStore|Any CPU.ActiveCfg = Release|Any CPU
		{F8EC60F7-275D-4D92-9370-8092E53052D5}.AppStore|Any CPU.Build.0 = Release|Any CPU
		{F8EC60F7-275D-4D92-9370-8092E53052D5}.AppStore|ARM.ActiveCfg = Release|Any CPU
		{F8EC60F7-275D-4D92-9370-8092E53052D5}.AppStore|ARM.Build.0 = Release|Any CPU
		{F8EC60F7-275D-4D92-9370-8092E53052D5}.AppStore|iPhone.ActiveCfg = Release|Any CPU
		{F8EC60F7-275D-4D92-9370-8092E53052D5}.AppStore|iPhone.Build.0 = Release|Any CPU
		{F8EC60F7-275D-4D92-9370-8092E53052D5}.AppStore|iPhoneSimulator.ActiveCfg = Release|Any CPU
		{F8EC60F7-275D-4D92-9370-8092E53052D5}.AppStore|iPhoneSimulator.Build.0 = Release|Any CPU
		{F8EC60F7-275D-4D92-9370-8092E53052D5}.AppStore|x64.ActiveCfg = Release|Any CPU
		{F8EC60F7-275D-4D92-9370-8092E53052D5}.AppStore|x64.Build.0 = Release|Any CPU
		{F8EC60F7-275D-4D92-9370-8092E53052D5}.AppStore|x86.ActiveCfg = Release|Any CPU
		{F8EC60F7-275D-4D92-9370-8092E53052D5}.AppStore|x86.Build.0 = Release|Any CPU
		{F8EC60F7-275D-4D92-9370-8092E53052D5}.Debug|Any CPU.ActiveCfg = Debug|Any CPU
		{F8EC60F7-275D-4D92-9370-8092E53052D5}.Debug|Any CPU.Build.0 = Debug|Any CPU
		{F8EC60F7-275D-4D92-9370-8092E53052D5}.Debug|ARM.ActiveCfg = Debug|Any CPU
		{F8EC60F7-275D-4D92-9370-8092E53052D5}.Debug|ARM.Build.0 = Debug|Any CPU
		{F8EC60F7-275D-4D92-9370-8092E53052D5}.Debug|iPhone.ActiveCfg = Debug|Any CPU
		{F8EC60F7-275D-4D92-9370-8092E53052D5}.Debug|iPhone.Build.0 = Debug|Any CPU
		{F8EC60F7-275D-4D92-9370-8092E53052D5}.Debug|iPhoneSimulator.ActiveCfg = Debug|Any CPU
		{F8EC60F7-275D-4D92-9370-8092E53052D5}.Debug|iPhoneSimulator.Build.0 = Debug|Any CPU
		{F8EC60F7-275D-4D92-9370-8092E53052D5}.Debug|x64.ActiveCfg = Debug|Any CPU
		{F8EC60F7-275D-4D92-9370-8092E53052D5}.Debug|x64.Build.0 = Debug|Any CPU
		{F8EC60F7-275D-4D92-9370-8092E53052D5}.Debug|x86.ActiveCfg = Debug|Any CPU
		{F8EC60F7-275D-4D92-9370-8092E53052D5}.Debug|x86.Build.0 = Debug|Any CPU
		{F8EC60F7-275D-4D92-9370-8092E53052D5}.Release|Any CPU.ActiveCfg = Release|Any CPU
		{F8EC60F7-275D-4D92-9370-8092E53052D5}.Release|Any CPU.Build.0 = Release|Any CPU
		{F8EC60F7-275D-4D92-9370-8092E53052D5}.Release|ARM.ActiveCfg = Release|Any CPU
		{F8EC60F7-275D-4D92-9370-8092E53052D5}.Release|ARM.Build.0 = Release|Any CPU
		{F8EC60F7-275D-4D92-9370-8092E53052D5}.Release|iPhone.ActiveCfg = Release|Any CPU
		{F8EC60F7-275D-4D92-9370-8092E53052D5}.Release|iPhone.Build.0 = Release|Any CPU
		{F8EC60F7-275D-4D92-9370-8092E53052D5}.Release|iPhoneSimulator.ActiveCfg = Release|Any CPU
		{F8EC60F7-275D-4D92-9370-8092E53052D5}.Release|iPhoneSimulator.Build.0 = Release|Any CPU
		{F8EC60F7-275D-4D92-9370-8092E53052D5}.Release|x64.ActiveCfg = Release|Any CPU
		{F8EC60F7-275D-4D92-9370-8092E53052D5}.Release|x64.Build.0 = Release|Any CPU
		{F8EC60F7-275D-4D92-9370-8092E53052D5}.Release|x86.ActiveCfg = Release|Any CPU
		{F8EC60F7-275D-4D92-9370-8092E53052D5}.Release|x86.Build.0 = Release|Any CPU
		{55EF1380-FB6F-4871-B9B5-C5909647472D}.Ad-Hoc|Any CPU.ActiveCfg = Release|Any CPU
		{55EF1380-FB6F-4871-B9B5-C5909647472D}.Ad-Hoc|Any CPU.Build.0 = Release|Any CPU
		{55EF1380-FB6F-4871-B9B5-C5909647472D}.Ad-Hoc|ARM.ActiveCfg = Release|Any CPU
		{55EF1380-FB6F-4871-B9B5-C5909647472D}.Ad-Hoc|ARM.Build.0 = Release|Any CPU
		{55EF1380-FB6F-4871-B9B5-C5909647472D}.Ad-Hoc|iPhone.ActiveCfg = Release|Any CPU
		{55EF1380-FB6F-4871-B9B5-C5909647472D}.Ad-Hoc|iPhone.Build.0 = Release|Any CPU
		{55EF1380-FB6F-4871-B9B5-C5909647472D}.Ad-Hoc|iPhoneSimulator.ActiveCfg = Release|Any CPU
		{55EF1380-FB6F-4871-B9B5-C5909647472D}.Ad-Hoc|iPhoneSimulator.Build.0 = Release|Any CPU
		{55EF1380-FB6F-4871-B9B5-C5909647472D}.Ad-Hoc|x64.ActiveCfg = Release|Any CPU
		{55EF1380-FB6F-4871-B9B5-C5909647472D}.Ad-Hoc|x64.Build.0 = Release|Any CPU
		{55EF1380-FB6F-4871-B9B5-C5909647472D}.Ad-Hoc|x86.ActiveCfg = Release|Any CPU
		{55EF1380-FB6F-4871-B9B5-C5909647472D}.Ad-Hoc|x86.Build.0 = Release|Any CPU
		{55EF1380-FB6F-4871-B9B5-C5909647472D}.AppStore|Any CPU.ActiveCfg = Release|Any CPU
		{55EF1380-FB6F-4871-B9B5-C5909647472D}.AppStore|Any CPU.Build.0 = Release|Any CPU
		{55EF1380-FB6F-4871-B9B5-C5909647472D}.AppStore|ARM.ActiveCfg = Release|Any CPU
		{55EF1380-FB6F-4871-B9B5-C5909647472D}.AppStore|ARM.Build.0 = Release|Any CPU
		{55EF1380-FB6F-4871-B9B5-C5909647472D}.AppStore|iPhone.ActiveCfg = Release|Any CPU
		{55EF1380-FB6F-4871-B9B5-C5909647472D}.AppStore|iPhone.Build.0 = Release|Any CPU
		{55EF1380-FB6F-4871-B9B5-C5909647472D}.AppStore|iPhoneSimulator.ActiveCfg = Release|Any CPU
		{55EF1380-FB6F-4871-B9B5-C5909647472D}.AppStore|iPhoneSimulator.Build.0 = Release|Any CPU
		{55EF1380-FB6F-4871-B9B5-C5909647472D}.AppStore|x64.ActiveCfg = Release|Any CPU
		{55EF1380-FB6F-4871-B9B5-C5909647472D}.AppStore|x64.Build.0 = Release|Any CPU
		{55EF1380-FB6F-4871-B9B5-C5909647472D}.AppStore|x86.ActiveCfg = Release|Any CPU
		{55EF1380-FB6F-4871-B9B5-C5909647472D}.AppStore|x86.Build.0 = Release|Any CPU
		{55EF1380-FB6F-4871-B9B5-C5909647472D}.Debug|Any CPU.ActiveCfg = Debug|Any CPU
		{55EF1380-FB6F-4871-B9B5-C5909647472D}.Debug|Any CPU.Build.0 = Debug|Any CPU
		{55EF1380-FB6F-4871-B9B5-C5909647472D}.Debug|ARM.ActiveCfg = Debug|Any CPU
		{55EF1380-FB6F-4871-B9B5-C5909647472D}.Debug|ARM.Build.0 = Debug|Any CPU
		{55EF1380-FB6F-4871-B9B5-C5909647472D}.Debug|iPhone.ActiveCfg = Debug|Any CPU
		{55EF1380-FB6F-4871-B9B5-C5909647472D}.Debug|iPhone.Build.0 = Debug|Any CPU
		{55EF1380-FB6F-4871-B9B5-C5909647472D}.Debug|iPhoneSimulator.ActiveCfg = Debug|Any CPU
		{55EF1380-FB6F-4871-B9B5-C5909647472D}.Debug|iPhoneSimulator.Build.0 = Debug|Any CPU
		{55EF1380-FB6F-4871-B9B5-C5909647472D}.Debug|x64.ActiveCfg = Debug|Any CPU
		{55EF1380-FB6F-4871-B9B5-C5909647472D}.Debug|x64.Build.0 = Debug|Any CPU
		{55EF1380-FB6F-4871-B9B5-C5909647472D}.Debug|x86.ActiveCfg = Debug|Any CPU
		{55EF1380-FB6F-4871-B9B5-C5909647472D}.Debug|x86.Build.0 = Debug|Any CPU
		{55EF1380-FB6F-4871-B9B5-C5909647472D}.Release|Any CPU.ActiveCfg = Release|Any CPU
		{55EF1380-FB6F-4871-B9B5-C5909647472D}.Release|Any CPU.Build.0 = Release|Any CPU
		{55EF1380-FB6F-4871-B9B5-C5909647472D}.Release|ARM.ActiveCfg = Release|Any CPU
		{55EF1380-FB6F-4871-B9B5-C5909647472D}.Release|ARM.Build.0 = Release|Any CPU
		{55EF1380-FB6F-4871-B9B5-C5909647472D}.Release|iPhone.ActiveCfg = Release|Any CPU
		{55EF1380-FB6F-4871-B9B5-C5909647472D}.Release|iPhone.Build.0 = Release|Any CPU
		{55EF1380-FB6F-4871-B9B5-C5909647472D}.Release|iPhoneSimulator.ActiveCfg = Release|Any CPU
		{55EF1380-FB6F-4871-B9B5-C5909647472D}.Release|iPhoneSimulator.Build.0 = Release|Any CPU
		{55EF1380-FB6F-4871-B9B5-C5909647472D}.Release|x64.ActiveCfg = Release|Any CPU
		{55EF1380-FB6F-4871-B9B5-C5909647472D}.Release|x64.Build.0 = Release|Any CPU
		{55EF1380-FB6F-4871-B9B5-C5909647472D}.Release|x86.ActiveCfg = Release|Any CPU
		{55EF1380-FB6F-4871-B9B5-C5909647472D}.Release|x86.Build.0 = Release|Any CPU
		{920A7FAB-5AD3-467C-AC67-22F29B2456BF}.Ad-Hoc|Any CPU.ActiveCfg = Release|Any CPU
		{920A7FAB-5AD3-467C-AC67-22F29B2456BF}.Ad-Hoc|Any CPU.Build.0 = Release|Any CPU
		{920A7FAB-5AD3-467C-AC67-22F29B2456BF}.Ad-Hoc|ARM.ActiveCfg = Release|Any CPU
		{920A7FAB-5AD3-467C-AC67-22F29B2456BF}.Ad-Hoc|ARM.Build.0 = Release|Any CPU
		{920A7FAB-5AD3-467C-AC67-22F29B2456BF}.Ad-Hoc|iPhone.ActiveCfg = Release|Any CPU
		{920A7FAB-5AD3-467C-AC67-22F29B2456BF}.Ad-Hoc|iPhone.Build.0 = Release|Any CPU
		{920A7FAB-5AD3-467C-AC67-22F29B2456BF}.Ad-Hoc|iPhoneSimulator.ActiveCfg = Release|Any CPU
		{920A7FAB-5AD3-467C-AC67-22F29B2456BF}.Ad-Hoc|iPhoneSimulator.Build.0 = Release|Any CPU
		{920A7FAB-5AD3-467C-AC67-22F29B2456BF}.Ad-Hoc|x64.ActiveCfg = Release|Any CPU
		{920A7FAB-5AD3-467C-AC67-22F29B2456BF}.Ad-Hoc|x64.Build.0 = Release|Any CPU
		{920A7FAB-5AD3-467C-AC67-22F29B2456BF}.Ad-Hoc|x86.ActiveCfg = Release|Any CPU
		{920A7FAB-5AD3-467C-AC67-22F29B2456BF}.Ad-Hoc|x86.Build.0 = Release|Any CPU
		{920A7FAB-5AD3-467C-AC67-22F29B2456BF}.AppStore|Any CPU.ActiveCfg = Release|Any CPU
		{920A7FAB-5AD3-467C-AC67-22F29B2456BF}.AppStore|Any CPU.Build.0 = Release|Any CPU
		{920A7FAB-5AD3-467C-AC67-22F29B2456BF}.AppStore|ARM.ActiveCfg = Release|Any CPU
		{920A7FAB-5AD3-467C-AC67-22F29B2456BF}.AppStore|ARM.Build.0 = Release|Any CPU
		{920A7FAB-5AD3-467C-AC67-22F29B2456BF}.AppStore|iPhone.ActiveCfg = Release|Any CPU
		{920A7FAB-5AD3-467C-AC67-22F29B2456BF}.AppStore|iPhone.Build.0 = Release|Any CPU
		{920A7FAB-5AD3-467C-AC67-22F29B2456BF}.AppStore|iPhoneSimulator.ActiveCfg = Release|Any CPU
		{920A7FAB-5AD3-467C-AC67-22F29B2456BF}.AppStore|iPhoneSimulator.Build.0 = Release|Any CPU
		{920A7FAB-5AD3-467C-AC67-22F29B2456BF}.AppStore|x64.ActiveCfg = Release|Any CPU
		{920A7FAB-5AD3-467C-AC67-22F29B2456BF}.AppStore|x64.Build.0 = Release|Any CPU
		{920A7FAB-5AD3-467C-AC67-22F29B2456BF}.AppStore|x86.ActiveCfg = Release|Any CPU
		{920A7FAB-5AD3-467C-AC67-22F29B2456BF}.AppStore|x86.Build.0 = Release|Any CPU
		{920A7FAB-5AD3-467C-AC67-22F29B2456BF}.Debug|Any CPU.ActiveCfg = Debug|Any CPU
		{920A7FAB-5AD3-467C-AC67-22F29B2456BF}.Debug|Any CPU.Build.0 = Debug|Any CPU
		{920A7FAB-5AD3-467C-AC67-22F29B2456BF}.Debug|ARM.ActiveCfg = Debug|Any CPU
		{920A7FAB-5AD3-467C-AC67-22F29B2456BF}.Debug|ARM.Build.0 = Debug|Any CPU
		{920A7FAB-5AD3-467C-AC67-22F29B2456BF}.Debug|iPhone.ActiveCfg = Debug|Any CPU
		{920A7FAB-5AD3-467C-AC67-22F29B2456BF}.Debug|iPhone.Build.0 = Debug|Any CPU
		{920A7FAB-5AD3-467C-AC67-22F29B2456BF}.Debug|iPhoneSimulator.ActiveCfg = Debug|Any CPU
		{920A7FAB-5AD3-467C-AC67-22F29B2456BF}.Debug|iPhoneSimulator.Build.0 = Debug|Any CPU
		{920A7FAB-5AD3-467C-AC67-22F29B2456BF}.Debug|x64.ActiveCfg = Debug|Any CPU
		{920A7FAB-5AD3-467C-AC67-22F29B2456BF}.Debug|x64.Build.0 = Debug|Any CPU
		{920A7FAB-5AD3-467C-AC67-22F29B2456BF}.Debug|x86.ActiveCfg = Debug|Any CPU
		{920A7FAB-5AD3-467C-AC67-22F29B2456BF}.Debug|x86.Build.0 = Debug|Any CPU
		{920A7FAB-5AD3-467C-AC67-22F29B2456BF}.Release|Any CPU.ActiveCfg = Release|Any CPU
		{920A7FAB-5AD3-467C-AC67-22F29B2456BF}.Release|Any CPU.Build.0 = Release|Any CPU
		{920A7FAB-5AD3-467C-AC67-22F29B2456BF}.Release|ARM.ActiveCfg = Release|Any CPU
		{920A7FAB-5AD3-467C-AC67-22F29B2456BF}.Release|ARM.Build.0 = Release|Any CPU
		{920A7FAB-5AD3-467C-AC67-22F29B2456BF}.Release|iPhone.ActiveCfg = Release|Any CPU
		{920A7FAB-5AD3-467C-AC67-22F29B2456BF}.Release|iPhone.Build.0 = Release|Any CPU
		{920A7FAB-5AD3-467C-AC67-22F29B2456BF}.Release|iPhoneSimulator.ActiveCfg = Release|Any CPU
		{920A7FAB-5AD3-467C-AC67-22F29B2456BF}.Release|iPhoneSimulator.Build.0 = Release|Any CPU
		{920A7FAB-5AD3-467C-AC67-22F29B2456BF}.Release|x64.ActiveCfg = Release|Any CPU
		{920A7FAB-5AD3-467C-AC67-22F29B2456BF}.Release|x64.Build.0 = Release|Any CPU
		{920A7FAB-5AD3-467C-AC67-22F29B2456BF}.Release|x86.ActiveCfg = Release|Any CPU
		{920A7FAB-5AD3-467C-AC67-22F29B2456BF}.Release|x86.Build.0 = Release|Any CPU
		{CF4E7E07-9D0F-45AE-ABE8-47F7C3AA1C2D}.Ad-Hoc|Any CPU.ActiveCfg = Release|Any CPU
		{CF4E7E07-9D0F-45AE-ABE8-47F7C3AA1C2D}.Ad-Hoc|Any CPU.Build.0 = Release|Any CPU
		{CF4E7E07-9D0F-45AE-ABE8-47F7C3AA1C2D}.Ad-Hoc|ARM.ActiveCfg = Release|Any CPU
		{CF4E7E07-9D0F-45AE-ABE8-47F7C3AA1C2D}.Ad-Hoc|ARM.Build.0 = Release|Any CPU
		{CF4E7E07-9D0F-45AE-ABE8-47F7C3AA1C2D}.Ad-Hoc|iPhone.ActiveCfg = Release|Any CPU
		{CF4E7E07-9D0F-45AE-ABE8-47F7C3AA1C2D}.Ad-Hoc|iPhone.Build.0 = Release|Any CPU
		{CF4E7E07-9D0F-45AE-ABE8-47F7C3AA1C2D}.Ad-Hoc|iPhoneSimulator.ActiveCfg = Release|Any CPU
		{CF4E7E07-9D0F-45AE-ABE8-47F7C3AA1C2D}.Ad-Hoc|iPhoneSimulator.Build.0 = Release|Any CPU
		{CF4E7E07-9D0F-45AE-ABE8-47F7C3AA1C2D}.Ad-Hoc|x64.ActiveCfg = Release|Any CPU
		{CF4E7E07-9D0F-45AE-ABE8-47F7C3AA1C2D}.Ad-Hoc|x64.Build.0 = Release|Any CPU
		{CF4E7E07-9D0F-45AE-ABE8-47F7C3AA1C2D}.Ad-Hoc|x86.ActiveCfg = Release|Any CPU
		{CF4E7E07-9D0F-45AE-ABE8-47F7C3AA1C2D}.Ad-Hoc|x86.Build.0 = Release|Any CPU
		{CF4E7E07-9D0F-45AE-ABE8-47F7C3AA1C2D}.AppStore|Any CPU.ActiveCfg = Release|Any CPU
		{CF4E7E07-9D0F-45AE-ABE8-47F7C3AA1C2D}.AppStore|Any CPU.Build.0 = Release|Any CPU
		{CF4E7E07-9D0F-45AE-ABE8-47F7C3AA1C2D}.AppStore|ARM.ActiveCfg = Release|Any CPU
		{CF4E7E07-9D0F-45AE-ABE8-47F7C3AA1C2D}.AppStore|ARM.Build.0 = Release|Any CPU
		{CF4E7E07-9D0F-45AE-ABE8-47F7C3AA1C2D}.AppStore|iPhone.ActiveCfg = Release|Any CPU
		{CF4E7E07-9D0F-45AE-ABE8-47F7C3AA1C2D}.AppStore|iPhone.Build.0 = Release|Any CPU
		{CF4E7E07-9D0F-45AE-ABE8-47F7C3AA1C2D}.AppStore|iPhoneSimulator.ActiveCfg = Release|Any CPU
		{CF4E7E07-9D0F-45AE-ABE8-47F7C3AA1C2D}.AppStore|iPhoneSimulator.Build.0 = Release|Any CPU
		{CF4E7E07-9D0F-45AE-ABE8-47F7C3AA1C2D}.AppStore|x64.ActiveCfg = Release|Any CPU
		{CF4E7E07-9D0F-45AE-ABE8-47F7C3AA1C2D}.AppStore|x64.Build.0 = Release|Any CPU
		{CF4E7E07-9D0F-45AE-ABE8-47F7C3AA1C2D}.AppStore|x86.ActiveCfg = Release|Any CPU
		{CF4E7E07-9D0F-45AE-ABE8-47F7C3AA1C2D}.AppStore|x86.Build.0 = Release|Any CPU
		{CF4E7E07-9D0F-45AE-ABE8-47F7C3AA1C2D}.Debug|Any CPU.ActiveCfg = Debug|Any CPU
		{CF4E7E07-9D0F-45AE-ABE8-47F7C3AA1C2D}.Debug|Any CPU.Build.0 = Debug|Any CPU
		{CF4E7E07-9D0F-45AE-ABE8-47F7C3AA1C2D}.Debug|ARM.ActiveCfg = Debug|Any CPU
		{CF4E7E07-9D0F-45AE-ABE8-47F7C3AA1C2D}.Debug|ARM.Build.0 = Debug|Any CPU
		{CF4E7E07-9D0F-45AE-ABE8-47F7C3AA1C2D}.Debug|iPhone.ActiveCfg = Debug|Any CPU
		{CF4E7E07-9D0F-45AE-ABE8-47F7C3AA1C2D}.Debug|iPhone.Build.0 = Debug|Any CPU
		{CF4E7E07-9D0F-45AE-ABE8-47F7C3AA1C2D}.Debug|iPhoneSimulator.ActiveCfg = Debug|Any CPU
		{CF4E7E07-9D0F-45AE-ABE8-47F7C3AA1C2D}.Debug|iPhoneSimulator.Build.0 = Debug|Any CPU
		{CF4E7E07-9D0F-45AE-ABE8-47F7C3AA1C2D}.Debug|x64.ActiveCfg = Debug|Any CPU
		{CF4E7E07-9D0F-45AE-ABE8-47F7C3AA1C2D}.Debug|x64.Build.0 = Debug|Any CPU
		{CF4E7E07-9D0F-45AE-ABE8-47F7C3AA1C2D}.Debug|x86.ActiveCfg = Debug|Any CPU
		{CF4E7E07-9D0F-45AE-ABE8-47F7C3AA1C2D}.Debug|x86.Build.0 = Debug|Any CPU
		{CF4E7E07-9D0F-45AE-ABE8-47F7C3AA1C2D}.Release|Any CPU.ActiveCfg = Release|Any CPU
		{CF4E7E07-9D0F-45AE-ABE8-47F7C3AA1C2D}.Release|Any CPU.Build.0 = Release|Any CPU
		{CF4E7E07-9D0F-45AE-ABE8-47F7C3AA1C2D}.Release|ARM.ActiveCfg = Release|Any CPU
		{CF4E7E07-9D0F-45AE-ABE8-47F7C3AA1C2D}.Release|ARM.Build.0 = Release|Any CPU
		{CF4E7E07-9D0F-45AE-ABE8-47F7C3AA1C2D}.Release|iPhone.ActiveCfg = Release|Any CPU
		{CF4E7E07-9D0F-45AE-ABE8-47F7C3AA1C2D}.Release|iPhone.Build.0 = Release|Any CPU
		{CF4E7E07-9D0F-45AE-ABE8-47F7C3AA1C2D}.Release|iPhoneSimulator.ActiveCfg = Release|Any CPU
		{CF4E7E07-9D0F-45AE-ABE8-47F7C3AA1C2D}.Release|iPhoneSimulator.Build.0 = Release|Any CPU
		{CF4E7E07-9D0F-45AE-ABE8-47F7C3AA1C2D}.Release|x64.ActiveCfg = Release|Any CPU
		{CF4E7E07-9D0F-45AE-ABE8-47F7C3AA1C2D}.Release|x64.Build.0 = Release|Any CPU
		{CF4E7E07-9D0F-45AE-ABE8-47F7C3AA1C2D}.Release|x86.ActiveCfg = Release|Any CPU
		{CF4E7E07-9D0F-45AE-ABE8-47F7C3AA1C2D}.Release|x86.Build.0 = Release|Any CPU
		{CB589A1B-810D-4DEA-B501-C7E6992CB389}.Ad-Hoc|Any CPU.ActiveCfg = Release|Any CPU
		{CB589A1B-810D-4DEA-B501-C7E6992CB389}.Ad-Hoc|Any CPU.Build.0 = Release|Any CPU
		{CB589A1B-810D-4DEA-B501-C7E6992CB389}.Ad-Hoc|ARM.ActiveCfg = Release|Any CPU
		{CB589A1B-810D-4DEA-B501-C7E6992CB389}.Ad-Hoc|ARM.Build.0 = Release|Any CPU
		{CB589A1B-810D-4DEA-B501-C7E6992CB389}.Ad-Hoc|iPhone.ActiveCfg = Release|Any CPU
		{CB589A1B-810D-4DEA-B501-C7E6992CB389}.Ad-Hoc|iPhone.Build.0 = Release|Any CPU
		{CB589A1B-810D-4DEA-B501-C7E6992CB389}.Ad-Hoc|iPhoneSimulator.ActiveCfg = Release|Any CPU
		{CB589A1B-810D-4DEA-B501-C7E6992CB389}.Ad-Hoc|iPhoneSimulator.Build.0 = Release|Any CPU
		{CB589A1B-810D-4DEA-B501-C7E6992CB389}.Ad-Hoc|x64.ActiveCfg = Release|Any CPU
		{CB589A1B-810D-4DEA-B501-C7E6992CB389}.Ad-Hoc|x64.Build.0 = Release|Any CPU
		{CB589A1B-810D-4DEA-B501-C7E6992CB389}.Ad-Hoc|x86.ActiveCfg = Release|Any CPU
		{CB589A1B-810D-4DEA-B501-C7E6992CB389}.Ad-Hoc|x86.Build.0 = Release|Any CPU
		{CB589A1B-810D-4DEA-B501-C7E6992CB389}.AppStore|Any CPU.ActiveCfg = Release|Any CPU
		{CB589A1B-810D-4DEA-B501-C7E6992CB389}.AppStore|Any CPU.Build.0 = Release|Any CPU
		{CB589A1B-810D-4DEA-B501-C7E6992CB389}.AppStore|ARM.ActiveCfg = Release|Any CPU
		{CB589A1B-810D-4DEA-B501-C7E6992CB389}.AppStore|ARM.Build.0 = Release|Any CPU
		{CB589A1B-810D-4DEA-B501-C7E6992CB389}.AppStore|iPhone.ActiveCfg = Release|Any CPU
		{CB589A1B-810D-4DEA-B501-C7E6992CB389}.AppStore|iPhone.Build.0 = Release|Any CPU
		{CB589A1B-810D-4DEA-B501-C7E6992CB389}.AppStore|iPhoneSimulator.ActiveCfg = Release|Any CPU
		{CB589A1B-810D-4DEA-B501-C7E6992CB389}.AppStore|iPhoneSimulator.Build.0 = Release|Any CPU
		{CB589A1B-810D-4DEA-B501-C7E6992CB389}.AppStore|x64.ActiveCfg = Release|Any CPU
		{CB589A1B-810D-4DEA-B501-C7E6992CB389}.AppStore|x64.Build.0 = Release|Any CPU
		{CB589A1B-810D-4DEA-B501-C7E6992CB389}.AppStore|x86.ActiveCfg = Release|Any CPU
		{CB589A1B-810D-4DEA-B501-C7E6992CB389}.AppStore|x86.Build.0 = Release|Any CPU
		{CB589A1B-810D-4DEA-B501-C7E6992CB389}.Debug|Any CPU.ActiveCfg = Debug|Any CPU
		{CB589A1B-810D-4DEA-B501-C7E6992CB389}.Debug|Any CPU.Build.0 = Debug|Any CPU
		{CB589A1B-810D-4DEA-B501-C7E6992CB389}.Debug|ARM.ActiveCfg = Debug|Any CPU
		{CB589A1B-810D-4DEA-B501-C7E6992CB389}.Debug|ARM.Build.0 = Debug|Any CPU
		{CB589A1B-810D-4DEA-B501-C7E6992CB389}.Debug|iPhone.ActiveCfg = Debug|Any CPU
		{CB589A1B-810D-4DEA-B501-C7E6992CB389}.Debug|iPhone.Build.0 = Debug|Any CPU
		{CB589A1B-810D-4DEA-B501-C7E6992CB389}.Debug|iPhoneSimulator.ActiveCfg = Debug|Any CPU
		{CB589A1B-810D-4DEA-B501-C7E6992CB389}.Debug|iPhoneSimulator.Build.0 = Debug|Any CPU
		{CB589A1B-810D-4DEA-B501-C7E6992CB389}.Debug|x64.ActiveCfg = Debug|Any CPU
		{CB589A1B-810D-4DEA-B501-C7E6992CB389}.Debug|x64.Build.0 = Debug|Any CPU
		{CB589A1B-810D-4DEA-B501-C7E6992CB389}.Debug|x86.ActiveCfg = Debug|Any CPU
		{CB589A1B-810D-4DEA-B501-C7E6992CB389}.Debug|x86.Build.0 = Debug|Any CPU
		{CB589A1B-810D-4DEA-B501-C7E6992CB389}.Release|Any CPU.ActiveCfg = Release|Any CPU
		{CB589A1B-810D-4DEA-B501-C7E6992CB389}.Release|Any CPU.Build.0 = Release|Any CPU
		{CB589A1B-810D-4DEA-B501-C7E6992CB389}.Release|ARM.ActiveCfg = Release|Any CPU
		{CB589A1B-810D-4DEA-B501-C7E6992CB389}.Release|ARM.Build.0 = Release|Any CPU
		{CB589A1B-810D-4DEA-B501-C7E6992CB389}.Release|iPhone.ActiveCfg = Release|Any CPU
		{CB589A1B-810D-4DEA-B501-C7E6992CB389}.Release|iPhone.Build.0 = Release|Any CPU
		{CB589A1B-810D-4DEA-B501-C7E6992CB389}.Release|iPhoneSimulator.ActiveCfg = Release|Any CPU
		{CB589A1B-810D-4DEA-B501-C7E6992CB389}.Release|iPhoneSimulator.Build.0 = Release|Any CPU
		{CB589A1B-810D-4DEA-B501-C7E6992CB389}.Release|x64.ActiveCfg = Release|Any CPU
		{CB589A1B-810D-4DEA-B501-C7E6992CB389}.Release|x64.Build.0 = Release|Any CPU
		{CB589A1B-810D-4DEA-B501-C7E6992CB389}.Release|x86.ActiveCfg = Release|Any CPU
		{CB589A1B-810D-4DEA-B501-C7E6992CB389}.Release|x86.Build.0 = Release|Any CPU
		{27F3D3C5-8223-45F6-BC0B-65E7F378AFAD}.Ad-Hoc|Any CPU.ActiveCfg = Release|Any CPU
		{27F3D3C5-8223-45F6-BC0B-65E7F378AFAD}.Ad-Hoc|Any CPU.Build.0 = Release|Any CPU
		{27F3D3C5-8223-45F6-BC0B-65E7F378AFAD}.Ad-Hoc|ARM.ActiveCfg = Release|Any CPU
		{27F3D3C5-8223-45F6-BC0B-65E7F378AFAD}.Ad-Hoc|ARM.Build.0 = Release|Any CPU
		{27F3D3C5-8223-45F6-BC0B-65E7F378AFAD}.Ad-Hoc|iPhone.ActiveCfg = Release|Any CPU
		{27F3D3C5-8223-45F6-BC0B-65E7F378AFAD}.Ad-Hoc|iPhone.Build.0 = Release|Any CPU
		{27F3D3C5-8223-45F6-BC0B-65E7F378AFAD}.Ad-Hoc|iPhoneSimulator.ActiveCfg = Release|Any CPU
		{27F3D3C5-8223-45F6-BC0B-65E7F378AFAD}.Ad-Hoc|iPhoneSimulator.Build.0 = Release|Any CPU
		{27F3D3C5-8223-45F6-BC0B-65E7F378AFAD}.Ad-Hoc|x64.ActiveCfg = Release|Any CPU
		{27F3D3C5-8223-45F6-BC0B-65E7F378AFAD}.Ad-Hoc|x64.Build.0 = Release|Any CPU
		{27F3D3C5-8223-45F6-BC0B-65E7F378AFAD}.Ad-Hoc|x86.ActiveCfg = Release|Any CPU
		{27F3D3C5-8223-45F6-BC0B-65E7F378AFAD}.Ad-Hoc|x86.Build.0 = Release|Any CPU
		{27F3D3C5-8223-45F6-BC0B-65E7F378AFAD}.AppStore|Any CPU.ActiveCfg = Release|Any CPU
		{27F3D3C5-8223-45F6-BC0B-65E7F378AFAD}.AppStore|Any CPU.Build.0 = Release|Any CPU
		{27F3D3C5-8223-45F6-BC0B-65E7F378AFAD}.AppStore|ARM.ActiveCfg = Release|Any CPU
		{27F3D3C5-8223-45F6-BC0B-65E7F378AFAD}.AppStore|ARM.Build.0 = Release|Any CPU
		{27F3D3C5-8223-45F6-BC0B-65E7F378AFAD}.AppStore|iPhone.ActiveCfg = Release|Any CPU
		{27F3D3C5-8223-45F6-BC0B-65E7F378AFAD}.AppStore|iPhone.Build.0 = Release|Any CPU
		{27F3D3C5-8223-45F6-BC0B-65E7F378AFAD}.AppStore|iPhoneSimulator.ActiveCfg = Release|Any CPU
		{27F3D3C5-8223-45F6-BC0B-65E7F378AFAD}.AppStore|iPhoneSimulator.Build.0 = Release|Any CPU
		{27F3D3C5-8223-45F6-BC0B-65E7F378AFAD}.AppStore|x64.ActiveCfg = Release|Any CPU
		{27F3D3C5-8223-45F6-BC0B-65E7F378AFAD}.AppStore|x64.Build.0 = Release|Any CPU
		{27F3D3C5-8223-45F6-BC0B-65E7F378AFAD}.AppStore|x86.ActiveCfg = Release|Any CPU
		{27F3D3C5-8223-45F6-BC0B-65E7F378AFAD}.AppStore|x86.Build.0 = Release|Any CPU
		{27F3D3C5-8223-45F6-BC0B-65E7F378AFAD}.Debug|Any CPU.ActiveCfg = Debug|Any CPU
		{27F3D3C5-8223-45F6-BC0B-65E7F378AFAD}.Debug|Any CPU.Build.0 = Debug|Any CPU
		{27F3D3C5-8223-45F6-BC0B-65E7F378AFAD}.Debug|ARM.ActiveCfg = Debug|Any CPU
		{27F3D3C5-8223-45F6-BC0B-65E7F378AFAD}.Debug|ARM.Build.0 = Debug|Any CPU
		{27F3D3C5-8223-45F6-BC0B-65E7F378AFAD}.Debug|iPhone.ActiveCfg = Debug|Any CPU
		{27F3D3C5-8223-45F6-BC0B-65E7F378AFAD}.Debug|iPhone.Build.0 = Debug|Any CPU
		{27F3D3C5-8223-45F6-BC0B-65E7F378AFAD}.Debug|iPhoneSimulator.ActiveCfg = Debug|Any CPU
		{27F3D3C5-8223-45F6-BC0B-65E7F378AFAD}.Debug|iPhoneSimulator.Build.0 = Debug|Any CPU
		{27F3D3C5-8223-45F6-BC0B-65E7F378AFAD}.Debug|x64.ActiveCfg = Debug|Any CPU
		{27F3D3C5-8223-45F6-BC0B-65E7F378AFAD}.Debug|x64.Build.0 = Debug|Any CPU
		{27F3D3C5-8223-45F6-BC0B-65E7F378AFAD}.Debug|x86.ActiveCfg = Debug|Any CPU
		{27F3D3C5-8223-45F6-BC0B-65E7F378AFAD}.Debug|x86.Build.0 = Debug|Any CPU
		{27F3D3C5-8223-45F6-BC0B-65E7F378AFAD}.Release|Any CPU.ActiveCfg = Release|Any CPU
		{27F3D3C5-8223-45F6-BC0B-65E7F378AFAD}.Release|Any CPU.Build.0 = Release|Any CPU
		{27F3D3C5-8223-45F6-BC0B-65E7F378AFAD}.Release|ARM.ActiveCfg = Release|Any CPU
		{27F3D3C5-8223-45F6-BC0B-65E7F378AFAD}.Release|ARM.Build.0 = Release|Any CPU
		{27F3D3C5-8223-45F6-BC0B-65E7F378AFAD}.Release|iPhone.ActiveCfg = Release|Any CPU
		{27F3D3C5-8223-45F6-BC0B-65E7F378AFAD}.Release|iPhone.Build.0 = Release|Any CPU
		{27F3D3C5-8223-45F6-BC0B-65E7F378AFAD}.Release|iPhoneSimulator.ActiveCfg = Release|Any CPU
		{27F3D3C5-8223-45F6-BC0B-65E7F378AFAD}.Release|iPhoneSimulator.Build.0 = Release|Any CPU
		{27F3D3C5-8223-45F6-BC0B-65E7F378AFAD}.Release|x64.ActiveCfg = Release|Any CPU
		{27F3D3C5-8223-45F6-BC0B-65E7F378AFAD}.Release|x64.Build.0 = Release|Any CPU
		{27F3D3C5-8223-45F6-BC0B-65E7F378AFAD}.Release|x86.ActiveCfg = Release|Any CPU
		{27F3D3C5-8223-45F6-BC0B-65E7F378AFAD}.Release|x86.Build.0 = Release|Any CPU
		{28D2C179-D156-425E-8749-7471CD8CB542}.Ad-Hoc|Any CPU.ActiveCfg = Release|Any CPU
		{28D2C179-D156-425E-8749-7471CD8CB542}.Ad-Hoc|Any CPU.Build.0 = Release|Any CPU
		{28D2C179-D156-425E-8749-7471CD8CB542}.Ad-Hoc|ARM.ActiveCfg = Release|Any CPU
		{28D2C179-D156-425E-8749-7471CD8CB542}.Ad-Hoc|ARM.Build.0 = Release|Any CPU
		{28D2C179-D156-425E-8749-7471CD8CB542}.Ad-Hoc|iPhone.ActiveCfg = Release|Any CPU
		{28D2C179-D156-425E-8749-7471CD8CB542}.Ad-Hoc|iPhone.Build.0 = Release|Any CPU
		{28D2C179-D156-425E-8749-7471CD8CB542}.Ad-Hoc|iPhoneSimulator.ActiveCfg = Release|Any CPU
		{28D2C179-D156-425E-8749-7471CD8CB542}.Ad-Hoc|iPhoneSimulator.Build.0 = Release|Any CPU
		{28D2C179-D156-425E-8749-7471CD8CB542}.Ad-Hoc|x64.ActiveCfg = Release|Any CPU
		{28D2C179-D156-425E-8749-7471CD8CB542}.Ad-Hoc|x64.Build.0 = Release|Any CPU
		{28D2C179-D156-425E-8749-7471CD8CB542}.Ad-Hoc|x86.ActiveCfg = Release|Any CPU
		{28D2C179-D156-425E-8749-7471CD8CB542}.Ad-Hoc|x86.Build.0 = Release|Any CPU
		{28D2C179-D156-425E-8749-7471CD8CB542}.AppStore|Any CPU.ActiveCfg = Release|Any CPU
		{28D2C179-D156-425E-8749-7471CD8CB542}.AppStore|Any CPU.Build.0 = Release|Any CPU
		{28D2C179-D156-425E-8749-7471CD8CB542}.AppStore|ARM.ActiveCfg = Release|Any CPU
		{28D2C179-D156-425E-8749-7471CD8CB542}.AppStore|ARM.Build.0 = Release|Any CPU
		{28D2C179-D156-425E-8749-7471CD8CB542}.AppStore|iPhone.ActiveCfg = Release|Any CPU
		{28D2C179-D156-425E-8749-7471CD8CB542}.AppStore|iPhone.Build.0 = Release|Any CPU
		{28D2C179-D156-425E-8749-7471CD8CB542}.AppStore|iPhoneSimulator.ActiveCfg = Release|Any CPU
		{28D2C179-D156-425E-8749-7471CD8CB542}.AppStore|iPhoneSimulator.Build.0 = Release|Any CPU
		{28D2C179-D156-425E-8749-7471CD8CB542}.AppStore|x64.ActiveCfg = Release|Any CPU
		{28D2C179-D156-425E-8749-7471CD8CB542}.AppStore|x64.Build.0 = Release|Any CPU
		{28D2C179-D156-425E-8749-7471CD8CB542}.AppStore|x86.ActiveCfg = Release|Any CPU
		{28D2C179-D156-425E-8749-7471CD8CB542}.AppStore|x86.Build.0 = Release|Any CPU
		{28D2C179-D156-425E-8749-7471CD8CB542}.Debug|Any CPU.ActiveCfg = Debug|Any CPU
		{28D2C179-D156-425E-8749-7471CD8CB542}.Debug|Any CPU.Build.0 = Debug|Any CPU
		{28D2C179-D156-425E-8749-7471CD8CB542}.Debug|ARM.ActiveCfg = Debug|Any CPU
		{28D2C179-D156-425E-8749-7471CD8CB542}.Debug|ARM.Build.0 = Debug|Any CPU
		{28D2C179-D156-425E-8749-7471CD8CB542}.Debug|iPhone.ActiveCfg = Debug|Any CPU
		{28D2C179-D156-425E-8749-7471CD8CB542}.Debug|iPhone.Build.0 = Debug|Any CPU
		{28D2C179-D156-425E-8749-7471CD8CB542}.Debug|iPhoneSimulator.ActiveCfg = Debug|Any CPU
		{28D2C179-D156-425E-8749-7471CD8CB542}.Debug|iPhoneSimulator.Build.0 = Debug|Any CPU
		{28D2C179-D156-425E-8749-7471CD8CB542}.Debug|x64.ActiveCfg = Debug|Any CPU
		{28D2C179-D156-425E-8749-7471CD8CB542}.Debug|x64.Build.0 = Debug|Any CPU
		{28D2C179-D156-425E-8749-7471CD8CB542}.Debug|x86.ActiveCfg = Debug|Any CPU
		{28D2C179-D156-425E-8749-7471CD8CB542}.Debug|x86.Build.0 = Debug|Any CPU
		{28D2C179-D156-425E-8749-7471CD8CB542}.Release|Any CPU.ActiveCfg = Release|Any CPU
		{28D2C179-D156-425E-8749-7471CD8CB542}.Release|Any CPU.Build.0 = Release|Any CPU
		{28D2C179-D156-425E-8749-7471CD8CB542}.Release|ARM.ActiveCfg = Release|Any CPU
		{28D2C179-D156-425E-8749-7471CD8CB542}.Release|ARM.Build.0 = Release|Any CPU
		{28D2C179-D156-425E-8749-7471CD8CB542}.Release|iPhone.ActiveCfg = Release|Any CPU
		{28D2C179-D156-425E-8749-7471CD8CB542}.Release|iPhone.Build.0 = Release|Any CPU
		{28D2C179-D156-425E-8749-7471CD8CB542}.Release|iPhoneSimulator.ActiveCfg = Release|Any CPU
		{28D2C179-D156-425E-8749-7471CD8CB542}.Release|iPhoneSimulator.Build.0 = Release|Any CPU
		{28D2C179-D156-425E-8749-7471CD8CB542}.Release|x64.ActiveCfg = Release|Any CPU
		{28D2C179-D156-425E-8749-7471CD8CB542}.Release|x64.Build.0 = Release|Any CPU
		{28D2C179-D156-425E-8749-7471CD8CB542}.Release|x86.ActiveCfg = Release|Any CPU
		{28D2C179-D156-425E-8749-7471CD8CB542}.Release|x86.Build.0 = Release|Any CPU
		{4B33D1CA-103C-465D-9946-F64242D945FA}.Ad-Hoc|Any CPU.ActiveCfg = Debug|Any CPU
		{4B33D1CA-103C-465D-9946-F64242D945FA}.Ad-Hoc|Any CPU.Build.0 = Debug|Any CPU
		{4B33D1CA-103C-465D-9946-F64242D945FA}.Ad-Hoc|ARM.ActiveCfg = Debug|Any CPU
		{4B33D1CA-103C-465D-9946-F64242D945FA}.Ad-Hoc|ARM.Build.0 = Debug|Any CPU
		{4B33D1CA-103C-465D-9946-F64242D945FA}.Ad-Hoc|iPhone.ActiveCfg = Debug|Any CPU
		{4B33D1CA-103C-465D-9946-F64242D945FA}.Ad-Hoc|iPhone.Build.0 = Debug|Any CPU
		{4B33D1CA-103C-465D-9946-F64242D945FA}.Ad-Hoc|iPhoneSimulator.ActiveCfg = Debug|Any CPU
		{4B33D1CA-103C-465D-9946-F64242D945FA}.Ad-Hoc|iPhoneSimulator.Build.0 = Debug|Any CPU
		{4B33D1CA-103C-465D-9946-F64242D945FA}.Ad-Hoc|x64.ActiveCfg = Debug|Any CPU
		{4B33D1CA-103C-465D-9946-F64242D945FA}.Ad-Hoc|x64.Build.0 = Debug|Any CPU
		{4B33D1CA-103C-465D-9946-F64242D945FA}.Ad-Hoc|x86.ActiveCfg = Debug|Any CPU
		{4B33D1CA-103C-465D-9946-F64242D945FA}.Ad-Hoc|x86.Build.0 = Debug|Any CPU
		{4B33D1CA-103C-465D-9946-F64242D945FA}.AppStore|Any CPU.ActiveCfg = Debug|Any CPU
		{4B33D1CA-103C-465D-9946-F64242D945FA}.AppStore|Any CPU.Build.0 = Debug|Any CPU
		{4B33D1CA-103C-465D-9946-F64242D945FA}.AppStore|ARM.ActiveCfg = Debug|Any CPU
		{4B33D1CA-103C-465D-9946-F64242D945FA}.AppStore|ARM.Build.0 = Debug|Any CPU
		{4B33D1CA-103C-465D-9946-F64242D945FA}.AppStore|iPhone.ActiveCfg = Debug|Any CPU
		{4B33D1CA-103C-465D-9946-F64242D945FA}.AppStore|iPhone.Build.0 = Debug|Any CPU
		{4B33D1CA-103C-465D-9946-F64242D945FA}.AppStore|iPhoneSimulator.ActiveCfg = Debug|Any CPU
		{4B33D1CA-103C-465D-9946-F64242D945FA}.AppStore|iPhoneSimulator.Build.0 = Debug|Any CPU
		{4B33D1CA-103C-465D-9946-F64242D945FA}.AppStore|x64.ActiveCfg = Debug|Any CPU
		{4B33D1CA-103C-465D-9946-F64242D945FA}.AppStore|x64.Build.0 = Debug|Any CPU
		{4B33D1CA-103C-465D-9946-F64242D945FA}.AppStore|x86.ActiveCfg = Debug|Any CPU
		{4B33D1CA-103C-465D-9946-F64242D945FA}.AppStore|x86.Build.0 = Debug|Any CPU
		{4B33D1CA-103C-465D-9946-F64242D945FA}.Debug|Any CPU.ActiveCfg = Debug|Any CPU
		{4B33D1CA-103C-465D-9946-F64242D945FA}.Debug|Any CPU.Build.0 = Debug|Any CPU
		{4B33D1CA-103C-465D-9946-F64242D945FA}.Debug|ARM.ActiveCfg = Debug|Any CPU
		{4B33D1CA-103C-465D-9946-F64242D945FA}.Debug|ARM.Build.0 = Debug|Any CPU
		{4B33D1CA-103C-465D-9946-F64242D945FA}.Debug|iPhone.ActiveCfg = Debug|Any CPU
		{4B33D1CA-103C-465D-9946-F64242D945FA}.Debug|iPhone.Build.0 = Debug|Any CPU
		{4B33D1CA-103C-465D-9946-F64242D945FA}.Debug|iPhoneSimulator.ActiveCfg = Debug|Any CPU
		{4B33D1CA-103C-465D-9946-F64242D945FA}.Debug|iPhoneSimulator.Build.0 = Debug|Any CPU
		{4B33D1CA-103C-465D-9946-F64242D945FA}.Debug|x64.ActiveCfg = Debug|Any CPU
		{4B33D1CA-103C-465D-9946-F64242D945FA}.Debug|x64.Build.0 = Debug|Any CPU
		{4B33D1CA-103C-465D-9946-F64242D945FA}.Debug|x86.ActiveCfg = Debug|Any CPU
		{4B33D1CA-103C-465D-9946-F64242D945FA}.Debug|x86.Build.0 = Debug|Any CPU
		{4B33D1CA-103C-465D-9946-F64242D945FA}.Release|Any CPU.ActiveCfg = Release|Any CPU
		{4B33D1CA-103C-465D-9946-F64242D945FA}.Release|Any CPU.Build.0 = Release|Any CPU
		{4B33D1CA-103C-465D-9946-F64242D945FA}.Release|ARM.ActiveCfg = Release|Any CPU
		{4B33D1CA-103C-465D-9946-F64242D945FA}.Release|ARM.Build.0 = Release|Any CPU
		{4B33D1CA-103C-465D-9946-F64242D945FA}.Release|iPhone.ActiveCfg = Release|Any CPU
		{4B33D1CA-103C-465D-9946-F64242D945FA}.Release|iPhone.Build.0 = Release|Any CPU
		{4B33D1CA-103C-465D-9946-F64242D945FA}.Release|iPhoneSimulator.ActiveCfg = Release|Any CPU
		{4B33D1CA-103C-465D-9946-F64242D945FA}.Release|iPhoneSimulator.Build.0 = Release|Any CPU
		{4B33D1CA-103C-465D-9946-F64242D945FA}.Release|x64.ActiveCfg = Release|Any CPU
		{4B33D1CA-103C-465D-9946-F64242D945FA}.Release|x64.Build.0 = Release|Any CPU
		{4B33D1CA-103C-465D-9946-F64242D945FA}.Release|x86.ActiveCfg = Release|Any CPU
		{4B33D1CA-103C-465D-9946-F64242D945FA}.Release|x86.Build.0 = Release|Any CPU
		{06F2A7BE-BF61-4936-82BF-0752EDA89562}.Ad-Hoc|Any CPU.ActiveCfg = Debug|Any CPU
		{06F2A7BE-BF61-4936-82BF-0752EDA89562}.Ad-Hoc|Any CPU.Build.0 = Debug|Any CPU
		{06F2A7BE-BF61-4936-82BF-0752EDA89562}.Ad-Hoc|ARM.ActiveCfg = Debug|Any CPU
		{06F2A7BE-BF61-4936-82BF-0752EDA89562}.Ad-Hoc|ARM.Build.0 = Debug|Any CPU
		{06F2A7BE-BF61-4936-82BF-0752EDA89562}.Ad-Hoc|iPhone.ActiveCfg = Debug|Any CPU
		{06F2A7BE-BF61-4936-82BF-0752EDA89562}.Ad-Hoc|iPhone.Build.0 = Debug|Any CPU
		{06F2A7BE-BF61-4936-82BF-0752EDA89562}.Ad-Hoc|iPhoneSimulator.ActiveCfg = Debug|Any CPU
		{06F2A7BE-BF61-4936-82BF-0752EDA89562}.Ad-Hoc|iPhoneSimulator.Build.0 = Debug|Any CPU
		{06F2A7BE-BF61-4936-82BF-0752EDA89562}.Ad-Hoc|x64.ActiveCfg = Debug|Any CPU
		{06F2A7BE-BF61-4936-82BF-0752EDA89562}.Ad-Hoc|x64.Build.0 = Debug|Any CPU
		{06F2A7BE-BF61-4936-82BF-0752EDA89562}.Ad-Hoc|x86.ActiveCfg = Debug|Any CPU
		{06F2A7BE-BF61-4936-82BF-0752EDA89562}.Ad-Hoc|x86.Build.0 = Debug|Any CPU
		{06F2A7BE-BF61-4936-82BF-0752EDA89562}.AppStore|Any CPU.ActiveCfg = Debug|Any CPU
		{06F2A7BE-BF61-4936-82BF-0752EDA89562}.AppStore|Any CPU.Build.0 = Debug|Any CPU
		{06F2A7BE-BF61-4936-82BF-0752EDA89562}.AppStore|ARM.ActiveCfg = Debug|Any CPU
		{06F2A7BE-BF61-4936-82BF-0752EDA89562}.AppStore|ARM.Build.0 = Debug|Any CPU
		{06F2A7BE-BF61-4936-82BF-0752EDA89562}.AppStore|iPhone.ActiveCfg = Debug|Any CPU
		{06F2A7BE-BF61-4936-82BF-0752EDA89562}.AppStore|iPhone.Build.0 = Debug|Any CPU
		{06F2A7BE-BF61-4936-82BF-0752EDA89562}.AppStore|iPhoneSimulator.ActiveCfg = Debug|Any CPU
		{06F2A7BE-BF61-4936-82BF-0752EDA89562}.AppStore|iPhoneSimulator.Build.0 = Debug|Any CPU
		{06F2A7BE-BF61-4936-82BF-0752EDA89562}.AppStore|x64.ActiveCfg = Debug|Any CPU
		{06F2A7BE-BF61-4936-82BF-0752EDA89562}.AppStore|x64.Build.0 = Debug|Any CPU
		{06F2A7BE-BF61-4936-82BF-0752EDA89562}.AppStore|x86.ActiveCfg = Debug|Any CPU
		{06F2A7BE-BF61-4936-82BF-0752EDA89562}.AppStore|x86.Build.0 = Debug|Any CPU
		{06F2A7BE-BF61-4936-82BF-0752EDA89562}.Debug|Any CPU.ActiveCfg = Debug|Any CPU
		{06F2A7BE-BF61-4936-82BF-0752EDA89562}.Debug|Any CPU.Build.0 = Debug|Any CPU
		{06F2A7BE-BF61-4936-82BF-0752EDA89562}.Debug|ARM.ActiveCfg = Debug|Any CPU
		{06F2A7BE-BF61-4936-82BF-0752EDA89562}.Debug|ARM.Build.0 = Debug|Any CPU
		{06F2A7BE-BF61-4936-82BF-0752EDA89562}.Debug|iPhone.ActiveCfg = Debug|Any CPU
		{06F2A7BE-BF61-4936-82BF-0752EDA89562}.Debug|iPhone.Build.0 = Debug|Any CPU
		{06F2A7BE-BF61-4936-82BF-0752EDA89562}.Debug|iPhoneSimulator.ActiveCfg = Debug|Any CPU
		{06F2A7BE-BF61-4936-82BF-0752EDA89562}.Debug|iPhoneSimulator.Build.0 = Debug|Any CPU
		{06F2A7BE-BF61-4936-82BF-0752EDA89562}.Debug|x64.ActiveCfg = Debug|Any CPU
		{06F2A7BE-BF61-4936-82BF-0752EDA89562}.Debug|x64.Build.0 = Debug|Any CPU
		{06F2A7BE-BF61-4936-82BF-0752EDA89562}.Debug|x86.ActiveCfg = Debug|Any CPU
		{06F2A7BE-BF61-4936-82BF-0752EDA89562}.Debug|x86.Build.0 = Debug|Any CPU
		{06F2A7BE-BF61-4936-82BF-0752EDA89562}.Release|Any CPU.ActiveCfg = Release|Any CPU
		{06F2A7BE-BF61-4936-82BF-0752EDA89562}.Release|Any CPU.Build.0 = Release|Any CPU
		{06F2A7BE-BF61-4936-82BF-0752EDA89562}.Release|ARM.ActiveCfg = Release|Any CPU
		{06F2A7BE-BF61-4936-82BF-0752EDA89562}.Release|ARM.Build.0 = Release|Any CPU
		{06F2A7BE-BF61-4936-82BF-0752EDA89562}.Release|iPhone.ActiveCfg = Release|Any CPU
		{06F2A7BE-BF61-4936-82BF-0752EDA89562}.Release|iPhone.Build.0 = Release|Any CPU
		{06F2A7BE-BF61-4936-82BF-0752EDA89562}.Release|iPhoneSimulator.ActiveCfg = Release|Any CPU
		{06F2A7BE-BF61-4936-82BF-0752EDA89562}.Release|iPhoneSimulator.Build.0 = Release|Any CPU
		{06F2A7BE-BF61-4936-82BF-0752EDA89562}.Release|x64.ActiveCfg = Release|Any CPU
		{06F2A7BE-BF61-4936-82BF-0752EDA89562}.Release|x64.Build.0 = Release|Any CPU
		{06F2A7BE-BF61-4936-82BF-0752EDA89562}.Release|x86.ActiveCfg = Release|Any CPU
		{06F2A7BE-BF61-4936-82BF-0752EDA89562}.Release|x86.Build.0 = Release|Any CPU
		{DC8193DB-1035-4E62-AF54-D83C12E7FB02}.Ad-Hoc|Any CPU.ActiveCfg = Debug|Any CPU
		{DC8193DB-1035-4E62-AF54-D83C12E7FB02}.Ad-Hoc|Any CPU.Build.0 = Debug|Any CPU
		{DC8193DB-1035-4E62-AF54-D83C12E7FB02}.Ad-Hoc|ARM.ActiveCfg = Debug|Any CPU
		{DC8193DB-1035-4E62-AF54-D83C12E7FB02}.Ad-Hoc|ARM.Build.0 = Debug|Any CPU
		{DC8193DB-1035-4E62-AF54-D83C12E7FB02}.Ad-Hoc|iPhone.ActiveCfg = Debug|Any CPU
		{DC8193DB-1035-4E62-AF54-D83C12E7FB02}.Ad-Hoc|iPhone.Build.0 = Debug|Any CPU
		{DC8193DB-1035-4E62-AF54-D83C12E7FB02}.Ad-Hoc|iPhoneSimulator.ActiveCfg = Debug|Any CPU
		{DC8193DB-1035-4E62-AF54-D83C12E7FB02}.Ad-Hoc|iPhoneSimulator.Build.0 = Debug|Any CPU
		{DC8193DB-1035-4E62-AF54-D83C12E7FB02}.Ad-Hoc|x64.ActiveCfg = Debug|Any CPU
		{DC8193DB-1035-4E62-AF54-D83C12E7FB02}.Ad-Hoc|x64.Build.0 = Debug|Any CPU
		{DC8193DB-1035-4E62-AF54-D83C12E7FB02}.Ad-Hoc|x86.ActiveCfg = Debug|Any CPU
		{DC8193DB-1035-4E62-AF54-D83C12E7FB02}.Ad-Hoc|x86.Build.0 = Debug|Any CPU
		{DC8193DB-1035-4E62-AF54-D83C12E7FB02}.AppStore|Any CPU.ActiveCfg = Debug|Any CPU
		{DC8193DB-1035-4E62-AF54-D83C12E7FB02}.AppStore|Any CPU.Build.0 = Debug|Any CPU
		{DC8193DB-1035-4E62-AF54-D83C12E7FB02}.AppStore|ARM.ActiveCfg = Debug|Any CPU
		{DC8193DB-1035-4E62-AF54-D83C12E7FB02}.AppStore|ARM.Build.0 = Debug|Any CPU
		{DC8193DB-1035-4E62-AF54-D83C12E7FB02}.AppStore|iPhone.ActiveCfg = Debug|Any CPU
		{DC8193DB-1035-4E62-AF54-D83C12E7FB02}.AppStore|iPhone.Build.0 = Debug|Any CPU
		{DC8193DB-1035-4E62-AF54-D83C12E7FB02}.AppStore|iPhoneSimulator.ActiveCfg = Debug|Any CPU
		{DC8193DB-1035-4E62-AF54-D83C12E7FB02}.AppStore|iPhoneSimulator.Build.0 = Debug|Any CPU
		{DC8193DB-1035-4E62-AF54-D83C12E7FB02}.AppStore|x64.ActiveCfg = Debug|Any CPU
		{DC8193DB-1035-4E62-AF54-D83C12E7FB02}.AppStore|x64.Build.0 = Debug|Any CPU
		{DC8193DB-1035-4E62-AF54-D83C12E7FB02}.AppStore|x86.ActiveCfg = Debug|Any CPU
		{DC8193DB-1035-4E62-AF54-D83C12E7FB02}.AppStore|x86.Build.0 = Debug|Any CPU
		{DC8193DB-1035-4E62-AF54-D83C12E7FB02}.Debug|Any CPU.ActiveCfg = Debug|Any CPU
		{DC8193DB-1035-4E62-AF54-D83C12E7FB02}.Debug|Any CPU.Build.0 = Debug|Any CPU
		{DC8193DB-1035-4E62-AF54-D83C12E7FB02}.Debug|ARM.ActiveCfg = Debug|Any CPU
		{DC8193DB-1035-4E62-AF54-D83C12E7FB02}.Debug|ARM.Build.0 = Debug|Any CPU
		{DC8193DB-1035-4E62-AF54-D83C12E7FB02}.Debug|iPhone.ActiveCfg = Debug|Any CPU
		{DC8193DB-1035-4E62-AF54-D83C12E7FB02}.Debug|iPhone.Build.0 = Debug|Any CPU
		{DC8193DB-1035-4E62-AF54-D83C12E7FB02}.Debug|iPhoneSimulator.ActiveCfg = Debug|Any CPU
		{DC8193DB-1035-4E62-AF54-D83C12E7FB02}.Debug|iPhoneSimulator.Build.0 = Debug|Any CPU
		{DC8193DB-1035-4E62-AF54-D83C12E7FB02}.Debug|x64.ActiveCfg = Debug|Any CPU
		{DC8193DB-1035-4E62-AF54-D83C12E7FB02}.Debug|x64.Build.0 = Debug|Any CPU
		{DC8193DB-1035-4E62-AF54-D83C12E7FB02}.Debug|x86.ActiveCfg = Debug|Any CPU
		{DC8193DB-1035-4E62-AF54-D83C12E7FB02}.Debug|x86.Build.0 = Debug|Any CPU
		{DC8193DB-1035-4E62-AF54-D83C12E7FB02}.Release|Any CPU.ActiveCfg = Release|Any CPU
		{DC8193DB-1035-4E62-AF54-D83C12E7FB02}.Release|Any CPU.Build.0 = Release|Any CPU
		{DC8193DB-1035-4E62-AF54-D83C12E7FB02}.Release|ARM.ActiveCfg = Release|Any CPU
		{DC8193DB-1035-4E62-AF54-D83C12E7FB02}.Release|ARM.Build.0 = Release|Any CPU
		{DC8193DB-1035-4E62-AF54-D83C12E7FB02}.Release|iPhone.ActiveCfg = Release|Any CPU
		{DC8193DB-1035-4E62-AF54-D83C12E7FB02}.Release|iPhone.Build.0 = Release|Any CPU
		{DC8193DB-1035-4E62-AF54-D83C12E7FB02}.Release|iPhoneSimulator.ActiveCfg = Release|Any CPU
		{DC8193DB-1035-4E62-AF54-D83C12E7FB02}.Release|iPhoneSimulator.Build.0 = Release|Any CPU
		{DC8193DB-1035-4E62-AF54-D83C12E7FB02}.Release|x64.ActiveCfg = Release|Any CPU
		{DC8193DB-1035-4E62-AF54-D83C12E7FB02}.Release|x64.Build.0 = Release|Any CPU
		{DC8193DB-1035-4E62-AF54-D83C12E7FB02}.Release|x86.ActiveCfg = Release|Any CPU
		{DC8193DB-1035-4E62-AF54-D83C12E7FB02}.Release|x86.Build.0 = Release|Any CPU
		{65CC9EFF-8ABA-4AAA-8E92-58321B3F8C1B}.Ad-Hoc|Any CPU.ActiveCfg = Debug|Any CPU
		{65CC9EFF-8ABA-4AAA-8E92-58321B3F8C1B}.Ad-Hoc|Any CPU.Build.0 = Debug|Any CPU
		{65CC9EFF-8ABA-4AAA-8E92-58321B3F8C1B}.Ad-Hoc|ARM.ActiveCfg = Debug|Any CPU
		{65CC9EFF-8ABA-4AAA-8E92-58321B3F8C1B}.Ad-Hoc|ARM.Build.0 = Debug|Any CPU
		{65CC9EFF-8ABA-4AAA-8E92-58321B3F8C1B}.Ad-Hoc|iPhone.ActiveCfg = Debug|Any CPU
		{65CC9EFF-8ABA-4AAA-8E92-58321B3F8C1B}.Ad-Hoc|iPhone.Build.0 = Debug|Any CPU
		{65CC9EFF-8ABA-4AAA-8E92-58321B3F8C1B}.Ad-Hoc|iPhoneSimulator.ActiveCfg = Debug|Any CPU
		{65CC9EFF-8ABA-4AAA-8E92-58321B3F8C1B}.Ad-Hoc|iPhoneSimulator.Build.0 = Debug|Any CPU
		{65CC9EFF-8ABA-4AAA-8E92-58321B3F8C1B}.Ad-Hoc|x64.ActiveCfg = Debug|Any CPU
		{65CC9EFF-8ABA-4AAA-8E92-58321B3F8C1B}.Ad-Hoc|x64.Build.0 = Debug|Any CPU
		{65CC9EFF-8ABA-4AAA-8E92-58321B3F8C1B}.Ad-Hoc|x86.ActiveCfg = Debug|Any CPU
		{65CC9EFF-8ABA-4AAA-8E92-58321B3F8C1B}.Ad-Hoc|x86.Build.0 = Debug|Any CPU
		{65CC9EFF-8ABA-4AAA-8E92-58321B3F8C1B}.AppStore|Any CPU.ActiveCfg = Debug|Any CPU
		{65CC9EFF-8ABA-4AAA-8E92-58321B3F8C1B}.AppStore|Any CPU.Build.0 = Debug|Any CPU
		{65CC9EFF-8ABA-4AAA-8E92-58321B3F8C1B}.AppStore|ARM.ActiveCfg = Debug|Any CPU
		{65CC9EFF-8ABA-4AAA-8E92-58321B3F8C1B}.AppStore|ARM.Build.0 = Debug|Any CPU
		{65CC9EFF-8ABA-4AAA-8E92-58321B3F8C1B}.AppStore|iPhone.ActiveCfg = Debug|Any CPU
		{65CC9EFF-8ABA-4AAA-8E92-58321B3F8C1B}.AppStore|iPhone.Build.0 = Debug|Any CPU
		{65CC9EFF-8ABA-4AAA-8E92-58321B3F8C1B}.AppStore|iPhoneSimulator.ActiveCfg = Debug|Any CPU
		{65CC9EFF-8ABA-4AAA-8E92-58321B3F8C1B}.AppStore|iPhoneSimulator.Build.0 = Debug|Any CPU
		{65CC9EFF-8ABA-4AAA-8E92-58321B3F8C1B}.AppStore|x64.ActiveCfg = Debug|Any CPU
		{65CC9EFF-8ABA-4AAA-8E92-58321B3F8C1B}.AppStore|x64.Build.0 = Debug|Any CPU
		{65CC9EFF-8ABA-4AAA-8E92-58321B3F8C1B}.AppStore|x86.ActiveCfg = Debug|Any CPU
		{65CC9EFF-8ABA-4AAA-8E92-58321B3F8C1B}.AppStore|x86.Build.0 = Debug|Any CPU
		{65CC9EFF-8ABA-4AAA-8E92-58321B3F8C1B}.Debug|Any CPU.ActiveCfg = Debug|Any CPU
		{65CC9EFF-8ABA-4AAA-8E92-58321B3F8C1B}.Debug|Any CPU.Build.0 = Debug|Any CPU
		{65CC9EFF-8ABA-4AAA-8E92-58321B3F8C1B}.Debug|ARM.ActiveCfg = Debug|Any CPU
		{65CC9EFF-8ABA-4AAA-8E92-58321B3F8C1B}.Debug|ARM.Build.0 = Debug|Any CPU
		{65CC9EFF-8ABA-4AAA-8E92-58321B3F8C1B}.Debug|iPhone.ActiveCfg = Debug|Any CPU
		{65CC9EFF-8ABA-4AAA-8E92-58321B3F8C1B}.Debug|iPhone.Build.0 = Debug|Any CPU
		{65CC9EFF-8ABA-4AAA-8E92-58321B3F8C1B}.Debug|iPhoneSimulator.ActiveCfg = Debug|Any CPU
		{65CC9EFF-8ABA-4AAA-8E92-58321B3F8C1B}.Debug|iPhoneSimulator.Build.0 = Debug|Any CPU
		{65CC9EFF-8ABA-4AAA-8E92-58321B3F8C1B}.Debug|x64.ActiveCfg = Debug|Any CPU
		{65CC9EFF-8ABA-4AAA-8E92-58321B3F8C1B}.Debug|x64.Build.0 = Debug|Any CPU
		{65CC9EFF-8ABA-4AAA-8E92-58321B3F8C1B}.Debug|x86.ActiveCfg = Debug|Any CPU
		{65CC9EFF-8ABA-4AAA-8E92-58321B3F8C1B}.Debug|x86.Build.0 = Debug|Any CPU
		{65CC9EFF-8ABA-4AAA-8E92-58321B3F8C1B}.Release|Any CPU.ActiveCfg = Release|Any CPU
		{65CC9EFF-8ABA-4AAA-8E92-58321B3F8C1B}.Release|Any CPU.Build.0 = Release|Any CPU
		{65CC9EFF-8ABA-4AAA-8E92-58321B3F8C1B}.Release|ARM.ActiveCfg = Release|Any CPU
		{65CC9EFF-8ABA-4AAA-8E92-58321B3F8C1B}.Release|ARM.Build.0 = Release|Any CPU
		{65CC9EFF-8ABA-4AAA-8E92-58321B3F8C1B}.Release|iPhone.ActiveCfg = Release|Any CPU
		{65CC9EFF-8ABA-4AAA-8E92-58321B3F8C1B}.Release|iPhone.Build.0 = Release|Any CPU
		{65CC9EFF-8ABA-4AAA-8E92-58321B3F8C1B}.Release|iPhoneSimulator.ActiveCfg = Release|Any CPU
		{65CC9EFF-8ABA-4AAA-8E92-58321B3F8C1B}.Release|iPhoneSimulator.Build.0 = Release|Any CPU
		{65CC9EFF-8ABA-4AAA-8E92-58321B3F8C1B}.Release|x64.ActiveCfg = Release|Any CPU
		{65CC9EFF-8ABA-4AAA-8E92-58321B3F8C1B}.Release|x64.Build.0 = Release|Any CPU
		{65CC9EFF-8ABA-4AAA-8E92-58321B3F8C1B}.Release|x86.ActiveCfg = Release|Any CPU
		{65CC9EFF-8ABA-4AAA-8E92-58321B3F8C1B}.Release|x86.Build.0 = Release|Any CPU
		{BF8302E4-F7EB-4F84-A804-DFE4D668C643}.Ad-Hoc|Any CPU.ActiveCfg = Debug|Any CPU
		{BF8302E4-F7EB-4F84-A804-DFE4D668C643}.Ad-Hoc|Any CPU.Build.0 = Debug|Any CPU
		{BF8302E4-F7EB-4F84-A804-DFE4D668C643}.Ad-Hoc|ARM.ActiveCfg = Debug|Any CPU
		{BF8302E4-F7EB-4F84-A804-DFE4D668C643}.Ad-Hoc|ARM.Build.0 = Debug|Any CPU
		{BF8302E4-F7EB-4F84-A804-DFE4D668C643}.Ad-Hoc|iPhone.ActiveCfg = Debug|Any CPU
		{BF8302E4-F7EB-4F84-A804-DFE4D668C643}.Ad-Hoc|iPhone.Build.0 = Debug|Any CPU
		{BF8302E4-F7EB-4F84-A804-DFE4D668C643}.Ad-Hoc|iPhoneSimulator.ActiveCfg = Debug|Any CPU
		{BF8302E4-F7EB-4F84-A804-DFE4D668C643}.Ad-Hoc|iPhoneSimulator.Build.0 = Debug|Any CPU
		{BF8302E4-F7EB-4F84-A804-DFE4D668C643}.Ad-Hoc|x64.ActiveCfg = Debug|Any CPU
		{BF8302E4-F7EB-4F84-A804-DFE4D668C643}.Ad-Hoc|x64.Build.0 = Debug|Any CPU
		{BF8302E4-F7EB-4F84-A804-DFE4D668C643}.Ad-Hoc|x86.ActiveCfg = Debug|Any CPU
		{BF8302E4-F7EB-4F84-A804-DFE4D668C643}.Ad-Hoc|x86.Build.0 = Debug|Any CPU
		{BF8302E4-F7EB-4F84-A804-DFE4D668C643}.AppStore|Any CPU.ActiveCfg = Debug|Any CPU
		{BF8302E4-F7EB-4F84-A804-DFE4D668C643}.AppStore|Any CPU.Build.0 = Debug|Any CPU
		{BF8302E4-F7EB-4F84-A804-DFE4D668C643}.AppStore|ARM.ActiveCfg = Debug|Any CPU
		{BF8302E4-F7EB-4F84-A804-DFE4D668C643}.AppStore|ARM.Build.0 = Debug|Any CPU
		{BF8302E4-F7EB-4F84-A804-DFE4D668C643}.AppStore|iPhone.ActiveCfg = Debug|Any CPU
		{BF8302E4-F7EB-4F84-A804-DFE4D668C643}.AppStore|iPhone.Build.0 = Debug|Any CPU
		{BF8302E4-F7EB-4F84-A804-DFE4D668C643}.AppStore|iPhoneSimulator.ActiveCfg = Debug|Any CPU
		{BF8302E4-F7EB-4F84-A804-DFE4D668C643}.AppStore|iPhoneSimulator.Build.0 = Debug|Any CPU
		{BF8302E4-F7EB-4F84-A804-DFE4D668C643}.AppStore|x64.ActiveCfg = Debug|Any CPU
		{BF8302E4-F7EB-4F84-A804-DFE4D668C643}.AppStore|x64.Build.0 = Debug|Any CPU
		{BF8302E4-F7EB-4F84-A804-DFE4D668C643}.AppStore|x86.ActiveCfg = Debug|Any CPU
		{BF8302E4-F7EB-4F84-A804-DFE4D668C643}.AppStore|x86.Build.0 = Debug|Any CPU
		{BF8302E4-F7EB-4F84-A804-DFE4D668C643}.Debug|Any CPU.ActiveCfg = Debug|Any CPU
		{BF8302E4-F7EB-4F84-A804-DFE4D668C643}.Debug|Any CPU.Build.0 = Debug|Any CPU
		{BF8302E4-F7EB-4F84-A804-DFE4D668C643}.Debug|ARM.ActiveCfg = Debug|Any CPU
		{BF8302E4-F7EB-4F84-A804-DFE4D668C643}.Debug|ARM.Build.0 = Debug|Any CPU
		{BF8302E4-F7EB-4F84-A804-DFE4D668C643}.Debug|iPhone.ActiveCfg = Debug|Any CPU
		{BF8302E4-F7EB-4F84-A804-DFE4D668C643}.Debug|iPhone.Build.0 = Debug|Any CPU
		{BF8302E4-F7EB-4F84-A804-DFE4D668C643}.Debug|iPhoneSimulator.ActiveCfg = Debug|Any CPU
		{BF8302E4-F7EB-4F84-A804-DFE4D668C643}.Debug|iPhoneSimulator.Build.0 = Debug|Any CPU
		{BF8302E4-F7EB-4F84-A804-DFE4D668C643}.Debug|x64.ActiveCfg = Debug|Any CPU
		{BF8302E4-F7EB-4F84-A804-DFE4D668C643}.Debug|x64.Build.0 = Debug|Any CPU
		{BF8302E4-F7EB-4F84-A804-DFE4D668C643}.Debug|x86.ActiveCfg = Debug|Any CPU
		{BF8302E4-F7EB-4F84-A804-DFE4D668C643}.Debug|x86.Build.0 = Debug|Any CPU
		{BF8302E4-F7EB-4F84-A804-DFE4D668C643}.Release|Any CPU.ActiveCfg = Release|Any CPU
		{BF8302E4-F7EB-4F84-A804-DFE4D668C643}.Release|Any CPU.Build.0 = Release|Any CPU
		{BF8302E4-F7EB-4F84-A804-DFE4D668C643}.Release|ARM.ActiveCfg = Release|Any CPU
		{BF8302E4-F7EB-4F84-A804-DFE4D668C643}.Release|ARM.Build.0 = Release|Any CPU
		{BF8302E4-F7EB-4F84-A804-DFE4D668C643}.Release|iPhone.ActiveCfg = Release|Any CPU
		{BF8302E4-F7EB-4F84-A804-DFE4D668C643}.Release|iPhone.Build.0 = Release|Any CPU
		{BF8302E4-F7EB-4F84-A804-DFE4D668C643}.Release|iPhoneSimulator.ActiveCfg = Release|Any CPU
		{BF8302E4-F7EB-4F84-A804-DFE4D668C643}.Release|iPhoneSimulator.Build.0 = Release|Any CPU
		{BF8302E4-F7EB-4F84-A804-DFE4D668C643}.Release|x64.ActiveCfg = Release|Any CPU
		{BF8302E4-F7EB-4F84-A804-DFE4D668C643}.Release|x64.Build.0 = Release|Any CPU
		{BF8302E4-F7EB-4F84-A804-DFE4D668C643}.Release|x86.ActiveCfg = Release|Any CPU
		{BF8302E4-F7EB-4F84-A804-DFE4D668C643}.Release|x86.Build.0 = Release|Any CPU
		{94CCDCC3-2EE1-4523-AA00-3C329426DC52}.Ad-Hoc|Any CPU.ActiveCfg = Debug|Any CPU
		{94CCDCC3-2EE1-4523-AA00-3C329426DC52}.Ad-Hoc|Any CPU.Build.0 = Debug|Any CPU
		{94CCDCC3-2EE1-4523-AA00-3C329426DC52}.Ad-Hoc|ARM.ActiveCfg = Debug|Any CPU
		{94CCDCC3-2EE1-4523-AA00-3C329426DC52}.Ad-Hoc|ARM.Build.0 = Debug|Any CPU
		{94CCDCC3-2EE1-4523-AA00-3C329426DC52}.Ad-Hoc|iPhone.ActiveCfg = Debug|Any CPU
		{94CCDCC3-2EE1-4523-AA00-3C329426DC52}.Ad-Hoc|iPhone.Build.0 = Debug|Any CPU
		{94CCDCC3-2EE1-4523-AA00-3C329426DC52}.Ad-Hoc|iPhoneSimulator.ActiveCfg = Debug|Any CPU
		{94CCDCC3-2EE1-4523-AA00-3C329426DC52}.Ad-Hoc|iPhoneSimulator.Build.0 = Debug|Any CPU
		{94CCDCC3-2EE1-4523-AA00-3C329426DC52}.Ad-Hoc|x64.ActiveCfg = Debug|Any CPU
		{94CCDCC3-2EE1-4523-AA00-3C329426DC52}.Ad-Hoc|x64.Build.0 = Debug|Any CPU
		{94CCDCC3-2EE1-4523-AA00-3C329426DC52}.Ad-Hoc|x86.ActiveCfg = Debug|Any CPU
		{94CCDCC3-2EE1-4523-AA00-3C329426DC52}.Ad-Hoc|x86.Build.0 = Debug|Any CPU
		{94CCDCC3-2EE1-4523-AA00-3C329426DC52}.AppStore|Any CPU.ActiveCfg = Debug|Any CPU
		{94CCDCC3-2EE1-4523-AA00-3C329426DC52}.AppStore|Any CPU.Build.0 = Debug|Any CPU
		{94CCDCC3-2EE1-4523-AA00-3C329426DC52}.AppStore|ARM.ActiveCfg = Debug|Any CPU
		{94CCDCC3-2EE1-4523-AA00-3C329426DC52}.AppStore|ARM.Build.0 = Debug|Any CPU
		{94CCDCC3-2EE1-4523-AA00-3C329426DC52}.AppStore|iPhone.ActiveCfg = Debug|Any CPU
		{94CCDCC3-2EE1-4523-AA00-3C329426DC52}.AppStore|iPhone.Build.0 = Debug|Any CPU
		{94CCDCC3-2EE1-4523-AA00-3C329426DC52}.AppStore|iPhoneSimulator.ActiveCfg = Debug|Any CPU
		{94CCDCC3-2EE1-4523-AA00-3C329426DC52}.AppStore|iPhoneSimulator.Build.0 = Debug|Any CPU
		{94CCDCC3-2EE1-4523-AA00-3C329426DC52}.AppStore|x64.ActiveCfg = Debug|Any CPU
		{94CCDCC3-2EE1-4523-AA00-3C329426DC52}.AppStore|x64.Build.0 = Debug|Any CPU
		{94CCDCC3-2EE1-4523-AA00-3C329426DC52}.AppStore|x86.ActiveCfg = Debug|Any CPU
		{94CCDCC3-2EE1-4523-AA00-3C329426DC52}.AppStore|x86.Build.0 = Debug|Any CPU
		{94CCDCC3-2EE1-4523-AA00-3C329426DC52}.Debug|Any CPU.ActiveCfg = Debug|Any CPU
		{94CCDCC3-2EE1-4523-AA00-3C329426DC52}.Debug|Any CPU.Build.0 = Debug|Any CPU
		{94CCDCC3-2EE1-4523-AA00-3C329426DC52}.Debug|ARM.ActiveCfg = Debug|Any CPU
		{94CCDCC3-2EE1-4523-AA00-3C329426DC52}.Debug|ARM.Build.0 = Debug|Any CPU
		{94CCDCC3-2EE1-4523-AA00-3C329426DC52}.Debug|iPhone.ActiveCfg = Debug|Any CPU
		{94CCDCC3-2EE1-4523-AA00-3C329426DC52}.Debug|iPhone.Build.0 = Debug|Any CPU
		{94CCDCC3-2EE1-4523-AA00-3C329426DC52}.Debug|iPhoneSimulator.ActiveCfg = Debug|Any CPU
		{94CCDCC3-2EE1-4523-AA00-3C329426DC52}.Debug|iPhoneSimulator.Build.0 = Debug|Any CPU
		{94CCDCC3-2EE1-4523-AA00-3C329426DC52}.Debug|x64.ActiveCfg = Debug|Any CPU
		{94CCDCC3-2EE1-4523-AA00-3C329426DC52}.Debug|x64.Build.0 = Debug|Any CPU
		{94CCDCC3-2EE1-4523-AA00-3C329426DC52}.Debug|x86.ActiveCfg = Debug|Any CPU
		{94CCDCC3-2EE1-4523-AA00-3C329426DC52}.Debug|x86.Build.0 = Debug|Any CPU
		{94CCDCC3-2EE1-4523-AA00-3C329426DC52}.Release|Any CPU.ActiveCfg = Release|Any CPU
		{94CCDCC3-2EE1-4523-AA00-3C329426DC52}.Release|Any CPU.Build.0 = Release|Any CPU
		{94CCDCC3-2EE1-4523-AA00-3C329426DC52}.Release|ARM.ActiveCfg = Release|Any CPU
		{94CCDCC3-2EE1-4523-AA00-3C329426DC52}.Release|ARM.Build.0 = Release|Any CPU
		{94CCDCC3-2EE1-4523-AA00-3C329426DC52}.Release|iPhone.ActiveCfg = Release|Any CPU
		{94CCDCC3-2EE1-4523-AA00-3C329426DC52}.Release|iPhone.Build.0 = Release|Any CPU
		{94CCDCC3-2EE1-4523-AA00-3C329426DC52}.Release|iPhoneSimulator.ActiveCfg = Release|Any CPU
		{94CCDCC3-2EE1-4523-AA00-3C329426DC52}.Release|iPhoneSimulator.Build.0 = Release|Any CPU
		{94CCDCC3-2EE1-4523-AA00-3C329426DC52}.Release|x64.ActiveCfg = Release|Any CPU
		{94CCDCC3-2EE1-4523-AA00-3C329426DC52}.Release|x64.Build.0 = Release|Any CPU
		{94CCDCC3-2EE1-4523-AA00-3C329426DC52}.Release|x86.ActiveCfg = Release|Any CPU
		{94CCDCC3-2EE1-4523-AA00-3C329426DC52}.Release|x86.Build.0 = Release|Any CPU
		{B945363D-BEA9-4E16-9700-F37EEABDA29F}.Ad-Hoc|Any CPU.ActiveCfg = Debug|Any CPU
		{B945363D-BEA9-4E16-9700-F37EEABDA29F}.Ad-Hoc|Any CPU.Build.0 = Debug|Any CPU
		{B945363D-BEA9-4E16-9700-F37EEABDA29F}.Ad-Hoc|ARM.ActiveCfg = Debug|Any CPU
		{B945363D-BEA9-4E16-9700-F37EEABDA29F}.Ad-Hoc|ARM.Build.0 = Debug|Any CPU
		{B945363D-BEA9-4E16-9700-F37EEABDA29F}.Ad-Hoc|iPhone.ActiveCfg = Debug|Any CPU
		{B945363D-BEA9-4E16-9700-F37EEABDA29F}.Ad-Hoc|iPhone.Build.0 = Debug|Any CPU
		{B945363D-BEA9-4E16-9700-F37EEABDA29F}.Ad-Hoc|iPhoneSimulator.ActiveCfg = Debug|Any CPU
		{B945363D-BEA9-4E16-9700-F37EEABDA29F}.Ad-Hoc|iPhoneSimulator.Build.0 = Debug|Any CPU
		{B945363D-BEA9-4E16-9700-F37EEABDA29F}.Ad-Hoc|x64.ActiveCfg = Debug|Any CPU
		{B945363D-BEA9-4E16-9700-F37EEABDA29F}.Ad-Hoc|x64.Build.0 = Debug|Any CPU
		{B945363D-BEA9-4E16-9700-F37EEABDA29F}.Ad-Hoc|x86.ActiveCfg = Debug|Any CPU
		{B945363D-BEA9-4E16-9700-F37EEABDA29F}.Ad-Hoc|x86.Build.0 = Debug|Any CPU
		{B945363D-BEA9-4E16-9700-F37EEABDA29F}.AppStore|Any CPU.ActiveCfg = Debug|Any CPU
		{B945363D-BEA9-4E16-9700-F37EEABDA29F}.AppStore|Any CPU.Build.0 = Debug|Any CPU
		{B945363D-BEA9-4E16-9700-F37EEABDA29F}.AppStore|ARM.ActiveCfg = Debug|Any CPU
		{B945363D-BEA9-4E16-9700-F37EEABDA29F}.AppStore|ARM.Build.0 = Debug|Any CPU
		{B945363D-BEA9-4E16-9700-F37EEABDA29F}.AppStore|iPhone.ActiveCfg = Debug|Any CPU
		{B945363D-BEA9-4E16-9700-F37EEABDA29F}.AppStore|iPhone.Build.0 = Debug|Any CPU
		{B945363D-BEA9-4E16-9700-F37EEABDA29F}.AppStore|iPhoneSimulator.ActiveCfg = Debug|Any CPU
		{B945363D-BEA9-4E16-9700-F37EEABDA29F}.AppStore|iPhoneSimulator.Build.0 = Debug|Any CPU
		{B945363D-BEA9-4E16-9700-F37EEABDA29F}.AppStore|x64.ActiveCfg = Debug|Any CPU
		{B945363D-BEA9-4E16-9700-F37EEABDA29F}.AppStore|x64.Build.0 = Debug|Any CPU
		{B945363D-BEA9-4E16-9700-F37EEABDA29F}.AppStore|x86.ActiveCfg = Debug|Any CPU
		{B945363D-BEA9-4E16-9700-F37EEABDA29F}.AppStore|x86.Build.0 = Debug|Any CPU
		{B945363D-BEA9-4E16-9700-F37EEABDA29F}.Debug|Any CPU.ActiveCfg = Debug|Any CPU
		{B945363D-BEA9-4E16-9700-F37EEABDA29F}.Debug|Any CPU.Build.0 = Debug|Any CPU
		{B945363D-BEA9-4E16-9700-F37EEABDA29F}.Debug|ARM.ActiveCfg = Debug|Any CPU
		{B945363D-BEA9-4E16-9700-F37EEABDA29F}.Debug|ARM.Build.0 = Debug|Any CPU
		{B945363D-BEA9-4E16-9700-F37EEABDA29F}.Debug|iPhone.ActiveCfg = Debug|Any CPU
		{B945363D-BEA9-4E16-9700-F37EEABDA29F}.Debug|iPhone.Build.0 = Debug|Any CPU
		{B945363D-BEA9-4E16-9700-F37EEABDA29F}.Debug|iPhoneSimulator.ActiveCfg = Debug|Any CPU
		{B945363D-BEA9-4E16-9700-F37EEABDA29F}.Debug|iPhoneSimulator.Build.0 = Debug|Any CPU
		{B945363D-BEA9-4E16-9700-F37EEABDA29F}.Debug|x64.ActiveCfg = Debug|Any CPU
		{B945363D-BEA9-4E16-9700-F37EEABDA29F}.Debug|x64.Build.0 = Debug|Any CPU
		{B945363D-BEA9-4E16-9700-F37EEABDA29F}.Debug|x86.ActiveCfg = Debug|Any CPU
		{B945363D-BEA9-4E16-9700-F37EEABDA29F}.Debug|x86.Build.0 = Debug|Any CPU
		{B945363D-BEA9-4E16-9700-F37EEABDA29F}.Release|Any CPU.ActiveCfg = Release|Any CPU
		{B945363D-BEA9-4E16-9700-F37EEABDA29F}.Release|Any CPU.Build.0 = Release|Any CPU
		{B945363D-BEA9-4E16-9700-F37EEABDA29F}.Release|ARM.ActiveCfg = Release|Any CPU
		{B945363D-BEA9-4E16-9700-F37EEABDA29F}.Release|ARM.Build.0 = Release|Any CPU
		{B945363D-BEA9-4E16-9700-F37EEABDA29F}.Release|iPhone.ActiveCfg = Release|Any CPU
		{B945363D-BEA9-4E16-9700-F37EEABDA29F}.Release|iPhone.Build.0 = Release|Any CPU
		{B945363D-BEA9-4E16-9700-F37EEABDA29F}.Release|iPhoneSimulator.ActiveCfg = Release|Any CPU
		{B945363D-BEA9-4E16-9700-F37EEABDA29F}.Release|iPhoneSimulator.Build.0 = Release|Any CPU
		{B945363D-BEA9-4E16-9700-F37EEABDA29F}.Release|x64.ActiveCfg = Release|Any CPU
		{B945363D-BEA9-4E16-9700-F37EEABDA29F}.Release|x64.Build.0 = Release|Any CPU
		{B945363D-BEA9-4E16-9700-F37EEABDA29F}.Release|x86.ActiveCfg = Release|Any CPU
		{B945363D-BEA9-4E16-9700-F37EEABDA29F}.Release|x86.Build.0 = Release|Any CPU
		{08DE62F3-64D3-4112-BE5D-34C26D3A1B47}.Ad-Hoc|Any CPU.ActiveCfg = Debug|Any CPU
		{08DE62F3-64D3-4112-BE5D-34C26D3A1B47}.Ad-Hoc|Any CPU.Build.0 = Debug|Any CPU
		{08DE62F3-64D3-4112-BE5D-34C26D3A1B47}.Ad-Hoc|ARM.ActiveCfg = Debug|Any CPU
		{08DE62F3-64D3-4112-BE5D-34C26D3A1B47}.Ad-Hoc|ARM.Build.0 = Debug|Any CPU
		{08DE62F3-64D3-4112-BE5D-34C26D3A1B47}.Ad-Hoc|iPhone.ActiveCfg = Debug|Any CPU
		{08DE62F3-64D3-4112-BE5D-34C26D3A1B47}.Ad-Hoc|iPhone.Build.0 = Debug|Any CPU
		{08DE62F3-64D3-4112-BE5D-34C26D3A1B47}.Ad-Hoc|iPhoneSimulator.ActiveCfg = Debug|Any CPU
		{08DE62F3-64D3-4112-BE5D-34C26D3A1B47}.Ad-Hoc|iPhoneSimulator.Build.0 = Debug|Any CPU
		{08DE62F3-64D3-4112-BE5D-34C26D3A1B47}.Ad-Hoc|x64.ActiveCfg = Debug|Any CPU
		{08DE62F3-64D3-4112-BE5D-34C26D3A1B47}.Ad-Hoc|x64.Build.0 = Debug|Any CPU
		{08DE62F3-64D3-4112-BE5D-34C26D3A1B47}.Ad-Hoc|x86.ActiveCfg = Debug|Any CPU
		{08DE62F3-64D3-4112-BE5D-34C26D3A1B47}.Ad-Hoc|x86.Build.0 = Debug|Any CPU
		{08DE62F3-64D3-4112-BE5D-34C26D3A1B47}.AppStore|Any CPU.ActiveCfg = Debug|Any CPU
		{08DE62F3-64D3-4112-BE5D-34C26D3A1B47}.AppStore|Any CPU.Build.0 = Debug|Any CPU
		{08DE62F3-64D3-4112-BE5D-34C26D3A1B47}.AppStore|ARM.ActiveCfg = Debug|Any CPU
		{08DE62F3-64D3-4112-BE5D-34C26D3A1B47}.AppStore|ARM.Build.0 = Debug|Any CPU
		{08DE62F3-64D3-4112-BE5D-34C26D3A1B47}.AppStore|iPhone.ActiveCfg = Debug|Any CPU
		{08DE62F3-64D3-4112-BE5D-34C26D3A1B47}.AppStore|iPhone.Build.0 = Debug|Any CPU
		{08DE62F3-64D3-4112-BE5D-34C26D3A1B47}.AppStore|iPhoneSimulator.ActiveCfg = Debug|Any CPU
		{08DE62F3-64D3-4112-BE5D-34C26D3A1B47}.AppStore|iPhoneSimulator.Build.0 = Debug|Any CPU
		{08DE62F3-64D3-4112-BE5D-34C26D3A1B47}.AppStore|x64.ActiveCfg = Debug|Any CPU
		{08DE62F3-64D3-4112-BE5D-34C26D3A1B47}.AppStore|x64.Build.0 = Debug|Any CPU
		{08DE62F3-64D3-4112-BE5D-34C26D3A1B47}.AppStore|x86.ActiveCfg = Debug|Any CPU
		{08DE62F3-64D3-4112-BE5D-34C26D3A1B47}.AppStore|x86.Build.0 = Debug|Any CPU
		{08DE62F3-64D3-4112-BE5D-34C26D3A1B47}.Debug|Any CPU.ActiveCfg = Debug|Any CPU
		{08DE62F3-64D3-4112-BE5D-34C26D3A1B47}.Debug|Any CPU.Build.0 = Debug|Any CPU
		{08DE62F3-64D3-4112-BE5D-34C26D3A1B47}.Debug|ARM.ActiveCfg = Debug|Any CPU
		{08DE62F3-64D3-4112-BE5D-34C26D3A1B47}.Debug|ARM.Build.0 = Debug|Any CPU
		{08DE62F3-64D3-4112-BE5D-34C26D3A1B47}.Debug|iPhone.ActiveCfg = Debug|Any CPU
		{08DE62F3-64D3-4112-BE5D-34C26D3A1B47}.Debug|iPhone.Build.0 = Debug|Any CPU
		{08DE62F3-64D3-4112-BE5D-34C26D3A1B47}.Debug|iPhoneSimulator.ActiveCfg = Debug|Any CPU
		{08DE62F3-64D3-4112-BE5D-34C26D3A1B47}.Debug|iPhoneSimulator.Build.0 = Debug|Any CPU
		{08DE62F3-64D3-4112-BE5D-34C26D3A1B47}.Debug|x64.ActiveCfg = Debug|Any CPU
		{08DE62F3-64D3-4112-BE5D-34C26D3A1B47}.Debug|x64.Build.0 = Debug|Any CPU
		{08DE62F3-64D3-4112-BE5D-34C26D3A1B47}.Debug|x86.ActiveCfg = Debug|Any CPU
		{08DE62F3-64D3-4112-BE5D-34C26D3A1B47}.Debug|x86.Build.0 = Debug|Any CPU
		{08DE62F3-64D3-4112-BE5D-34C26D3A1B47}.Release|Any CPU.ActiveCfg = Release|Any CPU
		{08DE62F3-64D3-4112-BE5D-34C26D3A1B47}.Release|Any CPU.Build.0 = Release|Any CPU
		{08DE62F3-64D3-4112-BE5D-34C26D3A1B47}.Release|ARM.ActiveCfg = Release|Any CPU
		{08DE62F3-64D3-4112-BE5D-34C26D3A1B47}.Release|ARM.Build.0 = Release|Any CPU
		{08DE62F3-64D3-4112-BE5D-34C26D3A1B47}.Release|iPhone.ActiveCfg = Release|Any CPU
		{08DE62F3-64D3-4112-BE5D-34C26D3A1B47}.Release|iPhone.Build.0 = Release|Any CPU
		{08DE62F3-64D3-4112-BE5D-34C26D3A1B47}.Release|iPhoneSimulator.ActiveCfg = Release|Any CPU
		{08DE62F3-64D3-4112-BE5D-34C26D3A1B47}.Release|iPhoneSimulator.Build.0 = Release|Any CPU
		{08DE62F3-64D3-4112-BE5D-34C26D3A1B47}.Release|x64.ActiveCfg = Release|Any CPU
		{08DE62F3-64D3-4112-BE5D-34C26D3A1B47}.Release|x64.Build.0 = Release|Any CPU
		{08DE62F3-64D3-4112-BE5D-34C26D3A1B47}.Release|x86.ActiveCfg = Release|Any CPU
		{08DE62F3-64D3-4112-BE5D-34C26D3A1B47}.Release|x86.Build.0 = Release|Any CPU
		{A7170C2A-2F59-4776-9B9B-39FB1BBAB6E3}.Ad-Hoc|Any CPU.ActiveCfg = Debug|Any CPU
		{A7170C2A-2F59-4776-9B9B-39FB1BBAB6E3}.Ad-Hoc|Any CPU.Build.0 = Debug|Any CPU
		{A7170C2A-2F59-4776-9B9B-39FB1BBAB6E3}.Ad-Hoc|ARM.ActiveCfg = Debug|Any CPU
		{A7170C2A-2F59-4776-9B9B-39FB1BBAB6E3}.Ad-Hoc|ARM.Build.0 = Debug|Any CPU
		{A7170C2A-2F59-4776-9B9B-39FB1BBAB6E3}.Ad-Hoc|iPhone.ActiveCfg = Debug|Any CPU
		{A7170C2A-2F59-4776-9B9B-39FB1BBAB6E3}.Ad-Hoc|iPhone.Build.0 = Debug|Any CPU
		{A7170C2A-2F59-4776-9B9B-39FB1BBAB6E3}.Ad-Hoc|iPhoneSimulator.ActiveCfg = Debug|Any CPU
		{A7170C2A-2F59-4776-9B9B-39FB1BBAB6E3}.Ad-Hoc|iPhoneSimulator.Build.0 = Debug|Any CPU
		{A7170C2A-2F59-4776-9B9B-39FB1BBAB6E3}.Ad-Hoc|x64.ActiveCfg = Debug|Any CPU
		{A7170C2A-2F59-4776-9B9B-39FB1BBAB6E3}.Ad-Hoc|x64.Build.0 = Debug|Any CPU
		{A7170C2A-2F59-4776-9B9B-39FB1BBAB6E3}.Ad-Hoc|x86.ActiveCfg = Debug|Any CPU
		{A7170C2A-2F59-4776-9B9B-39FB1BBAB6E3}.Ad-Hoc|x86.Build.0 = Debug|Any CPU
		{A7170C2A-2F59-4776-9B9B-39FB1BBAB6E3}.AppStore|Any CPU.ActiveCfg = Debug|Any CPU
		{A7170C2A-2F59-4776-9B9B-39FB1BBAB6E3}.AppStore|Any CPU.Build.0 = Debug|Any CPU
		{A7170C2A-2F59-4776-9B9B-39FB1BBAB6E3}.AppStore|ARM.ActiveCfg = Debug|Any CPU
		{A7170C2A-2F59-4776-9B9B-39FB1BBAB6E3}.AppStore|ARM.Build.0 = Debug|Any CPU
		{A7170C2A-2F59-4776-9B9B-39FB1BBAB6E3}.AppStore|iPhone.ActiveCfg = Debug|Any CPU
		{A7170C2A-2F59-4776-9B9B-39FB1BBAB6E3}.AppStore|iPhone.Build.0 = Debug|Any CPU
		{A7170C2A-2F59-4776-9B9B-39FB1BBAB6E3}.AppStore|iPhoneSimulator.ActiveCfg = Debug|Any CPU
		{A7170C2A-2F59-4776-9B9B-39FB1BBAB6E3}.AppStore|iPhoneSimulator.Build.0 = Debug|Any CPU
		{A7170C2A-2F59-4776-9B9B-39FB1BBAB6E3}.AppStore|x64.ActiveCfg = Debug|Any CPU
		{A7170C2A-2F59-4776-9B9B-39FB1BBAB6E3}.AppStore|x64.Build.0 = Debug|Any CPU
		{A7170C2A-2F59-4776-9B9B-39FB1BBAB6E3}.AppStore|x86.ActiveCfg = Debug|Any CPU
		{A7170C2A-2F59-4776-9B9B-39FB1BBAB6E3}.AppStore|x86.Build.0 = Debug|Any CPU
		{A7170C2A-2F59-4776-9B9B-39FB1BBAB6E3}.Debug|Any CPU.ActiveCfg = Debug|Any CPU
		{A7170C2A-2F59-4776-9B9B-39FB1BBAB6E3}.Debug|Any CPU.Build.0 = Debug|Any CPU
		{A7170C2A-2F59-4776-9B9B-39FB1BBAB6E3}.Debug|ARM.ActiveCfg = Debug|Any CPU
		{A7170C2A-2F59-4776-9B9B-39FB1BBAB6E3}.Debug|ARM.Build.0 = Debug|Any CPU
		{A7170C2A-2F59-4776-9B9B-39FB1BBAB6E3}.Debug|iPhone.ActiveCfg = Debug|Any CPU
		{A7170C2A-2F59-4776-9B9B-39FB1BBAB6E3}.Debug|iPhone.Build.0 = Debug|Any CPU
		{A7170C2A-2F59-4776-9B9B-39FB1BBAB6E3}.Debug|iPhoneSimulator.ActiveCfg = Debug|Any CPU
		{A7170C2A-2F59-4776-9B9B-39FB1BBAB6E3}.Debug|iPhoneSimulator.Build.0 = Debug|Any CPU
		{A7170C2A-2F59-4776-9B9B-39FB1BBAB6E3}.Debug|x64.ActiveCfg = Debug|Any CPU
		{A7170C2A-2F59-4776-9B9B-39FB1BBAB6E3}.Debug|x64.Build.0 = Debug|Any CPU
		{A7170C2A-2F59-4776-9B9B-39FB1BBAB6E3}.Debug|x86.ActiveCfg = Debug|Any CPU
		{A7170C2A-2F59-4776-9B9B-39FB1BBAB6E3}.Debug|x86.Build.0 = Debug|Any CPU
		{A7170C2A-2F59-4776-9B9B-39FB1BBAB6E3}.Release|Any CPU.ActiveCfg = Release|Any CPU
		{A7170C2A-2F59-4776-9B9B-39FB1BBAB6E3}.Release|Any CPU.Build.0 = Release|Any CPU
		{A7170C2A-2F59-4776-9B9B-39FB1BBAB6E3}.Release|ARM.ActiveCfg = Release|Any CPU
		{A7170C2A-2F59-4776-9B9B-39FB1BBAB6E3}.Release|ARM.Build.0 = Release|Any CPU
		{A7170C2A-2F59-4776-9B9B-39FB1BBAB6E3}.Release|iPhone.ActiveCfg = Release|Any CPU
		{A7170C2A-2F59-4776-9B9B-39FB1BBAB6E3}.Release|iPhone.Build.0 = Release|Any CPU
		{A7170C2A-2F59-4776-9B9B-39FB1BBAB6E3}.Release|iPhoneSimulator.ActiveCfg = Release|Any CPU
		{A7170C2A-2F59-4776-9B9B-39FB1BBAB6E3}.Release|iPhoneSimulator.Build.0 = Release|Any CPU
		{A7170C2A-2F59-4776-9B9B-39FB1BBAB6E3}.Release|x64.ActiveCfg = Release|Any CPU
		{A7170C2A-2F59-4776-9B9B-39FB1BBAB6E3}.Release|x64.Build.0 = Release|Any CPU
		{A7170C2A-2F59-4776-9B9B-39FB1BBAB6E3}.Release|x86.ActiveCfg = Release|Any CPU
		{A7170C2A-2F59-4776-9B9B-39FB1BBAB6E3}.Release|x86.Build.0 = Release|Any CPU
		{6FCD7496-BCFD-4E91-A98C-3B711D3FFB52}.Ad-Hoc|Any CPU.ActiveCfg = Debug|Any CPU
		{6FCD7496-BCFD-4E91-A98C-3B711D3FFB52}.Ad-Hoc|Any CPU.Build.0 = Debug|Any CPU
		{6FCD7496-BCFD-4E91-A98C-3B711D3FFB52}.Ad-Hoc|ARM.ActiveCfg = Debug|Any CPU
		{6FCD7496-BCFD-4E91-A98C-3B711D3FFB52}.Ad-Hoc|ARM.Build.0 = Debug|Any CPU
		{6FCD7496-BCFD-4E91-A98C-3B711D3FFB52}.Ad-Hoc|iPhone.ActiveCfg = Debug|Any CPU
		{6FCD7496-BCFD-4E91-A98C-3B711D3FFB52}.Ad-Hoc|iPhone.Build.0 = Debug|Any CPU
		{6FCD7496-BCFD-4E91-A98C-3B711D3FFB52}.Ad-Hoc|iPhoneSimulator.ActiveCfg = Debug|Any CPU
		{6FCD7496-BCFD-4E91-A98C-3B711D3FFB52}.Ad-Hoc|iPhoneSimulator.Build.0 = Debug|Any CPU
		{6FCD7496-BCFD-4E91-A98C-3B711D3FFB52}.Ad-Hoc|x64.ActiveCfg = Debug|Any CPU
		{6FCD7496-BCFD-4E91-A98C-3B711D3FFB52}.Ad-Hoc|x64.Build.0 = Debug|Any CPU
		{6FCD7496-BCFD-4E91-A98C-3B711D3FFB52}.Ad-Hoc|x86.ActiveCfg = Debug|Any CPU
		{6FCD7496-BCFD-4E91-A98C-3B711D3FFB52}.Ad-Hoc|x86.Build.0 = Debug|Any CPU
		{6FCD7496-BCFD-4E91-A98C-3B711D3FFB52}.AppStore|Any CPU.ActiveCfg = Debug|Any CPU
		{6FCD7496-BCFD-4E91-A98C-3B711D3FFB52}.AppStore|Any CPU.Build.0 = Debug|Any CPU
		{6FCD7496-BCFD-4E91-A98C-3B711D3FFB52}.AppStore|ARM.ActiveCfg = Debug|Any CPU
		{6FCD7496-BCFD-4E91-A98C-3B711D3FFB52}.AppStore|ARM.Build.0 = Debug|Any CPU
		{6FCD7496-BCFD-4E91-A98C-3B711D3FFB52}.AppStore|iPhone.ActiveCfg = Debug|Any CPU
		{6FCD7496-BCFD-4E91-A98C-3B711D3FFB52}.AppStore|iPhone.Build.0 = Debug|Any CPU
		{6FCD7496-BCFD-4E91-A98C-3B711D3FFB52}.AppStore|iPhoneSimulator.ActiveCfg = Debug|Any CPU
		{6FCD7496-BCFD-4E91-A98C-3B711D3FFB52}.AppStore|iPhoneSimulator.Build.0 = Debug|Any CPU
		{6FCD7496-BCFD-4E91-A98C-3B711D3FFB52}.AppStore|x64.ActiveCfg = Debug|Any CPU
		{6FCD7496-BCFD-4E91-A98C-3B711D3FFB52}.AppStore|x64.Build.0 = Debug|Any CPU
		{6FCD7496-BCFD-4E91-A98C-3B711D3FFB52}.AppStore|x86.ActiveCfg = Debug|Any CPU
		{6FCD7496-BCFD-4E91-A98C-3B711D3FFB52}.AppStore|x86.Build.0 = Debug|Any CPU
		{6FCD7496-BCFD-4E91-A98C-3B711D3FFB52}.Debug|Any CPU.ActiveCfg = Debug|Any CPU
		{6FCD7496-BCFD-4E91-A98C-3B711D3FFB52}.Debug|Any CPU.Build.0 = Debug|Any CPU
		{6FCD7496-BCFD-4E91-A98C-3B711D3FFB52}.Debug|ARM.ActiveCfg = Debug|Any CPU
		{6FCD7496-BCFD-4E91-A98C-3B711D3FFB52}.Debug|ARM.Build.0 = Debug|Any CPU
		{6FCD7496-BCFD-4E91-A98C-3B711D3FFB52}.Debug|iPhone.ActiveCfg = Debug|Any CPU
		{6FCD7496-BCFD-4E91-A98C-3B711D3FFB52}.Debug|iPhone.Build.0 = Debug|Any CPU
		{6FCD7496-BCFD-4E91-A98C-3B711D3FFB52}.Debug|iPhoneSimulator.ActiveCfg = Debug|Any CPU
		{6FCD7496-BCFD-4E91-A98C-3B711D3FFB52}.Debug|iPhoneSimulator.Build.0 = Debug|Any CPU
		{6FCD7496-BCFD-4E91-A98C-3B711D3FFB52}.Debug|x64.ActiveCfg = Debug|Any CPU
		{6FCD7496-BCFD-4E91-A98C-3B711D3FFB52}.Debug|x64.Build.0 = Debug|Any CPU
		{6FCD7496-BCFD-4E91-A98C-3B711D3FFB52}.Debug|x86.ActiveCfg = Debug|Any CPU
		{6FCD7496-BCFD-4E91-A98C-3B711D3FFB52}.Debug|x86.Build.0 = Debug|Any CPU
		{6FCD7496-BCFD-4E91-A98C-3B711D3FFB52}.Release|Any CPU.ActiveCfg = Release|Any CPU
		{6FCD7496-BCFD-4E91-A98C-3B711D3FFB52}.Release|Any CPU.Build.0 = Release|Any CPU
		{6FCD7496-BCFD-4E91-A98C-3B711D3FFB52}.Release|ARM.ActiveCfg = Release|Any CPU
		{6FCD7496-BCFD-4E91-A98C-3B711D3FFB52}.Release|ARM.Build.0 = Release|Any CPU
		{6FCD7496-BCFD-4E91-A98C-3B711D3FFB52}.Release|iPhone.ActiveCfg = Release|Any CPU
		{6FCD7496-BCFD-4E91-A98C-3B711D3FFB52}.Release|iPhone.Build.0 = Release|Any CPU
		{6FCD7496-BCFD-4E91-A98C-3B711D3FFB52}.Release|iPhoneSimulator.ActiveCfg = Release|Any CPU
		{6FCD7496-BCFD-4E91-A98C-3B711D3FFB52}.Release|iPhoneSimulator.Build.0 = Release|Any CPU
		{6FCD7496-BCFD-4E91-A98C-3B711D3FFB52}.Release|x64.ActiveCfg = Release|Any CPU
		{6FCD7496-BCFD-4E91-A98C-3B711D3FFB52}.Release|x64.Build.0 = Release|Any CPU
		{6FCD7496-BCFD-4E91-A98C-3B711D3FFB52}.Release|x86.ActiveCfg = Release|Any CPU
		{6FCD7496-BCFD-4E91-A98C-3B711D3FFB52}.Release|x86.Build.0 = Release|Any CPU
	EndGlobalSection
	GlobalSection(SolutionProperties) = preSolution
		HideSolutionNode = FALSE
	EndGlobalSection
	GlobalSection(NestedProjects) = preSolution
		{FF3F49AB-F60C-40CB-A5F3-6581B4940739} = {82331421-AC44-49DA-861E-090DC7ADEFAE}
		{C9DFF8A9-29E6-4417-A871-FFCA28B7A3E0} = {FF3F49AB-F60C-40CB-A5F3-6581B4940739}
		{01E469FC-DC31-40CB-880A-243FCFB8275B} = {FF3F49AB-F60C-40CB-A5F3-6581B4940739}
		{7360D7C9-8C70-4DBB-92CD-CD9B19D9B210} = {FF3F49AB-F60C-40CB-A5F3-6581B4940739}
		{F8EC60F7-275D-4D92-9370-8092E53052D5} = {C9DFF8A9-29E6-4417-A871-FFCA28B7A3E0}
		{55EF1380-FB6F-4871-B9B5-C5909647472D} = {C9DFF8A9-29E6-4417-A871-FFCA28B7A3E0}
		{920A7FAB-5AD3-467C-AC67-22F29B2456BF} = {C9DFF8A9-29E6-4417-A871-FFCA28B7A3E0}
		{CF4E7E07-9D0F-45AE-ABE8-47F7C3AA1C2D} = {7360D7C9-8C70-4DBB-92CD-CD9B19D9B210}
		{CB589A1B-810D-4DEA-B501-C7E6992CB389} = {FF3F49AB-F60C-40CB-A5F3-6581B4940739}
		{06F2A7BE-BF61-4936-82BF-0752EDA89562} = {C9DFF8A9-29E6-4417-A871-FFCA28B7A3E0}
		{DC8193DB-1035-4E62-AF54-D83C12E7FB02} = {C9DFF8A9-29E6-4417-A871-FFCA28B7A3E0}
		{65CC9EFF-8ABA-4AAA-8E92-58321B3F8C1B} = {01E469FC-DC31-40CB-880A-243FCFB8275B}
		{BF8302E4-F7EB-4F84-A804-DFE4D668C643} = {01E469FC-DC31-40CB-880A-243FCFB8275B}
		{94CCDCC3-2EE1-4523-AA00-3C329426DC52} = {01E469FC-DC31-40CB-880A-243FCFB8275B}
		{B945363D-BEA9-4E16-9700-F37EEABDA29F} = {01E469FC-DC31-40CB-880A-243FCFB8275B}
		{960E9A9B-7290-4DAC-92D3-A70FD173FB0C} = {FF3F49AB-F60C-40CB-A5F3-6581B4940739}
		{08DE62F3-64D3-4112-BE5D-34C26D3A1B47} = {960E9A9B-7290-4DAC-92D3-A70FD173FB0C}
	EndGlobalSection
	GlobalSection(ExtensibilityGlobals) = postSolution
		SolutionGuid = {123F2F54-859B-4440-82A8-EABB73438A37}
	EndGlobalSection
EndGlobal
