
Microsoft Visual Studio Solution File, Format Version 12.00
# Visual Studio 15
VisualStudioVersion = 15.0.26430.15
MinimumVisualStudioVersion = 10.0.40219.1
Project("{2150E333-8FDC-42A3-9474-1A3956D46DE8}") = "src", "src", "{82331421-AC44-49DA-861E-090DC7ADEFAE}"
EndProject
Project("{2150E333-8FDC-42A3-9474-1A3956D46DE8}") = "BuildingBlocks", "BuildingBlocks", "{FF3F49AB-F60C-40CB-A5F3-6581B4940739}"
EndProject
Project("{2150E333-8FDC-42A3-9474-1A3956D46DE8}") = "EventBus", "EventBus", "{C9DFF8A9-29E6-4417-A871-FFCA28B7A3E0}"
EndProject
Project("{2150E333-8FDC-42A3-9474-1A3956D46DE8}") = "HealthChecks", "HealthChecks", "{01E469FC-DC31-40CB-880A-243FCFB8275B}"
EndProject
Project("{2150E333-8FDC-42A3-9474-1A3956D46DE8}") = "Resilience", "Resilience", "{7360D7C9-8C70-4DBB-92CD-CD9B19D9B210}"
EndProject
Project("{9A19103F-16F7-4668-BE54-9A1E7A4F7556}") = "Identity.Api", "src\Identity.Api\Identity.Api.csproj", "{A497F7E6-5132-4763-8B20-795DCA606079}"
EndProject
Project("{9A19103F-16F7-4668-BE54-9A1E7A4F7556}") = "DriveDrop.Api", "src\DriveDrop.Api\DriveDrop.Api.csproj", "{9169B9CD-8EA6-4F6A-A40E-74FF5076EC83}"
EndProject
Project("{9A19103F-16F7-4668-BE54-9A1E7A4F7556}") = "DriveDrop.Web", "src\DriveDrop.Web\DriveDrop.Web\DriveDrop.Web.csproj", "{67AD7E98-CDC6-4E27-B1F3-9B6FD1387F6C}"
EndProject
Project("{9A19103F-16F7-4668-BE54-9A1E7A4F7556}") = "WebStatus", "src\WebStatus\WebStatus.csproj", "{831E8169-38B7-48C0-A020-8F8A756A3FBE}"
EndProject
Project("{9A19103F-16F7-4668-BE54-9A1E7A4F7556}") = "EventBus", "src\BuildingBlocks\EventBus\EventBus\EventBus.csproj", "{F8EC60F7-275D-4D92-9370-8092E53052D5}"
EndProject
Project("{9A19103F-16F7-4668-BE54-9A1E7A4F7556}") = "EventBusRabbitMQ", "src\BuildingBlocks\EventBus\EventBusRabbitMQ\EventBusRabbitMQ.csproj", "{55EF1380-FB6F-4871-B9B5-C5909647472D}"
EndProject
Project("{9A19103F-16F7-4668-BE54-9A1E7A4F7556}") = "IntegrationEventLogEF", "src\BuildingBlocks\EventBus\IntegrationEventLogEF\IntegrationEventLogEF.csproj", "{920A7FAB-5AD3-467C-AC67-22F29B2456BF}"
EndProject
Project("{9A19103F-16F7-4668-BE54-9A1E7A4F7556}") = "Microsoft.Extensions.HealthChecks.SqlServer", "src\BuildingBlocks\HealthChecks\src\Microsoft.Extensions.HealthChecks.SqlServer\Microsoft.Extensions.HealthChecks.SqlServer.csproj", "{6326D86E-1A8F-4215-B59B-FFE3FEF86A87}"
EndProject
Project("{9A19103F-16F7-4668-BE54-9A1E7A4F7556}") = "Microsoft.AspNetCore.HealthChecks", "src\BuildingBlocks\HealthChecks\src\Microsoft.AspNetCore.HealthChecks\Microsoft.AspNetCore.HealthChecks.csproj", "{A2E577BD-45D1-4715-BBCA-E4D2DE1AC483}"
EndProject
Project("{9A19103F-16F7-4668-BE54-9A1E7A4F7556}") = "Microsoft.Extensions.HealthChecks", "src\BuildingBlocks\HealthChecks\src\Microsoft.Extensions.HealthChecks\Microsoft.Extensions.HealthChecks.csproj", "{722A1D0E-C8F0-44B8-A62D-080E523E8A68}"
EndProject
Project("{9A19103F-16F7-4668-BE54-9A1E7A4F7556}") = "Resilience.Http", "src\BuildingBlocks\Resilience\Resilience.Http\Resilience.Http.csproj", "{CF4E7E07-9D0F-45AE-ABE8-47F7C3AA1C2D}"
EndProject
Project("{9A19103F-16F7-4668-BE54-9A1E7A4F7556}") = "DataProtection", "src\BuildingBlocks\DataProtection\DataProtection\DataProtection.csproj", "{CB589A1B-810D-4DEA-B501-C7E6992CB389}"
EndProject
Project("{9A19103F-16F7-4668-BE54-9A1E7A4F7556}") = "ApplicationCore", "src\ApplicationCore\ApplicationCore\ApplicationCore.csproj", "{27F3D3C5-8223-45F6-BC0B-65E7F378AFAD}"
EndProject
Project("{9A19103F-16F7-4668-BE54-9A1E7A4F7556}") = "Infrastructure", "src\Infrastructure\Infrastructure\Infrastructure.csproj", "{28D2C179-D156-425E-8749-7471CD8CB542}"
EndProject
Global
	GlobalSection(SolutionConfigurationPlatforms) = preSolution
		Debug|Any CPU = Debug|Any CPU
		Release|Any CPU = Release|Any CPU
	EndGlobalSection
	GlobalSection(ProjectConfigurationPlatforms) = postSolution
		{A497F7E6-5132-4763-8B20-795DCA606079}.Debug|Any CPU.ActiveCfg = Debug|Any CPU
		{A497F7E6-5132-4763-8B20-795DCA606079}.Debug|Any CPU.Build.0 = Debug|Any CPU
		{A497F7E6-5132-4763-8B20-795DCA606079}.Release|Any CPU.ActiveCfg = Release|Any CPU
		{A497F7E6-5132-4763-8B20-795DCA606079}.Release|Any CPU.Build.0 = Release|Any CPU
		{9169B9CD-8EA6-4F6A-A40E-74FF5076EC83}.Debug|Any CPU.ActiveCfg = Debug|Any CPU
		{9169B9CD-8EA6-4F6A-A40E-74FF5076EC83}.Debug|Any CPU.Build.0 = Debug|Any CPU
		{9169B9CD-8EA6-4F6A-A40E-74FF5076EC83}.Release|Any CPU.ActiveCfg = Release|Any CPU
		{9169B9CD-8EA6-4F6A-A40E-74FF5076EC83}.Release|Any CPU.Build.0 = Release|Any CPU
		{67AD7E98-CDC6-4E27-B1F3-9B6FD1387F6C}.Debug|Any CPU.ActiveCfg = Debug|Any CPU
		{67AD7E98-CDC6-4E27-B1F3-9B6FD1387F6C}.Debug|Any CPU.Build.0 = Debug|Any CPU
		{67AD7E98-CDC6-4E27-B1F3-9B6FD1387F6C}.Release|Any CPU.ActiveCfg = Release|Any CPU
		{67AD7E98-CDC6-4E27-B1F3-9B6FD1387F6C}.Release|Any CPU.Build.0 = Release|Any CPU
		{831E8169-38B7-48C0-A020-8F8A756A3FBE}.Debug|Any CPU.ActiveCfg = Debug|Any CPU
		{831E8169-38B7-48C0-A020-8F8A756A3FBE}.Debug|Any CPU.Build.0 = Debug|Any CPU
		{831E8169-38B7-48C0-A020-8F8A756A3FBE}.Release|Any CPU.ActiveCfg = Release|Any CPU
		{831E8169-38B7-48C0-A020-8F8A756A3FBE}.Release|Any CPU.Build.0 = Release|Any CPU
		{F8EC60F7-275D-4D92-9370-8092E53052D5}.Debug|Any CPU.ActiveCfg = Debug|Any CPU
		{F8EC60F7-275D-4D92-9370-8092E53052D5}.Debug|Any CPU.Build.0 = Debug|Any CPU
		{F8EC60F7-275D-4D92-9370-8092E53052D5}.Release|Any CPU.ActiveCfg = Release|Any CPU
		{F8EC60F7-275D-4D92-9370-8092E53052D5}.Release|Any CPU.Build.0 = Release|Any CPU
		{55EF1380-FB6F-4871-B9B5-C5909647472D}.Debug|Any CPU.ActiveCfg = Debug|Any CPU
		{55EF1380-FB6F-4871-B9B5-C5909647472D}.Debug|Any CPU.Build.0 = Debug|Any CPU
		{55EF1380-FB6F-4871-B9B5-C5909647472D}.Release|Any CPU.ActiveCfg = Release|Any CPU
		{55EF1380-FB6F-4871-B9B5-C5909647472D}.Release|Any CPU.Build.0 = Release|Any CPU
		{920A7FAB-5AD3-467C-AC67-22F29B2456BF}.Debug|Any CPU.ActiveCfg = Debug|Any CPU
		{920A7FAB-5AD3-467C-AC67-22F29B2456BF}.Debug|Any CPU.Build.0 = Debug|Any CPU
		{920A7FAB-5AD3-467C-AC67-22F29B2456BF}.Release|Any CPU.ActiveCfg = Release|Any CPU
		{920A7FAB-5AD3-467C-AC67-22F29B2456BF}.Release|Any CPU.Build.0 = Release|Any CPU
		{6326D86E-1A8F-4215-B59B-FFE3FEF86A87}.Debug|Any CPU.ActiveCfg = Debug|Any CPU
		{6326D86E-1A8F-4215-B59B-FFE3FEF86A87}.Debug|Any CPU.Build.0 = Debug|Any CPU
		{6326D86E-1A8F-4215-B59B-FFE3FEF86A87}.Release|Any CPU.ActiveCfg = Release|Any CPU
		{6326D86E-1A8F-4215-B59B-FFE3FEF86A87}.Release|Any CPU.Build.0 = Release|Any CPU
		{A2E577BD-45D1-4715-BBCA-E4D2DE1AC483}.Debug|Any CPU.ActiveCfg = Debug|Any CPU
		{A2E577BD-45D1-4715-BBCA-E4D2DE1AC483}.Debug|Any CPU.Build.0 = Debug|Any CPU
		{A2E577BD-45D1-4715-BBCA-E4D2DE1AC483}.Release|Any CPU.ActiveCfg = Release|Any CPU
		{A2E577BD-45D1-4715-BBCA-E4D2DE1AC483}.Release|Any CPU.Build.0 = Release|Any CPU
		{722A1D0E-C8F0-44B8-A62D-080E523E8A68}.Debug|Any CPU.ActiveCfg = Debug|Any CPU
		{722A1D0E-C8F0-44B8-A62D-080E523E8A68}.Debug|Any CPU.Build.0 = Debug|Any CPU
		{722A1D0E-C8F0-44B8-A62D-080E523E8A68}.Release|Any CPU.ActiveCfg = Release|Any CPU
		{722A1D0E-C8F0-44B8-A62D-080E523E8A68}.Release|Any CPU.Build.0 = Release|Any CPU
		{CF4E7E07-9D0F-45AE-ABE8-47F7C3AA1C2D}.Debug|Any CPU.ActiveCfg = Debug|Any CPU
		{CF4E7E07-9D0F-45AE-ABE8-47F7C3AA1C2D}.Debug|Any CPU.Build.0 = Debug|Any CPU
		{CF4E7E07-9D0F-45AE-ABE8-47F7C3AA1C2D}.Release|Any CPU.ActiveCfg = Release|Any CPU
		{CF4E7E07-9D0F-45AE-ABE8-47F7C3AA1C2D}.Release|Any CPU.Build.0 = Release|Any CPU
		{CB589A1B-810D-4DEA-B501-C7E6992CB389}.Debug|Any CPU.ActiveCfg = Debug|Any CPU
		{CB589A1B-810D-4DEA-B501-C7E6992CB389}.Debug|Any CPU.Build.0 = Debug|Any CPU
		{CB589A1B-810D-4DEA-B501-C7E6992CB389}.Release|Any CPU.ActiveCfg = Release|Any CPU
		{CB589A1B-810D-4DEA-B501-C7E6992CB389}.Release|Any CPU.Build.0 = Release|Any CPU
		{27F3D3C5-8223-45F6-BC0B-65E7F378AFAD}.Debug|Any CPU.ActiveCfg = Debug|Any CPU
		{27F3D3C5-8223-45F6-BC0B-65E7F378AFAD}.Debug|Any CPU.Build.0 = Debug|Any CPU
		{27F3D3C5-8223-45F6-BC0B-65E7F378AFAD}.Release|Any CPU.ActiveCfg = Release|Any CPU
		{27F3D3C5-8223-45F6-BC0B-65E7F378AFAD}.Release|Any CPU.Build.0 = Release|Any CPU
		{28D2C179-D156-425E-8749-7471CD8CB542}.Debug|Any CPU.ActiveCfg = Debug|Any CPU
		{28D2C179-D156-425E-8749-7471CD8CB542}.Debug|Any CPU.Build.0 = Debug|Any CPU
		{28D2C179-D156-425E-8749-7471CD8CB542}.Release|Any CPU.ActiveCfg = Release|Any CPU
		{28D2C179-D156-425E-8749-7471CD8CB542}.Release|Any CPU.Build.0 = Release|Any CPU
	EndGlobalSection
	GlobalSection(SolutionProperties) = preSolution
		HideSolutionNode = FALSE
	EndGlobalSection
	GlobalSection(NestedProjects) = preSolution
		{FF3F49AB-F60C-40CB-A5F3-6581B4940739} = {82331421-AC44-49DA-861E-090DC7ADEFAE}
		{C9DFF8A9-29E6-4417-A871-FFCA28B7A3E0} = {FF3F49AB-F60C-40CB-A5F3-6581B4940739}
		{01E469FC-DC31-40CB-880A-243FCFB8275B} = {FF3F49AB-F60C-40CB-A5F3-6581B4940739}
		{7360D7C9-8C70-4DBB-92CD-CD9B19D9B210} = {FF3F49AB-F60C-40CB-A5F3-6581B4940739}
		{F8EC60F7-275D-4D92-9370-8092E53052D5} = {C9DFF8A9-29E6-4417-A871-FFCA28B7A3E0}
		{55EF1380-FB6F-4871-B9B5-C5909647472D} = {C9DFF8A9-29E6-4417-A871-FFCA28B7A3E0}
		{920A7FAB-5AD3-467C-AC67-22F29B2456BF} = {C9DFF8A9-29E6-4417-A871-FFCA28B7A3E0}
		{6326D86E-1A8F-4215-B59B-FFE3FEF86A87} = {01E469FC-DC31-40CB-880A-243FCFB8275B}
		{A2E577BD-45D1-4715-BBCA-E4D2DE1AC483} = {01E469FC-DC31-40CB-880A-243FCFB8275B}
		{722A1D0E-C8F0-44B8-A62D-080E523E8A68} = {01E469FC-DC31-40CB-880A-243FCFB8275B}
		{CF4E7E07-9D0F-45AE-ABE8-47F7C3AA1C2D} = {7360D7C9-8C70-4DBB-92CD-CD9B19D9B210}
		{CB589A1B-810D-4DEA-B501-C7E6992CB389} = {FF3F49AB-F60C-40CB-A5F3-6581B4940739}
	EndGlobalSection
EndGlobal
