
Microsoft Visual Studio Solution File, Format Version 12.00
# Visual Studio 15
VisualStudioVersion = 15.0.27130.2027
MinimumVisualStudioVersion = 10.0.40219.1
Project("{2150E333-8FDC-42A3-9474-1A3956D46DE8}") = "Mobile Apps", "Mobile Apps", "{3E9F7263-54BA-4438-98B1-1B57D2EB8D97}"
EndProject
Project("{2150E333-8FDC-42A3-9474-1A3956D46DE8}") = "Shared Code", "Shared Code", "{72AEFA76-994C-4670-918D-0A0EC2425623}"
EndProject
Project("{2150E333-8FDC-42A3-9474-1A3956D46DE8}") = "Targets", "Targets", "{86FCF40D-90CB-4E6C-AE72-70C90ECAF4B5}"
EndProject
Project("{FAE04EC0-301F-11D3-BF4B-00C04F79EFBC}") = "DriveDrop.Core", "Mobile\DriveDrop.Core\DriveDrop.Core\DriveDrop.Core.csproj", "{BA96A12C-4EE3-46C4-BB3F-F811B554CD01}"
EndProject
Project("{FAE04EC0-301F-11D3-BF4B-00C04F79EFBC}") = "DriveDrop.Droid", "Mobile\DriveDrop.Core\DriveDrop.Core.Android\DriveDrop.Droid.csproj", "{085557A2-949A-4620-B703-9676654BD7F7}"
EndProject
Project("{FAE04EC0-301F-11D3-BF4B-00C04F79EFBC}") = "DriveDrop.UWP", "Mobile\DriveDrop.Core\DriveDrop.Core.UWP\DriveDrop.UWP.csproj", "{C3C1E2CF-B1F7-4654-BBDC-50143DB22E0B}"
EndProject
Project("{FAE04EC0-301F-11D3-BF4B-00C04F79EFBC}") = "DriveDrop.iOS", "Mobile\DriveDrop.Core\DriveDrop.Core.iOS\DriveDrop.iOS.csproj", "{3FEEDC09-E4F0-4F7B-AF27-477AE8A0ABC9}"
EndProject
Global
	GlobalSection(SolutionConfigurationPlatforms) = preSolution
		Ad-Hoc|Any CPU = Ad-Hoc|Any CPU
		Ad-Hoc|ARM = Ad-Hoc|ARM
		Ad-Hoc|iPhone = Ad-Hoc|iPhone
		Ad-Hoc|iPhoneSimulator = Ad-Hoc|iPhoneSimulator
		Ad-Hoc|x64 = Ad-Hoc|x64
		Ad-Hoc|x86 = Ad-Hoc|x86
		AppStore|Any CPU = AppStore|Any CPU
		AppStore|ARM = AppStore|ARM
		AppStore|iPhone = AppStore|iPhone
		AppStore|iPhoneSimulator = AppStore|iPhoneSimulator
		AppStore|x64 = AppStore|x64
		AppStore|x86 = AppStore|x86
		Debug|Any CPU = Debug|Any CPU
		Debug|ARM = Debug|ARM
		Debug|iPhone = Debug|iPhone
		Debug|iPhoneSimulator = Debug|iPhoneSimulator
		Debug|x64 = Debug|x64
		Debug|x86 = Debug|x86
		Release|Any CPU = Release|Any CPU
		Release|ARM = Release|ARM
		Release|iPhone = Release|iPhone
		Release|iPhoneSimulator = Release|iPhoneSimulator
		Release|x64 = Release|x64
		Release|x86 = Release|x86
	EndGlobalSection
	GlobalSection(ProjectConfigurationPlatforms) = postSolution
		{BA96A12C-4EE3-46C4-BB3F-F811B554CD01}.Ad-Hoc|Any CPU.ActiveCfg = Release|Any CPU
		{BA96A12C-4EE3-46C4-BB3F-F811B554CD01}.Ad-Hoc|Any CPU.Build.0 = Release|Any CPU
		{BA96A12C-4EE3-46C4-BB3F-F811B554CD01}.Ad-Hoc|ARM.ActiveCfg = Release|Any CPU
		{BA96A12C-4EE3-46C4-BB3F-F811B554CD01}.Ad-Hoc|ARM.Build.0 = Release|Any CPU
		{BA96A12C-4EE3-46C4-BB3F-F811B554CD01}.Ad-Hoc|iPhone.ActiveCfg = Release|Any CPU
		{BA96A12C-4EE3-46C4-BB3F-F811B554CD01}.Ad-Hoc|iPhone.Build.0 = Release|Any CPU
		{BA96A12C-4EE3-46C4-BB3F-F811B554CD01}.Ad-Hoc|iPhoneSimulator.ActiveCfg = Release|Any CPU
		{BA96A12C-4EE3-46C4-BB3F-F811B554CD01}.Ad-Hoc|iPhoneSimulator.Build.0 = Release|Any CPU
		{BA96A12C-4EE3-46C4-BB3F-F811B554CD01}.Ad-Hoc|x64.ActiveCfg = Release|Any CPU
		{BA96A12C-4EE3-46C4-BB3F-F811B554CD01}.Ad-Hoc|x64.Build.0 = Release|Any CPU
		{BA96A12C-4EE3-46C4-BB3F-F811B554CD01}.Ad-Hoc|x86.ActiveCfg = Release|Any CPU
		{BA96A12C-4EE3-46C4-BB3F-F811B554CD01}.Ad-Hoc|x86.Build.0 = Release|Any CPU
		{BA96A12C-4EE3-46C4-BB3F-F811B554CD01}.AppStore|Any CPU.ActiveCfg = Release|Any CPU
		{BA96A12C-4EE3-46C4-BB3F-F811B554CD01}.AppStore|Any CPU.Build.0 = Release|Any CPU
		{BA96A12C-4EE3-46C4-BB3F-F811B554CD01}.AppStore|ARM.ActiveCfg = Release|Any CPU
		{BA96A12C-4EE3-46C4-BB3F-F811B554CD01}.AppStore|ARM.Build.0 = Release|Any CPU
		{BA96A12C-4EE3-46C4-BB3F-F811B554CD01}.AppStore|iPhone.ActiveCfg = Release|Any CPU
		{BA96A12C-4EE3-46C4-BB3F-F811B554CD01}.AppStore|iPhone.Build.0 = Release|Any CPU
		{BA96A12C-4EE3-46C4-BB3F-F811B554CD01}.AppStore|iPhoneSimulator.ActiveCfg = Release|Any CPU
		{BA96A12C-4EE3-46C4-BB3F-F811B554CD01}.AppStore|iPhoneSimulator.Build.0 = Release|Any CPU
		{BA96A12C-4EE3-46C4-BB3F-F811B554CD01}.AppStore|x64.ActiveCfg = Release|Any CPU
		{BA96A12C-4EE3-46C4-BB3F-F811B554CD01}.AppStore|x64.Build.0 = Release|Any CPU
		{BA96A12C-4EE3-46C4-BB3F-F811B554CD01}.AppStore|x86.ActiveCfg = Release|Any CPU
		{BA96A12C-4EE3-46C4-BB3F-F811B554CD01}.AppStore|x86.Build.0 = Release|Any CPU
		{BA96A12C-4EE3-46C4-BB3F-F811B554CD01}.Debug|Any CPU.ActiveCfg = Debug|Any CPU
		{BA96A12C-4EE3-46C4-BB3F-F811B554CD01}.Debug|Any CPU.Build.0 = Debug|Any CPU
		{BA96A12C-4EE3-46C4-BB3F-F811B554CD01}.Debug|ARM.ActiveCfg = Debug|Any CPU
		{BA96A12C-4EE3-46C4-BB3F-F811B554CD01}.Debug|ARM.Build.0 = Debug|Any CPU
		{BA96A12C-4EE3-46C4-BB3F-F811B554CD01}.Debug|iPhone.ActiveCfg = Debug|Any CPU
		{BA96A12C-4EE3-46C4-BB3F-F811B554CD01}.Debug|iPhone.Build.0 = Debug|Any CPU
		{BA96A12C-4EE3-46C4-BB3F-F811B554CD01}.Debug|iPhoneSimulator.ActiveCfg = Debug|Any CPU
		{BA96A12C-4EE3-46C4-BB3F-F811B554CD01}.Debug|iPhoneSimulator.Build.0 = Debug|Any CPU
		{BA96A12C-4EE3-46C4-BB3F-F811B554CD01}.Debug|x64.ActiveCfg = Debug|Any CPU
		{BA96A12C-4EE3-46C4-BB3F-F811B554CD01}.Debug|x64.Build.0 = Debug|Any CPU
		{BA96A12C-4EE3-46C4-BB3F-F811B554CD01}.Debug|x86.ActiveCfg = Debug|Any CPU
		{BA96A12C-4EE3-46C4-BB3F-F811B554CD01}.Debug|x86.Build.0 = Debug|Any CPU
		{BA96A12C-4EE3-46C4-BB3F-F811B554CD01}.Release|Any CPU.ActiveCfg = Release|Any CPU
		{BA96A12C-4EE3-46C4-BB3F-F811B554CD01}.Release|Any CPU.Build.0 = Release|Any CPU
		{BA96A12C-4EE3-46C4-BB3F-F811B554CD01}.Release|ARM.ActiveCfg = Release|Any CPU
		{BA96A12C-4EE3-46C4-BB3F-F811B554CD01}.Release|ARM.Build.0 = Release|Any CPU
		{BA96A12C-4EE3-46C4-BB3F-F811B554CD01}.Release|iPhone.ActiveCfg = Release|Any CPU
		{BA96A12C-4EE3-46C4-BB3F-F811B554CD01}.Release|iPhone.Build.0 = Release|Any CPU
		{BA96A12C-4EE3-46C4-BB3F-F811B554CD01}.Release|iPhoneSimulator.ActiveCfg = Release|Any CPU
		{BA96A12C-4EE3-46C4-BB3F-F811B554CD01}.Release|iPhoneSimulator.Build.0 = Release|Any CPU
		{BA96A12C-4EE3-46C4-BB3F-F811B554CD01}.Release|x64.ActiveCfg = Release|Any CPU
		{BA96A12C-4EE3-46C4-BB3F-F811B554CD01}.Release|x64.Build.0 = Release|Any CPU
		{BA96A12C-4EE3-46C4-BB3F-F811B554CD01}.Release|x86.ActiveCfg = Release|Any CPU
		{BA96A12C-4EE3-46C4-BB3F-F811B554CD01}.Release|x86.Build.0 = Release|Any CPU
		{085557A2-949A-4620-B703-9676654BD7F7}.Ad-Hoc|Any CPU.ActiveCfg = Release|Any CPU
		{085557A2-949A-4620-B703-9676654BD7F7}.Ad-Hoc|Any CPU.Build.0 = Release|Any CPU
		{085557A2-949A-4620-B703-9676654BD7F7}.Ad-Hoc|Any CPU.Deploy.0 = Release|Any CPU
		{085557A2-949A-4620-B703-9676654BD7F7}.Ad-Hoc|ARM.ActiveCfg = Release|Any CPU
		{085557A2-949A-4620-B703-9676654BD7F7}.Ad-Hoc|ARM.Build.0 = Release|Any CPU
		{085557A2-949A-4620-B703-9676654BD7F7}.Ad-Hoc|ARM.Deploy.0 = Release|Any CPU
		{085557A2-949A-4620-B703-9676654BD7F7}.Ad-Hoc|iPhone.ActiveCfg = Release|Any CPU
		{085557A2-949A-4620-B703-9676654BD7F7}.Ad-Hoc|iPhone.Build.0 = Release|Any CPU
		{085557A2-949A-4620-B703-9676654BD7F7}.Ad-Hoc|iPhone.Deploy.0 = Release|Any CPU
		{085557A2-949A-4620-B703-9676654BD7F7}.Ad-Hoc|iPhoneSimulator.ActiveCfg = Release|Any CPU
		{085557A2-949A-4620-B703-9676654BD7F7}.Ad-Hoc|iPhoneSimulator.Build.0 = Release|Any CPU
		{085557A2-949A-4620-B703-9676654BD7F7}.Ad-Hoc|iPhoneSimulator.Deploy.0 = Release|Any CPU
		{085557A2-949A-4620-B703-9676654BD7F7}.Ad-Hoc|x64.ActiveCfg = Release|Any CPU
		{085557A2-949A-4620-B703-9676654BD7F7}.Ad-Hoc|x64.Build.0 = Release|Any CPU
		{085557A2-949A-4620-B703-9676654BD7F7}.Ad-Hoc|x64.Deploy.0 = Release|Any CPU
		{085557A2-949A-4620-B703-9676654BD7F7}.Ad-Hoc|x86.ActiveCfg = Release|Any CPU
		{085557A2-949A-4620-B703-9676654BD7F7}.Ad-Hoc|x86.Build.0 = Release|Any CPU
		{085557A2-949A-4620-B703-9676654BD7F7}.Ad-Hoc|x86.Deploy.0 = Release|Any CPU
		{085557A2-949A-4620-B703-9676654BD7F7}.AppStore|Any CPU.ActiveCfg = Release|Any CPU
		{085557A2-949A-4620-B703-9676654BD7F7}.AppStore|Any CPU.Build.0 = Release|Any CPU
		{085557A2-949A-4620-B703-9676654BD7F7}.AppStore|Any CPU.Deploy.0 = Release|Any CPU
		{085557A2-949A-4620-B703-9676654BD7F7}.AppStore|ARM.ActiveCfg = Release|Any CPU
		{085557A2-949A-4620-B703-9676654BD7F7}.AppStore|ARM.Build.0 = Release|Any CPU
		{085557A2-949A-4620-B703-9676654BD7F7}.AppStore|ARM.Deploy.0 = Release|Any CPU
		{085557A2-949A-4620-B703-9676654BD7F7}.AppStore|iPhone.ActiveCfg = Release|Any CPU
		{085557A2-949A-4620-B703-9676654BD7F7}.AppStore|iPhone.Build.0 = Release|Any CPU
		{085557A2-949A-4620-B703-9676654BD7F7}.AppStore|iPhone.Deploy.0 = Release|Any CPU
		{085557A2-949A-4620-B703-9676654BD7F7}.AppStore|iPhoneSimulator.ActiveCfg = Release|Any CPU
		{085557A2-949A-4620-B703-9676654BD7F7}.AppStore|iPhoneSimulator.Build.0 = Release|Any CPU
		{085557A2-949A-4620-B703-9676654BD7F7}.AppStore|iPhoneSimulator.Deploy.0 = Release|Any CPU
		{085557A2-949A-4620-B703-9676654BD7F7}.AppStore|x64.ActiveCfg = Release|Any CPU
		{085557A2-949A-4620-B703-9676654BD7F7}.AppStore|x64.Build.0 = Release|Any CPU
		{085557A2-949A-4620-B703-9676654BD7F7}.AppStore|x64.Deploy.0 = Release|Any CPU
		{085557A2-949A-4620-B703-9676654BD7F7}.AppStore|x86.ActiveCfg = Release|Any CPU
		{085557A2-949A-4620-B703-9676654BD7F7}.AppStore|x86.Build.0 = Release|Any CPU
		{085557A2-949A-4620-B703-9676654BD7F7}.AppStore|x86.Deploy.0 = Release|Any CPU
		{085557A2-949A-4620-B703-9676654BD7F7}.Debug|Any CPU.ActiveCfg = Debug|Any CPU
		{085557A2-949A-4620-B703-9676654BD7F7}.Debug|Any CPU.Build.0 = Debug|Any CPU
		{085557A2-949A-4620-B703-9676654BD7F7}.Debug|Any CPU.Deploy.0 = Debug|Any CPU
		{085557A2-949A-4620-B703-9676654BD7F7}.Debug|ARM.ActiveCfg = Debug|Any CPU
		{085557A2-949A-4620-B703-9676654BD7F7}.Debug|ARM.Build.0 = Debug|Any CPU
		{085557A2-949A-4620-B703-9676654BD7F7}.Debug|ARM.Deploy.0 = Debug|Any CPU
		{085557A2-949A-4620-B703-9676654BD7F7}.Debug|iPhone.ActiveCfg = Debug|Any CPU
		{085557A2-949A-4620-B703-9676654BD7F7}.Debug|iPhone.Build.0 = Debug|Any CPU
		{085557A2-949A-4620-B703-9676654BD7F7}.Debug|iPhone.Deploy.0 = Debug|Any CPU
		{085557A2-949A-4620-B703-9676654BD7F7}.Debug|iPhoneSimulator.ActiveCfg = Debug|Any CPU
		{085557A2-949A-4620-B703-9676654BD7F7}.Debug|iPhoneSimulator.Build.0 = Debug|Any CPU
		{085557A2-949A-4620-B703-9676654BD7F7}.Debug|iPhoneSimulator.Deploy.0 = Debug|Any CPU
		{085557A2-949A-4620-B703-9676654BD7F7}.Debug|x64.ActiveCfg = Debug|Any CPU
		{085557A2-949A-4620-B703-9676654BD7F7}.Debug|x64.Build.0 = Debug|Any CPU
		{085557A2-949A-4620-B703-9676654BD7F7}.Debug|x64.Deploy.0 = Debug|Any CPU
		{085557A2-949A-4620-B703-9676654BD7F7}.Debug|x86.ActiveCfg = Debug|Any CPU
		{085557A2-949A-4620-B703-9676654BD7F7}.Debug|x86.Build.0 = Debug|Any CPU
		{085557A2-949A-4620-B703-9676654BD7F7}.Debug|x86.Deploy.0 = Debug|Any CPU
		{085557A2-949A-4620-B703-9676654BD7F7}.Release|Any CPU.ActiveCfg = Release|Any CPU
		{085557A2-949A-4620-B703-9676654BD7F7}.Release|Any CPU.Build.0 = Release|Any CPU
		{085557A2-949A-4620-B703-9676654BD7F7}.Release|Any CPU.Deploy.0 = Release|Any CPU
		{085557A2-949A-4620-B703-9676654BD7F7}.Release|ARM.ActiveCfg = Release|Any CPU
		{085557A2-949A-4620-B703-9676654BD7F7}.Release|ARM.Build.0 = Release|Any CPU
		{085557A2-949A-4620-B703-9676654BD7F7}.Release|ARM.Deploy.0 = Release|Any CPU
		{085557A2-949A-4620-B703-9676654BD7F7}.Release|iPhone.ActiveCfg = Release|Any CPU
		{085557A2-949A-4620-B703-9676654BD7F7}.Release|iPhone.Build.0 = Release|Any CPU
		{085557A2-949A-4620-B703-9676654BD7F7}.Release|iPhone.Deploy.0 = Release|Any CPU
		{085557A2-949A-4620-B703-9676654BD7F7}.Release|iPhoneSimulator.ActiveCfg = Release|Any CPU
		{085557A2-949A-4620-B703-9676654BD7F7}.Release|iPhoneSimulator.Build.0 = Release|Any CPU
		{085557A2-949A-4620-B703-9676654BD7F7}.Release|iPhoneSimulator.Deploy.0 = Release|Any CPU
		{085557A2-949A-4620-B703-9676654BD7F7}.Release|x64.ActiveCfg = Release|Any CPU
		{085557A2-949A-4620-B703-9676654BD7F7}.Release|x64.Build.0 = Release|Any CPU
		{085557A2-949A-4620-B703-9676654BD7F7}.Release|x64.Deploy.0 = Release|Any CPU
		{085557A2-949A-4620-B703-9676654BD7F7}.Release|x86.ActiveCfg = Release|Any CPU
		{085557A2-949A-4620-B703-9676654BD7F7}.Release|x86.Build.0 = Release|Any CPU
		{085557A2-949A-4620-B703-9676654BD7F7}.Release|x86.Deploy.0 = Release|Any CPU
		{C3C1E2CF-B1F7-4654-BBDC-50143DB22E0B}.Ad-Hoc|Any CPU.ActiveCfg = Release|x86
		{C3C1E2CF-B1F7-4654-BBDC-50143DB22E0B}.Ad-Hoc|Any CPU.Build.0 = Release|x86
		{C3C1E2CF-B1F7-4654-BBDC-50143DB22E0B}.Ad-Hoc|Any CPU.Deploy.0 = Release|x86
		{C3C1E2CF-B1F7-4654-BBDC-50143DB22E0B}.Ad-Hoc|ARM.ActiveCfg = Release|ARM
		{C3C1E2CF-B1F7-4654-BBDC-50143DB22E0B}.Ad-Hoc|ARM.Build.0 = Release|ARM
		{C3C1E2CF-B1F7-4654-BBDC-50143DB22E0B}.Ad-Hoc|ARM.Deploy.0 = Release|ARM
		{C3C1E2CF-B1F7-4654-BBDC-50143DB22E0B}.Ad-Hoc|iPhone.ActiveCfg = Release|x86
		{C3C1E2CF-B1F7-4654-BBDC-50143DB22E0B}.Ad-Hoc|iPhone.Build.0 = Release|x86
		{C3C1E2CF-B1F7-4654-BBDC-50143DB22E0B}.Ad-Hoc|iPhone.Deploy.0 = Release|x86
		{C3C1E2CF-B1F7-4654-BBDC-50143DB22E0B}.Ad-Hoc|iPhoneSimulator.ActiveCfg = Release|x86
		{C3C1E2CF-B1F7-4654-BBDC-50143DB22E0B}.Ad-Hoc|iPhoneSimulator.Build.0 = Release|x86
		{C3C1E2CF-B1F7-4654-BBDC-50143DB22E0B}.Ad-Hoc|iPhoneSimulator.Deploy.0 = Release|x86
		{C3C1E2CF-B1F7-4654-BBDC-50143DB22E0B}.Ad-Hoc|x64.ActiveCfg = Release|x64
		{C3C1E2CF-B1F7-4654-BBDC-50143DB22E0B}.Ad-Hoc|x64.Build.0 = Release|x64
		{C3C1E2CF-B1F7-4654-BBDC-50143DB22E0B}.Ad-Hoc|x64.Deploy.0 = Release|x64
		{C3C1E2CF-B1F7-4654-BBDC-50143DB22E0B}.Ad-Hoc|x86.ActiveCfg = Release|x86
		{C3C1E2CF-B1F7-4654-BBDC-50143DB22E0B}.Ad-Hoc|x86.Build.0 = Release|x86
		{C3C1E2CF-B1F7-4654-BBDC-50143DB22E0B}.Ad-Hoc|x86.Deploy.0 = Release|x86
		{C3C1E2CF-B1F7-4654-BBDC-50143DB22E0B}.AppStore|Any CPU.ActiveCfg = Release|x86
		{C3C1E2CF-B1F7-4654-BBDC-50143DB22E0B}.AppStore|Any CPU.Build.0 = Release|x86
		{C3C1E2CF-B1F7-4654-BBDC-50143DB22E0B}.AppStore|Any CPU.Deploy.0 = Release|x86
		{C3C1E2CF-B1F7-4654-BBDC-50143DB22E0B}.AppStore|ARM.ActiveCfg = Release|ARM
		{C3C1E2CF-B1F7-4654-BBDC-50143DB22E0B}.AppStore|ARM.Build.0 = Release|ARM
		{C3C1E2CF-B1F7-4654-BBDC-50143DB22E0B}.AppStore|ARM.Deploy.0 = Release|ARM
		{C3C1E2CF-B1F7-4654-BBDC-50143DB22E0B}.AppStore|iPhone.ActiveCfg = Release|x86
		{C3C1E2CF-B1F7-4654-BBDC-50143DB22E0B}.AppStore|iPhone.Build.0 = Release|x86
		{C3C1E2CF-B1F7-4654-BBDC-50143DB22E0B}.AppStore|iPhone.Deploy.0 = Release|x86
		{C3C1E2CF-B1F7-4654-BBDC-50143DB22E0B}.AppStore|iPhoneSimulator.ActiveCfg = Release|x86
		{C3C1E2CF-B1F7-4654-BBDC-50143DB22E0B}.AppStore|iPhoneSimulator.Build.0 = Release|x86
		{C3C1E2CF-B1F7-4654-BBDC-50143DB22E0B}.AppStore|iPhoneSimulator.Deploy.0 = Release|x86
		{C3C1E2CF-B1F7-4654-BBDC-50143DB22E0B}.AppStore|x64.ActiveCfg = Release|x64
		{C3C1E2CF-B1F7-4654-BBDC-50143DB22E0B}.AppStore|x64.Build.0 = Release|x64
		{C3C1E2CF-B1F7-4654-BBDC-50143DB22E0B}.AppStore|x64.Deploy.0 = Release|x64
		{C3C1E2CF-B1F7-4654-BBDC-50143DB22E0B}.AppStore|x86.ActiveCfg = Release|x86
		{C3C1E2CF-B1F7-4654-BBDC-50143DB22E0B}.AppStore|x86.Build.0 = Release|x86
		{C3C1E2CF-B1F7-4654-BBDC-50143DB22E0B}.AppStore|x86.Deploy.0 = Release|x86
		{C3C1E2CF-B1F7-4654-BBDC-50143DB22E0B}.Debug|Any CPU.ActiveCfg = Debug|x86
		{C3C1E2CF-B1F7-4654-BBDC-50143DB22E0B}.Debug|ARM.ActiveCfg = Debug|ARM
		{C3C1E2CF-B1F7-4654-BBDC-50143DB22E0B}.Debug|ARM.Build.0 = Debug|ARM
		{C3C1E2CF-B1F7-4654-BBDC-50143DB22E0B}.Debug|ARM.Deploy.0 = Debug|ARM
		{C3C1E2CF-B1F7-4654-BBDC-50143DB22E0B}.Debug|iPhone.ActiveCfg = Debug|x86
		{C3C1E2CF-B1F7-4654-BBDC-50143DB22E0B}.Debug|iPhoneSimulator.ActiveCfg = Debug|x86
		{C3C1E2CF-B1F7-4654-BBDC-50143DB22E0B}.Debug|x64.ActiveCfg = Debug|x64
		{C3C1E2CF-B1F7-4654-BBDC-50143DB22E0B}.Debug|x64.Build.0 = Debug|x64
		{C3C1E2CF-B1F7-4654-BBDC-50143DB22E0B}.Debug|x64.Deploy.0 = Debug|x64
		{C3C1E2CF-B1F7-4654-BBDC-50143DB22E0B}.Debug|x86.ActiveCfg = Debug|x86
		{C3C1E2CF-B1F7-4654-BBDC-50143DB22E0B}.Debug|x86.Build.0 = Debug|x86
		{C3C1E2CF-B1F7-4654-BBDC-50143DB22E0B}.Debug|x86.Deploy.0 = Debug|x86
		{C3C1E2CF-B1F7-4654-BBDC-50143DB22E0B}.Release|Any CPU.ActiveCfg = Release|x86
		{C3C1E2CF-B1F7-4654-BBDC-50143DB22E0B}.Release|ARM.ActiveCfg = Release|ARM
		{C3C1E2CF-B1F7-4654-BBDC-50143DB22E0B}.Release|ARM.Build.0 = Release|ARM
		{C3C1E2CF-B1F7-4654-BBDC-50143DB22E0B}.Release|ARM.Deploy.0 = Release|ARM
		{C3C1E2CF-B1F7-4654-BBDC-50143DB22E0B}.Release|iPhone.ActiveCfg = Release|x86
		{C3C1E2CF-B1F7-4654-BBDC-50143DB22E0B}.Release|iPhoneSimulator.ActiveCfg = Release|x86
		{C3C1E2CF-B1F7-4654-BBDC-50143DB22E0B}.Release|x64.ActiveCfg = Release|x64
		{C3C1E2CF-B1F7-4654-BBDC-50143DB22E0B}.Release|x64.Build.0 = Release|x64
		{C3C1E2CF-B1F7-4654-BBDC-50143DB22E0B}.Release|x64.Deploy.0 = Release|x64
		{C3C1E2CF-B1F7-4654-BBDC-50143DB22E0B}.Release|x86.ActiveCfg = Release|x86
		{C3C1E2CF-B1F7-4654-BBDC-50143DB22E0B}.Release|x86.Build.0 = Release|x86
		{C3C1E2CF-B1F7-4654-BBDC-50143DB22E0B}.Release|x86.Deploy.0 = Release|x86
		{3FEEDC09-E4F0-4F7B-AF27-477AE8A0ABC9}.Ad-Hoc|Any CPU.ActiveCfg = Ad-Hoc|iPhone
		{3FEEDC09-E4F0-4F7B-AF27-477AE8A0ABC9}.Ad-Hoc|ARM.ActiveCfg = Ad-Hoc|iPhone
		{3FEEDC09-E4F0-4F7B-AF27-477AE8A0ABC9}.Ad-Hoc|iPhone.ActiveCfg = Ad-Hoc|iPhone
		{3FEEDC09-E4F0-4F7B-AF27-477AE8A0ABC9}.Ad-Hoc|iPhone.Build.0 = Ad-Hoc|iPhone
		{3FEEDC09-E4F0-4F7B-AF27-477AE8A0ABC9}.Ad-Hoc|iPhoneSimulator.ActiveCfg = Ad-Hoc|iPhoneSimulator
		{3FEEDC09-E4F0-4F7B-AF27-477AE8A0ABC9}.Ad-Hoc|iPhoneSimulator.Build.0 = Ad-Hoc|iPhoneSimulator
		{3FEEDC09-E4F0-4F7B-AF27-477AE8A0ABC9}.Ad-Hoc|x64.ActiveCfg = Ad-Hoc|iPhone
		{3FEEDC09-E4F0-4F7B-AF27-477AE8A0ABC9}.Ad-Hoc|x86.ActiveCfg = Ad-Hoc|iPhone
		{3FEEDC09-E4F0-4F7B-AF27-477AE8A0ABC9}.AppStore|Any CPU.ActiveCfg = AppStore|iPhone
		{3FEEDC09-E4F0-4F7B-AF27-477AE8A0ABC9}.AppStore|ARM.ActiveCfg = AppStore|iPhone
		{3FEEDC09-E4F0-4F7B-AF27-477AE8A0ABC9}.AppStore|iPhone.ActiveCfg = AppStore|iPhone
		{3FEEDC09-E4F0-4F7B-AF27-477AE8A0ABC9}.AppStore|iPhone.Build.0 = AppStore|iPhone
		{3FEEDC09-E4F0-4F7B-AF27-477AE8A0ABC9}.AppStore|iPhoneSimulator.ActiveCfg = AppStore|iPhoneSimulator
		{3FEEDC09-E4F0-4F7B-AF27-477AE8A0ABC9}.AppStore|iPhoneSimulator.Build.0 = AppStore|iPhoneSimulator
		{3FEEDC09-E4F0-4F7B-AF27-477AE8A0ABC9}.AppStore|x64.ActiveCfg = AppStore|iPhone
		{3FEEDC09-E4F0-4F7B-AF27-477AE8A0ABC9}.AppStore|x86.ActiveCfg = AppStore|iPhone
		{3FEEDC09-E4F0-4F7B-AF27-477AE8A0ABC9}.Debug|Any CPU.ActiveCfg = Debug|iPhone
		{3FEEDC09-E4F0-4F7B-AF27-477AE8A0ABC9}.Debug|ARM.ActiveCfg = Debug|iPhone
		{3FEEDC09-E4F0-4F7B-AF27-477AE8A0ABC9}.Debug|iPhone.ActiveCfg = Debug|iPhone
		{3FEEDC09-E4F0-4F7B-AF27-477AE8A0ABC9}.Debug|iPhone.Build.0 = Debug|iPhone
		{3FEEDC09-E4F0-4F7B-AF27-477AE8A0ABC9}.Debug|iPhoneSimulator.ActiveCfg = Debug|iPhoneSimulator
		{3FEEDC09-E4F0-4F7B-AF27-477AE8A0ABC9}.Debug|iPhoneSimulator.Build.0 = Debug|iPhoneSimulator
		{3FEEDC09-E4F0-4F7B-AF27-477AE8A0ABC9}.Debug|x64.ActiveCfg = Debug|iPhone
		{3FEEDC09-E4F0-4F7B-AF27-477AE8A0ABC9}.Debug|x86.ActiveCfg = Debug|iPhone
		{3FEEDC09-E4F0-4F7B-AF27-477AE8A0ABC9}.Release|Any CPU.ActiveCfg = Release|iPhone
		{3FEEDC09-E4F0-4F7B-AF27-477AE8A0ABC9}.Release|ARM.ActiveCfg = Release|iPhone
		{3FEEDC09-E4F0-4F7B-AF27-477AE8A0ABC9}.Release|iPhone.ActiveCfg = Release|iPhone
		{3FEEDC09-E4F0-4F7B-AF27-477AE8A0ABC9}.Release|iPhone.Build.0 = Release|iPhone
		{3FEEDC09-E4F0-4F7B-AF27-477AE8A0ABC9}.Release|iPhoneSimulator.ActiveCfg = Release|iPhoneSimulator
		{3FEEDC09-E4F0-4F7B-AF27-477AE8A0ABC9}.Release|iPhoneSimulator.Build.0 = Release|iPhoneSimulator
		{3FEEDC09-E4F0-4F7B-AF27-477AE8A0ABC9}.Release|x64.ActiveCfg = Release|iPhone
		{3FEEDC09-E4F0-4F7B-AF27-477AE8A0ABC9}.Release|x86.ActiveCfg = Release|iPhone
	EndGlobalSection
	GlobalSection(SolutionProperties) = preSolution
		HideSolutionNode = FALSE
	EndGlobalSection
	GlobalSection(NestedProjects) = preSolution
		{72AEFA76-994C-4670-918D-0A0EC2425623} = {3E9F7263-54BA-4438-98B1-1B57D2EB8D97}
		{86FCF40D-90CB-4E6C-AE72-70C90ECAF4B5} = {3E9F7263-54BA-4438-98B1-1B57D2EB8D97}
		{BA96A12C-4EE3-46C4-BB3F-F811B554CD01} = {72AEFA76-994C-4670-918D-0A0EC2425623}
		{085557A2-949A-4620-B703-9676654BD7F7} = {86FCF40D-90CB-4E6C-AE72-70C90ECAF4B5}
		{C3C1E2CF-B1F7-4654-BBDC-50143DB22E0B} = {86FCF40D-90CB-4E6C-AE72-70C90ECAF4B5}
		{3FEEDC09-E4F0-4F7B-AF27-477AE8A0ABC9} = {86FCF40D-90CB-4E6C-AE72-70C90ECAF4B5}
	EndGlobalSection
	GlobalSection(ExtensibilityGlobals) = postSolution
		SolutionGuid = {123F2F54-859B-4440-82A8-EABB73438A37}
	EndGlobalSection
EndGlobal
