
Microsoft Visual Studio Solution File, Format Version 12.00
# Visual Studio 15
VisualStudioVersion = 15.0.27130.2024
MinimumVisualStudioVersion = 10.0.40219.1
Project("{9A19103F-16F7-4668-BE54-9A1E7A4F7556}") = "DriveDrop.Bl", "DriveDrop.Bl.csproj", "{789144E5-74F2-49B5-ACC8-845EE0A848F9}"
EndProject
Global
	GlobalSection(SolutionConfigurationPlatforms) = preSolution
		Debug|Any CPU = Debug|Any CPU
		Release|Any CPU = Release|Any CPU
	EndGlobalSection
	GlobalSection(ProjectConfigurationPlatforms) = postSolution
		{789144E5-74F2-49B5-ACC8-845EE0A848F9}.Debug|Any CPU.ActiveCfg = Debug|Any CPU
		{789144E5-74F2-49B5-ACC8-845EE0A848F9}.Debug|Any CPU.Build.0 = Debug|Any CPU
		{789144E5-74F2-49B5-ACC8-845EE0A848F9}.Release|Any CPU.ActiveCfg = Release|Any CPU
		{789144E5-74F2-49B5-ACC8-845EE0A848F9}.Release|Any CPU.Build.0 = Release|Any CPU
	EndGlobalSection
	GlobalSection(SolutionProperties) = preSolution
		HideSolutionNode = FALSE
	EndGlobalSection
	GlobalSection(ExtensibilityGlobals) = postSolution
		SolutionGuid = {A6B5BFF5-C31C-465B-94CD-870228CF30C2}
	EndGlobalSection
EndGlobal
